
Microsoft Visual Studio Solution File, Format Version 12.00
# Visual Studio 14
VisualStudioVersion = 14.0.25420.1
MinimumVisualStudioVersion = 10.0.40219.1
Project("{FAE04EC0-301F-11D3-BF4B-00C04F79EFBC}") = "Visy.Middleware.SLX.Kerry.Schemas", "Visy.Middleware.SLX.Kerry.Schemas\Visy.Middleware.SLX.Kerry.Schemas.btproj", "{8F139095-5976-4BB7-96A8-8368349AA5FB}"
EndProject
Project("{FAE04EC0-301F-11D3-BF4B-00C04F79EFBC}") = "Visy.Middleware.SLX.Kerry.Pipelines", "Visy.Middleware.SLX.Kerry.Pipelines\Visy.Middleware.SLX.Kerry.Pipelines.btproj", "{83E949CD-97B5-4E67-B56C-DE220194EA9E}"
EndProject
Project("{FAE04EC0-301F-11D3-BF4B-00C04F79EFBC}") = "Visy.Middleware.SLX.Kerry.Orchestrations", "Visy.Middleware.SLX.Kerry.Orchestrations\Visy.Middleware.SLX.Kerry.Orchestrations.btproj", "{BD87E8D9-C9C6-435E-8D0F-32CA428B8035}"
EndProject
Project("{FAE04EC0-301F-11D3-BF4B-00C04F79EFBC}") = "Visy.Middleware.SLX.Kerry.Maps", "Visy.Middleware.SLX.Kerry.Maps\Visy.Middleware.SLX.Kerry.Maps.btproj", "{C59A3D7C-D7E1-4E3B-85DA-9881E74EBEDC}"
EndProject
Project("{2150E333-8FDC-42A3-9474-1A3956D46DE8}") = "BindingInfo", "BindingInfo", "{3A3F41FD-19EE-4C4E-AEF6-E97212EC55D5}"
EndProject
Global
	GlobalSection(SolutionConfigurationPlatforms) = preSolution
		Debug|Any CPU = Debug|Any CPU
		Release|Any CPU = Release|Any CPU
	EndGlobalSection
	GlobalSection(ProjectConfigurationPlatforms) = postSolution
		{8F139095-5976-4BB7-96A8-8368349AA5FB}.Debug|Any CPU.ActiveCfg = Debug|Any CPU
		{8F139095-5976-4BB7-96A8-8368349AA5FB}.Debug|Any CPU.Build.0 = Debug|Any CPU
		{8F139095-5976-4BB7-96A8-8368349AA5FB}.Debug|Any CPU.Deploy.0 = Debug|Any CPU
		{8F139095-5976-4BB7-96A8-8368349AA5FB}.Release|Any CPU.ActiveCfg = Release|Any CPU
		{8F139095-5976-4BB7-96A8-8368349AA5FB}.Release|Any CPU.Build.0 = Release|Any CPU
		{8F139095-5976-4BB7-96A8-8368349AA5FB}.Release|Any CPU.Deploy.0 = Release|Any CPU
		{83E949CD-97B5-4E67-B56C-DE220194EA9E}.Debug|Any CPU.ActiveCfg = Debug|Any CPU
		{83E949CD-97B5-4E67-B56C-DE220194EA9E}.Debug|Any CPU.Build.0 = Debug|Any CPU
		{83E949CD-97B5-4E67-B56C-DE220194EA9E}.Debug|Any CPU.Deploy.0 = Debug|Any CPU
		{83E949CD-97B5-4E67-B56C-DE220194EA9E}.Release|Any CPU.ActiveCfg = Release|Any CPU
		{83E949CD-97B5-4E67-B56C-DE220194EA9E}.Release|Any CPU.Build.0 = Release|Any CPU
		{83E949CD-97B5-4E67-B56C-DE220194EA9E}.Release|Any CPU.Deploy.0 = Release|Any CPU
		{BD87E8D9-C9C6-435E-8D0F-32CA428B8035}.Debug|Any CPU.ActiveCfg = Debug|Any CPU
		{BD87E8D9-C9C6-435E-8D0F-32CA428B8035}.Debug|Any CPU.Build.0 = Debug|Any CPU
		{BD87E8D9-C9C6-435E-8D0F-32CA428B8035}.Debug|Any CPU.Deploy.0 = Debug|Any CPU
		{BD87E8D9-C9C6-435E-8D0F-32CA428B8035}.Release|Any CPU.ActiveCfg = Release|Any CPU
		{BD87E8D9-C9C6-435E-8D0F-32CA428B8035}.Release|Any CPU.Build.0 = Release|Any CPU
		{BD87E8D9-C9C6-435E-8D0F-32CA428B8035}.Release|Any CPU.Deploy.0 = Release|Any CPU
		{C59A3D7C-D7E1-4E3B-85DA-9881E74EBEDC}.Debug|Any CPU.ActiveCfg = Debug|Any CPU
		{C59A3D7C-D7E1-4E3B-85DA-9881E74EBEDC}.Debug|Any CPU.Build.0 = Debug|Any CPU
		{C59A3D7C-D7E1-4E3B-85DA-9881E74EBEDC}.Debug|Any CPU.Deploy.0 = Debug|Any CPU
		{C59A3D7C-D7E1-4E3B-85DA-9881E74EBEDC}.Release|Any CPU.ActiveCfg = Release|Any CPU
		{C59A3D7C-D7E1-4E3B-85DA-9881E74EBEDC}.Release|Any CPU.Build.0 = Release|Any CPU
		{C59A3D7C-D7E1-4E3B-85DA-9881E74EBEDC}.Release|Any CPU.Deploy.0 = Release|Any CPU
	EndGlobalSection
	GlobalSection(SolutionProperties) = preSolution
		HideSolutionNode = FALSE
	EndGlobalSection
EndGlobal
