
Microsoft Visual Studio Solution File, Format Version 12.00
# Visual Studio 14
VisualStudioVersion = 14.0.25420.1
MinimumVisualStudioVersion = 10.0.40219.1
Project("{FAE04EC0-301F-11D3-BF4B-00C04F79EFBC}") = "Visy.Middleware.SAP.PDF.Orders.Orchestrations", "Visy.Middleware.SAP.PDF.Orders.Orchestrations\Visy.Middleware.SAP.PDF.Orders.Orchestrations.btproj", "{551C532F-86B8-470B-AC94-CF3DB83BC87F}"
EndProject
Project("{FAE04EC0-301F-11D3-BF4B-00C04F79EFBC}") = "Visy.Middleware.SAP.PDF.Orders.Schemas", "Visy.Middleware.SAP.PDF.Orders.Schemas\Visy.Middleware.SAP.PDF.Orders.Schemas.btproj", "{37D104E0-347A-4D3F-B6D6-17C9C367A653}"
EndProject
Project("{FAE04EC0-301F-11D3-BF4B-00C04F79EFBC}") = "Visy.Middleware.SAP.PDF.Orders.Pipelines", "Visy.Middleware.SAP.PDF.Orders.Pipelines\Visy.Middleware.SAP.PDF.Orders.Pipelines.btproj", "{62D25AA6-6BA2-44BD-891D-60177F1CDD02}"
EndProject
Project("{FAE04EC0-301F-11D3-BF4B-00C04F79EFBC}") = "Visy.Middleware.SAP.PDF.Orders.Components", "Visy.Middleware.SAP.PDF.Orders.Components\Visy.Middleware.SAP.PDF.Orders.Components.csproj", "{9B157C0A-9436-445D-9194-83E8D630F7BF}"
EndProject
Project("{FAE04EC0-301F-11D3-BF4B-00C04F79EFBC}") = "Visy.Middleware.SAP.PDF.Orders.Maps", "Visy.Middleware.SAP.PDF.Orders.Maps\Visy.Middleware.SAP.PDF.Orders.Maps.btproj", "{D58B5D42-EBE1-4456-AF08-D6D10304B93B}"
EndProject
Project("{2150E333-8FDC-42A3-9474-1A3956D46DE8}") = "BindingInfo", "BindingInfo", "{DC9193D6-7B27-49E8-BDCE-E9CD8E688F3A}"
	ProjectSection(SolutionItems) = preProject
		BindingInfo\SAP.PDF.Orders.BindingInfo.Dev.xml = BindingInfo\SAP.PDF.Orders.BindingInfo.Dev.xml
		BindingInfo\SAP.PDF.Orders.BindingInfo.Prod.xml = BindingInfo\SAP.PDF.Orders.BindingInfo.Prod.xml
	EndProjectSection
EndProject
Project("{FAE04EC0-301F-11D3-BF4B-00C04F79EFBC}") = "Visy.Middleware.SAP.PDF.Orders.PipelineComponents", "Visy.Middleware.SAP.PDF.Orders.PipelineComponents\Visy.Middleware.SAP.PDF.Orders.PipelineComponents.btproj", "{82E60602-E8C9-4B53-A267-1BE7951C258E}"
EndProject
Project("{FAE04EC0-301F-11D3-BF4B-00C04F79EFBC}") = "Visy.Middleware.SAP.PDF.Orders.ComponentsTests", "Visy.Middleware.SAP.PDF.Orders.ComponentsTests\Visy.Middleware.SAP.PDF.Orders.ComponentsTests.csproj", "{0651DCA4-39FE-40D3-B9BC-ED8C963A3D9D}"
EndProject
Global
	GlobalSection(SolutionConfigurationPlatforms) = preSolution
		Debug|Any CPU = Debug|Any CPU
		Release|Any CPU = Release|Any CPU
	EndGlobalSection
	GlobalSection(ProjectConfigurationPlatforms) = postSolution
		{551C532F-86B8-470B-AC94-CF3DB83BC87F}.Debug|Any CPU.ActiveCfg = Debug|Any CPU
		{551C532F-86B8-470B-AC94-CF3DB83BC87F}.Debug|Any CPU.Build.0 = Debug|Any CPU
		{551C532F-86B8-470B-AC94-CF3DB83BC87F}.Debug|Any CPU.Deploy.0 = Debug|Any CPU
		{551C532F-86B8-470B-AC94-CF3DB83BC87F}.Release|Any CPU.ActiveCfg = Release|Any CPU
		{551C532F-86B8-470B-AC94-CF3DB83BC87F}.Release|Any CPU.Build.0 = Release|Any CPU
		{551C532F-86B8-470B-AC94-CF3DB83BC87F}.Release|Any CPU.Deploy.0 = Release|Any CPU
		{37D104E0-347A-4D3F-B6D6-17C9C367A653}.Debug|Any CPU.ActiveCfg = Debug|Any CPU
		{37D104E0-347A-4D3F-B6D6-17C9C367A653}.Debug|Any CPU.Build.0 = Debug|Any CPU
		{37D104E0-347A-4D3F-B6D6-17C9C367A653}.Debug|Any CPU.Deploy.0 = Debug|Any CPU
		{37D104E0-347A-4D3F-B6D6-17C9C367A653}.Release|Any CPU.ActiveCfg = Release|Any CPU
		{37D104E0-347A-4D3F-B6D6-17C9C367A653}.Release|Any CPU.Build.0 = Release|Any CPU
		{37D104E0-347A-4D3F-B6D6-17C9C367A653}.Release|Any CPU.Deploy.0 = Release|Any CPU
		{62D25AA6-6BA2-44BD-891D-60177F1CDD02}.Debug|Any CPU.ActiveCfg = Debug|Any CPU
		{62D25AA6-6BA2-44BD-891D-60177F1CDD02}.Debug|Any CPU.Build.0 = Debug|Any CPU
		{62D25AA6-6BA2-44BD-891D-60177F1CDD02}.Debug|Any CPU.Deploy.0 = Debug|Any CPU
		{62D25AA6-6BA2-44BD-891D-60177F1CDD02}.Release|Any CPU.ActiveCfg = Release|Any CPU
		{62D25AA6-6BA2-44BD-891D-60177F1CDD02}.Release|Any CPU.Build.0 = Release|Any CPU
		{62D25AA6-6BA2-44BD-891D-60177F1CDD02}.Release|Any CPU.Deploy.0 = Release|Any CPU
		{9B157C0A-9436-445D-9194-83E8D630F7BF}.Debug|Any CPU.ActiveCfg = Debug|Any CPU
		{9B157C0A-9436-445D-9194-83E8D630F7BF}.Debug|Any CPU.Build.0 = Debug|Any CPU
		{9B157C0A-9436-445D-9194-83E8D630F7BF}.Release|Any CPU.ActiveCfg = Release|Any CPU
		{9B157C0A-9436-445D-9194-83E8D630F7BF}.Release|Any CPU.Build.0 = Release|Any CPU
		{D58B5D42-EBE1-4456-AF08-D6D10304B93B}.Debug|Any CPU.ActiveCfg = Debug|Any CPU
		{D58B5D42-EBE1-4456-AF08-D6D10304B93B}.Debug|Any CPU.Build.0 = Debug|Any CPU
		{D58B5D42-EBE1-4456-AF08-D6D10304B93B}.Debug|Any CPU.Deploy.0 = Debug|Any CPU
		{D58B5D42-EBE1-4456-AF08-D6D10304B93B}.Release|Any CPU.ActiveCfg = Release|Any CPU
		{D58B5D42-EBE1-4456-AF08-D6D10304B93B}.Release|Any CPU.Build.0 = Release|Any CPU
		{D58B5D42-EBE1-4456-AF08-D6D10304B93B}.Release|Any CPU.Deploy.0 = Release|Any CPU
		{82E60602-E8C9-4B53-A267-1BE7951C258E}.Debug|Any CPU.ActiveCfg = Debug|Any CPU
		{82E60602-E8C9-4B53-A267-1BE7951C258E}.Debug|Any CPU.Build.0 = Debug|Any CPU
		{82E60602-E8C9-4B53-A267-1BE7951C258E}.Debug|Any CPU.Deploy.0 = Debug|Any CPU
		{82E60602-E8C9-4B53-A267-1BE7951C258E}.Release|Any CPU.ActiveCfg = Release|Any CPU
		{82E60602-E8C9-4B53-A267-1BE7951C258E}.Release|Any CPU.Build.0 = Release|Any CPU
		{82E60602-E8C9-4B53-A267-1BE7951C258E}.Release|Any CPU.Deploy.0 = Release|Any CPU
		{0651DCA4-39FE-40D3-B9BC-ED8C963A3D9D}.Debug|Any CPU.ActiveCfg = Debug|Any CPU
		{0651DCA4-39FE-40D3-B9BC-ED8C963A3D9D}.Debug|Any CPU.Build.0 = Debug|Any CPU
		{0651DCA4-39FE-40D3-B9BC-ED8C963A3D9D}.Release|Any CPU.ActiveCfg = Release|Any CPU
		{0651DCA4-39FE-40D3-B9BC-ED8C963A3D9D}.Release|Any CPU.Build.0 = Release|Any CPU
	EndGlobalSection
	GlobalSection(SolutionProperties) = preSolution
		HideSolutionNode = FALSE
	EndGlobalSection
EndGlobal
