
Microsoft Visual Studio Solution File, Format Version 12.00
# Visual Studio 14
VisualStudioVersion = 14.0.25420.1
MinimumVisualStudioVersion = 10.0.40219.1
Project("{FAE04EC0-301F-11D3-BF4B-00C04F79EFBC}") = "Visy.Middleware.SAP.Glass.ThingWorx.Schemas", "Visy.Middleware.SAP.Glass.ThingWorx.Schemas\Visy.Middleware.SAP.Glass.ThingWorx.Schemas.btproj", "{F4900828-8A97-416A-ADC0-F90B3300F9BF}"
EndProject
Project("{FAE04EC0-301F-11D3-BF4B-00C04F79EFBC}") = "Visy.Middleware.SAP.Glass.ThingWorx.Maps", "Visy.Middleware.SAP.Glass.ThingWorx.Maps\Visy.Middleware.SAP.Glass.ThingWorx.Maps.btproj", "{DB38E179-F749-42B5-8BBE-DC3FE847571B}"
EndProject
Project("{FAE04EC0-301F-11D3-BF4B-00C04F79EFBC}") = "Visy.Middleware.SAP.Glass.ThingWorx.Orchs", "Visy.Middleware.SAP.Glass.ThingWorx.Orchs\Visy.Middleware.SAP.Glass.ThingWorx.Orchs.btproj", "{854B2FC7-B6FB-411A-95EF-71143A8B4622}"
EndProject
Project("{2150E333-8FDC-42A3-9474-1A3956D46DE8}") = "BindingInfo", "BindingInfo", "{F9D512D4-6F1B-4ED3-BE3D-8ED2898FDB98}"
	ProjectSection(SolutionItems) = preProject
		BindingInfo\SAP.Glass.Thingworx.BindingInfo.UAT.xml = BindingInfo\SAP.Glass.Thingworx.BindingInfo.UAT.xml
	EndProjectSection
EndProject
Project("{FAE04EC0-301F-11D3-BF4B-00C04F79EFBC}") = "Visy.Middleware.SAP.Glass.ThingWorx.Components", "Visy.Middleware.SAP.Glass.ThinkWorx.Components\Visy.Middleware.SAP.Glass.ThingWorx.Components.csproj", "{748B9016-095F-4628-8D5A-073A28E137B7}"
EndProject
Project("{FAE04EC0-301F-11D3-BF4B-00C04F79EFBC}") = "Visy.Middleware.SAP.Glass.ThingWorx.Pipelines", "Visy.Middleware.SAP.Glass.ThingWorx.Pipelines\Visy.Middleware.SAP.Glass.ThingWorx.Pipelines.btproj", "{4367898C-9BE2-49B1-B10F-ADF888598E63}"
EndProject
Global
	GlobalSection(SolutionConfigurationPlatforms) = preSolution
		Debug|Any CPU = Debug|Any CPU
		Release|Any CPU = Release|Any CPU
	EndGlobalSection
	GlobalSection(ProjectConfigurationPlatforms) = postSolution
		{F4900828-8A97-416A-ADC0-F90B3300F9BF}.Debug|Any CPU.ActiveCfg = Debug|Any CPU
		{F4900828-8A97-416A-ADC0-F90B3300F9BF}.Debug|Any CPU.Build.0 = Debug|Any CPU
		{F4900828-8A97-416A-ADC0-F90B3300F9BF}.Debug|Any CPU.Deploy.0 = Debug|Any CPU
		{F4900828-8A97-416A-ADC0-F90B3300F9BF}.Release|Any CPU.ActiveCfg = Release|Any CPU
		{F4900828-8A97-416A-ADC0-F90B3300F9BF}.Release|Any CPU.Build.0 = Release|Any CPU
		{F4900828-8A97-416A-ADC0-F90B3300F9BF}.Release|Any CPU.Deploy.0 = Release|Any CPU
		{DB38E179-F749-42B5-8BBE-DC3FE847571B}.Debug|Any CPU.ActiveCfg = Debug|Any CPU
		{DB38E179-F749-42B5-8BBE-DC3FE847571B}.Debug|Any CPU.Build.0 = Debug|Any CPU
		{DB38E179-F749-42B5-8BBE-DC3FE847571B}.Debug|Any CPU.Deploy.0 = Debug|Any CPU
		{DB38E179-F749-42B5-8BBE-DC3FE847571B}.Release|Any CPU.ActiveCfg = Release|Any CPU
		{DB38E179-F749-42B5-8BBE-DC3FE847571B}.Release|Any CPU.Build.0 = Release|Any CPU
		{DB38E179-F749-42B5-8BBE-DC3FE847571B}.Release|Any CPU.Deploy.0 = Release|Any CPU
		{854B2FC7-B6FB-411A-95EF-71143A8B4622}.Debug|Any CPU.ActiveCfg = Debug|Any CPU
		{854B2FC7-B6FB-411A-95EF-71143A8B4622}.Debug|Any CPU.Build.0 = Debug|Any CPU
		{854B2FC7-B6FB-411A-95EF-71143A8B4622}.Debug|Any CPU.Deploy.0 = Debug|Any CPU
		{854B2FC7-B6FB-411A-95EF-71143A8B4622}.Release|Any CPU.ActiveCfg = Release|Any CPU
		{854B2FC7-B6FB-411A-95EF-71143A8B4622}.Release|Any CPU.Build.0 = Release|Any CPU
		{854B2FC7-B6FB-411A-95EF-71143A8B4622}.Release|Any CPU.Deploy.0 = Release|Any CPU
		{748B9016-095F-4628-8D5A-073A28E137B7}.Debug|Any CPU.ActiveCfg = Debug|Any CPU
		{748B9016-095F-4628-8D5A-073A28E137B7}.Debug|Any CPU.Build.0 = Debug|Any CPU
		{748B9016-095F-4628-8D5A-073A28E137B7}.Release|Any CPU.ActiveCfg = Release|Any CPU
		{748B9016-095F-4628-8D5A-073A28E137B7}.Release|Any CPU.Build.0 = Release|Any CPU
		{4367898C-9BE2-49B1-B10F-ADF888598E63}.Debug|Any CPU.ActiveCfg = Debug|Any CPU
		{4367898C-9BE2-49B1-B10F-ADF888598E63}.Debug|Any CPU.Build.0 = Debug|Any CPU
		{4367898C-9BE2-49B1-B10F-ADF888598E63}.Debug|Any CPU.Deploy.0 = Debug|Any CPU
		{4367898C-9BE2-49B1-B10F-ADF888598E63}.Release|Any CPU.ActiveCfg = Release|Any CPU
		{4367898C-9BE2-49B1-B10F-ADF888598E63}.Release|Any CPU.Build.0 = Release|Any CPU
		{4367898C-9BE2-49B1-B10F-ADF888598E63}.Release|Any CPU.Deploy.0 = Release|Any CPU
	EndGlobalSection
	GlobalSection(SolutionProperties) = preSolution
		HideSolutionNode = FALSE
	EndGlobalSection
EndGlobal
