
Microsoft Visual Studio Solution File, Format Version 12.00
# Visual Studio 14
VisualStudioVersion = 14.0.25420.1
MinimumVisualStudioVersion = 10.0.40219.1
Project("{FAE04EC0-301F-11D3-BF4B-00C04F79EFBC}") = "Visy.Middleware.Administration.Web", "Visy.Middleware.Administration.Web\Visy.Middleware.Administration.Web.csproj", "{D5E2CC31-B0DA-4B6D-8FB5-8C20790A8027}"
EndProject
Project("{FAE04EC0-301F-11D3-BF4B-00C04F79EFBC}") = "Visy.Middleware.Administration.Data", "Visy.Middleware.Administration.Data\Visy.Middleware.Administration.Data.csproj", "{AAD3565E-AEE8-406D-86B9-FD00D05303A3}"
EndProject
Global
	GlobalSection(SolutionConfigurationPlatforms) = preSolution
		Debug|Any CPU = Debug|Any CPU
		Production|Any CPU = Production|Any CPU
		Release|Any CPU = Release|Any CPU
		UAT|Any CPU = UAT|Any CPU
	EndGlobalSection
	GlobalSection(ProjectConfigurationPlatforms) = postSolution
		{D5E2CC31-B0DA-4B6D-8FB5-8C20790A8027}.Debug|Any CPU.ActiveCfg = Debug|Any CPU
		{D5E2CC31-B0DA-4B6D-8FB5-8C20790A8027}.Debug|Any CPU.Build.0 = Debug|Any CPU
		{D5E2CC31-B0DA-4B6D-8FB5-8C20790A8027}.Production|Any CPU.ActiveCfg = Production|Any CPU
		{D5E2CC31-B0DA-4B6D-8FB5-8C20790A8027}.Production|Any CPU.Build.0 = Production|Any CPU
		{D5E2CC31-B0DA-4B6D-8FB5-8C20790A8027}.Release|Any CPU.ActiveCfg = Release|Any CPU
		{D5E2CC31-B0DA-4B6D-8FB5-8C20790A8027}.Release|Any CPU.Build.0 = Release|Any CPU
		{D5E2CC31-B0DA-4B6D-8FB5-8C20790A8027}.UAT|Any CPU.ActiveCfg = UAT|Any CPU
		{D5E2CC31-B0DA-4B6D-8FB5-8C20790A8027}.UAT|Any CPU.Build.0 = UAT|Any CPU
		{AAD3565E-AEE8-406D-86B9-FD00D05303A3}.Debug|Any CPU.ActiveCfg = Debug|Any CPU
		{AAD3565E-AEE8-406D-86B9-FD00D05303A3}.Debug|Any CPU.Build.0 = Debug|Any CPU
		{AAD3565E-AEE8-406D-86B9-FD00D05303A3}.Production|Any CPU.ActiveCfg = Production|Any CPU
		{AAD3565E-AEE8-406D-86B9-FD00D05303A3}.Production|Any CPU.Build.0 = Production|Any CPU
		{AAD3565E-AEE8-406D-86B9-FD00D05303A3}.Release|Any CPU.ActiveCfg = Release|Any CPU
		{AAD3565E-AEE8-406D-86B9-FD00D05303A3}.Release|Any CPU.Build.0 = Release|Any CPU
		{AAD3565E-AEE8-406D-86B9-FD00D05303A3}.UAT|Any CPU.ActiveCfg = UAT|Any CPU
		{AAD3565E-AEE8-406D-86B9-FD00D05303A3}.UAT|Any CPU.Build.0 = UAT|Any CPU
	EndGlobalSection
	GlobalSection(SolutionProperties) = preSolution
		HideSolutionNode = FALSE
	EndGlobalSection
EndGlobal
