
Microsoft Visual Studio Solution File, Format Version 12.00
# Visual Studio 14
VisualStudioVersion = 14.0.25420.1
MinimumVisualStudioVersion = 10.0.40219.1
Project("{FAE04EC0-301F-11D3-BF4B-00C04F79EFBC}") = "Visy.Middleware.LGX.Tradeshift.Invoice.Schemas", "Visy.Middleware.LGX.Tradeshift.Invoice.Schemas\Visy.Middleware.LGX.Tradeshift.Invoice.Schemas.btproj", "{636236D9-863D-4E8A-ADBB-D93789A18AA5}"
EndProject
Project("{FAE04EC0-301F-11D3-BF4B-00C04F79EFBC}") = "Visy.Middleware.LGX.Tradeshift.Invoice.Maps", "Visy.Middleware.LGX.Tradeshift.Invoice.Maps\Visy.Middleware.LGX.Tradeshift.Invoice.Maps.btproj", "{51FCC4F1-8232-4F85-B879-702137C37F8C}"
EndProject
Project("{2150E333-8FDC-42A3-9474-1A3956D46DE8}") = "BindingInfo", "BindingInfo", "{8F426ED0-F301-4B74-B5AC-63926A4FB382}"
EndProject
Project("{FAE04EC0-301F-11D3-BF4B-00C04F79EFBC}") = "Visy.Middleware.LGX.Tradeshift.Invoice.Pipelines", "Visy.Middleware.LGX.Tradeshift.Invoice.Pipelines\Visy.Middleware.LGX.Tradeshift.Invoice.Pipelines.btproj", "{7F69587F-8D9E-4D97-B143-8AC44FD7EB4B}"
EndProject
Global
	GlobalSection(SolutionConfigurationPlatforms) = preSolution
		Debug|Any CPU = Debug|Any CPU
		Release|Any CPU = Release|Any CPU
	EndGlobalSection
	GlobalSection(ProjectConfigurationPlatforms) = postSolution
		{636236D9-863D-4E8A-ADBB-D93789A18AA5}.Debug|Any CPU.ActiveCfg = Debug|Any CPU
		{636236D9-863D-4E8A-ADBB-D93789A18AA5}.Debug|Any CPU.Build.0 = Debug|Any CPU
		{636236D9-863D-4E8A-ADBB-D93789A18AA5}.Debug|Any CPU.Deploy.0 = Debug|Any CPU
		{636236D9-863D-4E8A-ADBB-D93789A18AA5}.Release|Any CPU.ActiveCfg = Release|Any CPU
		{636236D9-863D-4E8A-ADBB-D93789A18AA5}.Release|Any CPU.Build.0 = Release|Any CPU
		{636236D9-863D-4E8A-ADBB-D93789A18AA5}.Release|Any CPU.Deploy.0 = Release|Any CPU
		{51FCC4F1-8232-4F85-B879-702137C37F8C}.Debug|Any CPU.ActiveCfg = Debug|Any CPU
		{51FCC4F1-8232-4F85-B879-702137C37F8C}.Debug|Any CPU.Build.0 = Debug|Any CPU
		{51FCC4F1-8232-4F85-B879-702137C37F8C}.Debug|Any CPU.Deploy.0 = Debug|Any CPU
		{51FCC4F1-8232-4F85-B879-702137C37F8C}.Release|Any CPU.ActiveCfg = Release|Any CPU
		{51FCC4F1-8232-4F85-B879-702137C37F8C}.Release|Any CPU.Build.0 = Release|Any CPU
		{51FCC4F1-8232-4F85-B879-702137C37F8C}.Release|Any CPU.Deploy.0 = Release|Any CPU
		{7F69587F-8D9E-4D97-B143-8AC44FD7EB4B}.Debug|Any CPU.ActiveCfg = Debug|Any CPU
		{7F69587F-8D9E-4D97-B143-8AC44FD7EB4B}.Debug|Any CPU.Build.0 = Debug|Any CPU
		{7F69587F-8D9E-4D97-B143-8AC44FD7EB4B}.Debug|Any CPU.Deploy.0 = Debug|Any CPU
		{7F69587F-8D9E-4D97-B143-8AC44FD7EB4B}.Release|Any CPU.ActiveCfg = Release|Any CPU
		{7F69587F-8D9E-4D97-B143-8AC44FD7EB4B}.Release|Any CPU.Build.0 = Release|Any CPU
		{7F69587F-8D9E-4D97-B143-8AC44FD7EB4B}.Release|Any CPU.Deploy.0 = Release|Any CPU
	EndGlobalSection
	GlobalSection(SolutionProperties) = preSolution
		HideSolutionNode = FALSE
	EndGlobalSection
EndGlobal
