
Microsoft Visual Studio Solution File, Format Version 12.00
# Visual Studio 14
VisualStudioVersion = 14.0.25420.1
MinimumVisualStudioVersion = 10.0.40219.1
Project("{FAE04EC0-301F-11D3-BF4B-00C04F79EFBC}") = "Visy.Middleware.LGX.FoxConn.Orchestrations", "Visy.Middleware.LGX.FoxConn.Orchestrations\Visy.Middleware.LGX.FoxConn.Orchestrations.btproj", "{856DE7D0-F414-4C9C-952A-22CC5F9A050E}"
EndProject
Project("{FAE04EC0-301F-11D3-BF4B-00C04F79EFBC}") = "Visy.Middleware.LGX.FoxConn.Schemas", "Visy.Middleware.LGX.FoxConn.Schemas\Visy.Middleware.LGX.FoxConn.Schemas.btproj", "{9E9618D4-BD03-4CF6-9B22-9D6C1145358F}"
EndProject
Project("{FAE04EC0-301F-11D3-BF4B-00C04F79EFBC}") = "Visy.Middleware.LGX.FoxConn.Maps", "Visy.Middleware.LGX.FoxConn.Maps\Visy.Middleware.LGX.FoxConn.Maps.btproj", "{938612D4-B86B-4110-A921-8AD258FC9D94}"
EndProject
Project("{2150E333-8FDC-42A3-9474-1A3956D46DE8}") = "BindingInfo", "BindingInfo", "{D472F804-31D3-4A7E-B3B6-750BCA0076C5}"
	ProjectSection(SolutionItems) = preProject
		BindingInfo\LGX.FoxConn.BindingInfo.Dev.xml = BindingInfo\LGX.FoxConn.BindingInfo.Dev.xml
		BindingInfo\LGX.FoxConn.BindingInfo.Prod.xml = BindingInfo\LGX.FoxConn.BindingInfo.Prod.xml
		BindingInfo\LGX.FoxConn.TradingParties.BindingInfo.Dev.xml = BindingInfo\LGX.FoxConn.TradingParties.BindingInfo.Dev.xml
		\\wssmsinpprint01\SGFolderRedirection$\bangged\Documents\LGX.FoxConn.TradingParties.BindingInfo.Prod.xml = \\wssmsinpprint01\SGFolderRedirection$\bangged\Documents\LGX.FoxConn.TradingParties.BindingInfo.Prod.xml
	EndProjectSection
EndProject
Project("{FAE04EC0-301F-11D3-BF4B-00C04F79EFBC}") = "Visy.Middleware.LGX.FoxConn.Pipelines", "Visy.Middleware.LGX.FoxConn.Pipelines\Visy.Middleware.LGX.FoxConn.Pipelines.btproj", "{74ED39B3-CC72-4512-9346-98CE8153D70B}"
EndProject
Global
	GlobalSection(SolutionConfigurationPlatforms) = preSolution
		Debug|Any CPU = Debug|Any CPU
		Release|Any CPU = Release|Any CPU
	EndGlobalSection
	GlobalSection(ProjectConfigurationPlatforms) = postSolution
		{856DE7D0-F414-4C9C-952A-22CC5F9A050E}.Debug|Any CPU.ActiveCfg = Debug|Any CPU
		{856DE7D0-F414-4C9C-952A-22CC5F9A050E}.Debug|Any CPU.Build.0 = Debug|Any CPU
		{856DE7D0-F414-4C9C-952A-22CC5F9A050E}.Debug|Any CPU.Deploy.0 = Debug|Any CPU
		{856DE7D0-F414-4C9C-952A-22CC5F9A050E}.Release|Any CPU.ActiveCfg = Release|Any CPU
		{856DE7D0-F414-4C9C-952A-22CC5F9A050E}.Release|Any CPU.Build.0 = Release|Any CPU
		{856DE7D0-F414-4C9C-952A-22CC5F9A050E}.Release|Any CPU.Deploy.0 = Release|Any CPU
		{9E9618D4-BD03-4CF6-9B22-9D6C1145358F}.Debug|Any CPU.ActiveCfg = Debug|Any CPU
		{9E9618D4-BD03-4CF6-9B22-9D6C1145358F}.Debug|Any CPU.Build.0 = Debug|Any CPU
		{9E9618D4-BD03-4CF6-9B22-9D6C1145358F}.Debug|Any CPU.Deploy.0 = Debug|Any CPU
		{9E9618D4-BD03-4CF6-9B22-9D6C1145358F}.Release|Any CPU.ActiveCfg = Release|Any CPU
		{9E9618D4-BD03-4CF6-9B22-9D6C1145358F}.Release|Any CPU.Build.0 = Release|Any CPU
		{9E9618D4-BD03-4CF6-9B22-9D6C1145358F}.Release|Any CPU.Deploy.0 = Release|Any CPU
		{938612D4-B86B-4110-A921-8AD258FC9D94}.Debug|Any CPU.ActiveCfg = Debug|Any CPU
		{938612D4-B86B-4110-A921-8AD258FC9D94}.Debug|Any CPU.Build.0 = Debug|Any CPU
		{938612D4-B86B-4110-A921-8AD258FC9D94}.Debug|Any CPU.Deploy.0 = Debug|Any CPU
		{938612D4-B86B-4110-A921-8AD258FC9D94}.Release|Any CPU.ActiveCfg = Release|Any CPU
		{938612D4-B86B-4110-A921-8AD258FC9D94}.Release|Any CPU.Build.0 = Release|Any CPU
		{938612D4-B86B-4110-A921-8AD258FC9D94}.Release|Any CPU.Deploy.0 = Release|Any CPU
		{74ED39B3-CC72-4512-9346-98CE8153D70B}.Debug|Any CPU.ActiveCfg = Debug|Any CPU
		{74ED39B3-CC72-4512-9346-98CE8153D70B}.Debug|Any CPU.Build.0 = Debug|Any CPU
		{74ED39B3-CC72-4512-9346-98CE8153D70B}.Debug|Any CPU.Deploy.0 = Debug|Any CPU
		{74ED39B3-CC72-4512-9346-98CE8153D70B}.Release|Any CPU.ActiveCfg = Release|Any CPU
		{74ED39B3-CC72-4512-9346-98CE8153D70B}.Release|Any CPU.Build.0 = Release|Any CPU
		{74ED39B3-CC72-4512-9346-98CE8153D70B}.Release|Any CPU.Deploy.0 = Release|Any CPU
	EndGlobalSection
	GlobalSection(SolutionProperties) = preSolution
		HideSolutionNode = FALSE
	EndGlobalSection
EndGlobal
