
Microsoft Visual Studio Solution File, Format Version 12.00
# Visual Studio 14
VisualStudioVersion = 14.0.25420.1
MinimumVisualStudioVersion = 10.0.40219.1
Project("{FAE04EC0-301F-11D3-BF4B-00C04F79EFBC}") = "Visy.Middleware.SAP.LionNathan.Schemas", "Visy.Middleware.SAP.LionNathan.Schemas\Visy.Middleware.SAP.LionNathan.Schemas.btproj", "{629DAE40-D63C-4113-A7E4-2DFF152EDCE6}"
EndProject
Project("{FAE04EC0-301F-11D3-BF4B-00C04F79EFBC}") = "Visy.Middleware.SAP.LionNathan.Pipelines", "Visy.Middleware.SAP.LionNathan.Pipelines\Visy.Middleware.SAP.LionNathan.Pipelines.btproj", "{E0C56331-11A3-4F31-87EB-B920A66D2D79}"
EndProject
Project("{FAE04EC0-301F-11D3-BF4B-00C04F79EFBC}") = "Visy.Middleware.SAP.LionNathan.Orchestrations", "Visy.Middleware.SAP.LionNathan.Orchestrations\Visy.Middleware.SAP.LionNathan.Orchestrations.btproj", "{60AE8764-3DD1-4DAF-ABD7-DB06839C71BF}"
EndProject
Project("{FAE04EC0-301F-11D3-BF4B-00C04F79EFBC}") = "Visy.Middleware.SAP.LionNathan.Maps", "Visy.Middleware.SAP.LionNathan.Maps\Visy.Middleware.SAP.LionNathan.Maps.btproj", "{D6F8E0B1-B3B7-41B8-BFF6-DAD35B5E1F56}"
EndProject
Project("{2150E333-8FDC-42A3-9474-1A3956D46DE8}") = "BindingInfo", "BindingInfo", "{3689227C-2265-4199-9B1D-D39C3A533030}"
	ProjectSection(SolutionItems) = preProject
		BindingInfo\SAP.LionNathan.BindingInfo.Dev.xml = BindingInfo\SAP.LionNathan.BindingInfo.Dev.xml
		BindingInfo\SAP.LionNathan.BindingInfo.Prod.xml = BindingInfo\SAP.LionNathan.BindingInfo.Prod.xml
		BindingInfo\SAP.LionNathan.Parties.BindingInfo.Dev.xml = BindingInfo\SAP.LionNathan.Parties.BindingInfo.Dev.xml
	EndProjectSection
EndProject
Global
	GlobalSection(SolutionConfigurationPlatforms) = preSolution
		Debug|Any CPU = Debug|Any CPU
		Release|Any CPU = Release|Any CPU
	EndGlobalSection
	GlobalSection(ProjectConfigurationPlatforms) = postSolution
		{629DAE40-D63C-4113-A7E4-2DFF152EDCE6}.Debug|Any CPU.ActiveCfg = Debug|Any CPU
		{629DAE40-D63C-4113-A7E4-2DFF152EDCE6}.Debug|Any CPU.Build.0 = Debug|Any CPU
		{629DAE40-D63C-4113-A7E4-2DFF152EDCE6}.Debug|Any CPU.Deploy.0 = Debug|Any CPU
		{629DAE40-D63C-4113-A7E4-2DFF152EDCE6}.Release|Any CPU.ActiveCfg = Release|Any CPU
		{629DAE40-D63C-4113-A7E4-2DFF152EDCE6}.Release|Any CPU.Build.0 = Release|Any CPU
		{629DAE40-D63C-4113-A7E4-2DFF152EDCE6}.Release|Any CPU.Deploy.0 = Release|Any CPU
		{E0C56331-11A3-4F31-87EB-B920A66D2D79}.Debug|Any CPU.ActiveCfg = Debug|Any CPU
		{E0C56331-11A3-4F31-87EB-B920A66D2D79}.Debug|Any CPU.Build.0 = Debug|Any CPU
		{E0C56331-11A3-4F31-87EB-B920A66D2D79}.Debug|Any CPU.Deploy.0 = Debug|Any CPU
		{E0C56331-11A3-4F31-87EB-B920A66D2D79}.Release|Any CPU.ActiveCfg = Release|Any CPU
		{E0C56331-11A3-4F31-87EB-B920A66D2D79}.Release|Any CPU.Build.0 = Release|Any CPU
		{E0C56331-11A3-4F31-87EB-B920A66D2D79}.Release|Any CPU.Deploy.0 = Release|Any CPU
		{60AE8764-3DD1-4DAF-ABD7-DB06839C71BF}.Debug|Any CPU.ActiveCfg = Debug|Any CPU
		{60AE8764-3DD1-4DAF-ABD7-DB06839C71BF}.Debug|Any CPU.Build.0 = Debug|Any CPU
		{60AE8764-3DD1-4DAF-ABD7-DB06839C71BF}.Debug|Any CPU.Deploy.0 = Debug|Any CPU
		{60AE8764-3DD1-4DAF-ABD7-DB06839C71BF}.Release|Any CPU.ActiveCfg = Release|Any CPU
		{60AE8764-3DD1-4DAF-ABD7-DB06839C71BF}.Release|Any CPU.Build.0 = Release|Any CPU
		{60AE8764-3DD1-4DAF-ABD7-DB06839C71BF}.Release|Any CPU.Deploy.0 = Release|Any CPU
		{D6F8E0B1-B3B7-41B8-BFF6-DAD35B5E1F56}.Debug|Any CPU.ActiveCfg = Debug|Any CPU
		{D6F8E0B1-B3B7-41B8-BFF6-DAD35B5E1F56}.Debug|Any CPU.Build.0 = Debug|Any CPU
		{D6F8E0B1-B3B7-41B8-BFF6-DAD35B5E1F56}.Debug|Any CPU.Deploy.0 = Debug|Any CPU
		{D6F8E0B1-B3B7-41B8-BFF6-DAD35B5E1F56}.Release|Any CPU.ActiveCfg = Release|Any CPU
		{D6F8E0B1-B3B7-41B8-BFF6-DAD35B5E1F56}.Release|Any CPU.Build.0 = Release|Any CPU
		{D6F8E0B1-B3B7-41B8-BFF6-DAD35B5E1F56}.Release|Any CPU.Deploy.0 = Release|Any CPU
	EndGlobalSection
	GlobalSection(SolutionProperties) = preSolution
		HideSolutionNode = FALSE
	EndGlobalSection
EndGlobal
