
Microsoft Visual Studio Solution File, Format Version 12.00
# Visual Studio 14
VisualStudioVersion = 14.0.25420.1
MinimumVisualStudioVersion = 10.0.40219.1
Project("{FAE04EC0-301F-11D3-BF4B-00C04F79EFBC}") = "Visy.Middleware.SAP.Common.Listener.Pipelines", "Visy.Middleware.SAP.Common.Listener.Pipelines\Visy.Middleware.SAP.Common.Listener.Pipelines.btproj", "{BC85F575-E058-4EF1-A359-AA40D891BAF3}"
EndProject
Project("{FAE04EC0-301F-11D3-BF4B-00C04F79EFBC}") = "Visy.Middleware.SAP.Common.Listener.Schemas", "Visy.Middleware.SAP.Common.Listener.Schemas\Visy.Middleware.SAP.Common.Listener.Schemas.btproj", "{E47BA7BF-0DDB-4C58-AD1A-ED6896809391}"
EndProject
Project("{FAE04EC0-301F-11D3-BF4B-00C04F79EFBC}") = "Visy.Middleware.SAP.Common.Listener.Orchestrations", "Visy.Middleware.SAP.Common.Listener.Orchestrations\Visy.Middleware.SAP.Common.Listener.Orchestrations.btproj", "{437EC444-0B07-488D-9B4D-635873774F9A}"
EndProject
Project("{2150E333-8FDC-42A3-9474-1A3956D46DE8}") = "BindingInfo", "BindingInfo", "{05479802-9580-45B8-9774-EA81CE5D3B2E}"
	ProjectSection(SolutionItems) = preProject
		BindingInfo\SAP.Common.Listener.BindingInfo.Dev.xml = BindingInfo\SAP.Common.Listener.BindingInfo.Dev.xml
		BindingInfo\SAP.Common.Listener.BindingInfo.Prod.xml = BindingInfo\SAP.Common.Listener.BindingInfo.Prod.xml
	EndProjectSection
EndProject
Global
	GlobalSection(SolutionConfigurationPlatforms) = preSolution
		Debug|Any CPU = Debug|Any CPU
		Release|Any CPU = Release|Any CPU
	EndGlobalSection
	GlobalSection(ProjectConfigurationPlatforms) = postSolution
		{BC85F575-E058-4EF1-A359-AA40D891BAF3}.Debug|Any CPU.ActiveCfg = Debug|Any CPU
		{BC85F575-E058-4EF1-A359-AA40D891BAF3}.Debug|Any CPU.Build.0 = Debug|Any CPU
		{BC85F575-E058-4EF1-A359-AA40D891BAF3}.Debug|Any CPU.Deploy.0 = Debug|Any CPU
		{BC85F575-E058-4EF1-A359-AA40D891BAF3}.Release|Any CPU.ActiveCfg = Release|Any CPU
		{BC85F575-E058-4EF1-A359-AA40D891BAF3}.Release|Any CPU.Build.0 = Release|Any CPU
		{BC85F575-E058-4EF1-A359-AA40D891BAF3}.Release|Any CPU.Deploy.0 = Release|Any CPU
		{E47BA7BF-0DDB-4C58-AD1A-ED6896809391}.Debug|Any CPU.ActiveCfg = Debug|Any CPU
		{E47BA7BF-0DDB-4C58-AD1A-ED6896809391}.Debug|Any CPU.Build.0 = Debug|Any CPU
		{E47BA7BF-0DDB-4C58-AD1A-ED6896809391}.Debug|Any CPU.Deploy.0 = Debug|Any CPU
		{E47BA7BF-0DDB-4C58-AD1A-ED6896809391}.Release|Any CPU.ActiveCfg = Release|Any CPU
		{E47BA7BF-0DDB-4C58-AD1A-ED6896809391}.Release|Any CPU.Build.0 = Release|Any CPU
		{E47BA7BF-0DDB-4C58-AD1A-ED6896809391}.Release|Any CPU.Deploy.0 = Release|Any CPU
		{437EC444-0B07-488D-9B4D-635873774F9A}.Debug|Any CPU.ActiveCfg = Debug|Any CPU
		{437EC444-0B07-488D-9B4D-635873774F9A}.Debug|Any CPU.Build.0 = Debug|Any CPU
		{437EC444-0B07-488D-9B4D-635873774F9A}.Debug|Any CPU.Deploy.0 = Debug|Any CPU
		{437EC444-0B07-488D-9B4D-635873774F9A}.Release|Any CPU.ActiveCfg = Release|Any CPU
		{437EC444-0B07-488D-9B4D-635873774F9A}.Release|Any CPU.Build.0 = Release|Any CPU
		{437EC444-0B07-488D-9B4D-635873774F9A}.Release|Any CPU.Deploy.0 = Release|Any CPU
	EndGlobalSection
	GlobalSection(SolutionProperties) = preSolution
		HideSolutionNode = FALSE
	EndGlobalSection
EndGlobal
