
Microsoft Visual Studio Solution File, Format Version 12.00
# Visual Studio 14
VisualStudioVersion = 14.0.25420.1
MinimumVisualStudioVersion = 10.0.40219.1
Project("{FAE04EC0-301F-11D3-BF4B-00C04F79EFBC}") = "Visy.Middleware.SAP.GSGlobal.Schemas", "Visy.Middelware.SAP.GSGlobal.Schemas\Visy.Middleware.SAP.GSGlobal.Schemas.btproj", "{9463E1A2-00B0-42DC-9307-4B5416DCA139}"
EndProject
Project("{FAE04EC0-301F-11D3-BF4B-00C04F79EFBC}") = "Visy.Middleware.SAP.GSGlobal.Orchestrations", "Visy.Middelware.SAP.GSGlobal.Orchestrations\Visy.Middleware.SAP.GSGlobal.Orchestrations.btproj", "{4E9941AB-BB0A-4F41-A86D-B2B6E676C07B}"
EndProject
Project("{FAE04EC0-301F-11D3-BF4B-00C04F79EFBC}") = "Visy.Middleware.SAP.GSGlobal.Pipelines", "Visy.Middelware.SAP.GSGlobal.Pipelines\Visy.Middleware.SAP.GSGlobal.Pipelines.btproj", "{CC84909B-5C94-4B86-8516-7B99138F8DC5}"
EndProject
Project("{2150E333-8FDC-42A3-9474-1A3956D46DE8}") = "BindingInfo", "BindingInfo", "{69AB32FF-6751-4759-BAA8-4E2CE8678BD7}"
	ProjectSection(SolutionItems) = preProject
		BindingInfo\SAP.GSGlobal.BindingInfo.Dev.xml = BindingInfo\SAP.GSGlobal.BindingInfo.Dev.xml
		BindingInfo\SAP.GSGlobal.BindingInfo.Prod.xml = BindingInfo\SAP.GSGlobal.BindingInfo.Prod.xml
	EndProjectSection
EndProject
Project("{FAE04EC0-301F-11D3-BF4B-00C04F79EFBC}") = "Visy.Middleware.SAP.GSGlobal.Maps", "Visy.Middelware.SAP.GSGlobal.Maps\Visy.Middleware.SAP.GSGlobal.Maps.btproj", "{950612EE-128A-4075-A6F4-EB3793BB12DD}"
EndProject
Project("{FAE04EC0-301F-11D3-BF4B-00C04F79EFBC}") = "Visy.Middleware.SAP.GSGlobal.Components", "Visy.Middleware.SAP.GSGlobal.Components\Visy.Middleware.SAP.GSGlobal.Components.csproj", "{4F8C2EFF-0613-4466-B354-F08AFEA46F8A}"
EndProject
Project("{2150E333-8FDC-42A3-9474-1A3956D46DE8}") = "Policies", "Policies", "{434EF3D1-9D59-4FCA-A2DA-A49DB0EDA53A}"
	ProjectSection(SolutionItems) = preProject
		Policies\SAP.GSGlobal.InterfaceLookup.Policies.xml = Policies\SAP.GSGlobal.InterfaceLookup.Policies.xml
	EndProjectSection
EndProject
Global
	GlobalSection(SolutionConfigurationPlatforms) = preSolution
		Debug|Any CPU = Debug|Any CPU
		Release|Any CPU = Release|Any CPU
	EndGlobalSection
	GlobalSection(ProjectConfigurationPlatforms) = postSolution
		{9463E1A2-00B0-42DC-9307-4B5416DCA139}.Debug|Any CPU.ActiveCfg = Debug|Any CPU
		{9463E1A2-00B0-42DC-9307-4B5416DCA139}.Debug|Any CPU.Build.0 = Debug|Any CPU
		{9463E1A2-00B0-42DC-9307-4B5416DCA139}.Debug|Any CPU.Deploy.0 = Debug|Any CPU
		{9463E1A2-00B0-42DC-9307-4B5416DCA139}.Release|Any CPU.ActiveCfg = Release|Any CPU
		{9463E1A2-00B0-42DC-9307-4B5416DCA139}.Release|Any CPU.Build.0 = Release|Any CPU
		{9463E1A2-00B0-42DC-9307-4B5416DCA139}.Release|Any CPU.Deploy.0 = Release|Any CPU
		{4E9941AB-BB0A-4F41-A86D-B2B6E676C07B}.Debug|Any CPU.ActiveCfg = Debug|Any CPU
		{4E9941AB-BB0A-4F41-A86D-B2B6E676C07B}.Debug|Any CPU.Build.0 = Debug|Any CPU
		{4E9941AB-BB0A-4F41-A86D-B2B6E676C07B}.Debug|Any CPU.Deploy.0 = Debug|Any CPU
		{4E9941AB-BB0A-4F41-A86D-B2B6E676C07B}.Release|Any CPU.ActiveCfg = Release|Any CPU
		{4E9941AB-BB0A-4F41-A86D-B2B6E676C07B}.Release|Any CPU.Build.0 = Release|Any CPU
		{4E9941AB-BB0A-4F41-A86D-B2B6E676C07B}.Release|Any CPU.Deploy.0 = Release|Any CPU
		{CC84909B-5C94-4B86-8516-7B99138F8DC5}.Debug|Any CPU.ActiveCfg = Debug|Any CPU
		{CC84909B-5C94-4B86-8516-7B99138F8DC5}.Debug|Any CPU.Build.0 = Debug|Any CPU
		{CC84909B-5C94-4B86-8516-7B99138F8DC5}.Debug|Any CPU.Deploy.0 = Debug|Any CPU
		{CC84909B-5C94-4B86-8516-7B99138F8DC5}.Release|Any CPU.ActiveCfg = Release|Any CPU
		{CC84909B-5C94-4B86-8516-7B99138F8DC5}.Release|Any CPU.Build.0 = Release|Any CPU
		{CC84909B-5C94-4B86-8516-7B99138F8DC5}.Release|Any CPU.Deploy.0 = Release|Any CPU
		{950612EE-128A-4075-A6F4-EB3793BB12DD}.Debug|Any CPU.ActiveCfg = Debug|Any CPU
		{950612EE-128A-4075-A6F4-EB3793BB12DD}.Debug|Any CPU.Build.0 = Debug|Any CPU
		{950612EE-128A-4075-A6F4-EB3793BB12DD}.Debug|Any CPU.Deploy.0 = Debug|Any CPU
		{950612EE-128A-4075-A6F4-EB3793BB12DD}.Release|Any CPU.ActiveCfg = Release|Any CPU
		{950612EE-128A-4075-A6F4-EB3793BB12DD}.Release|Any CPU.Build.0 = Release|Any CPU
		{950612EE-128A-4075-A6F4-EB3793BB12DD}.Release|Any CPU.Deploy.0 = Release|Any CPU
		{4F8C2EFF-0613-4466-B354-F08AFEA46F8A}.Debug|Any CPU.ActiveCfg = Debug|Any CPU
		{4F8C2EFF-0613-4466-B354-F08AFEA46F8A}.Debug|Any CPU.Build.0 = Debug|Any CPU
		{4F8C2EFF-0613-4466-B354-F08AFEA46F8A}.Release|Any CPU.ActiveCfg = Release|Any CPU
		{4F8C2EFF-0613-4466-B354-F08AFEA46F8A}.Release|Any CPU.Build.0 = Release|Any CPU
	EndGlobalSection
	GlobalSection(SolutionProperties) = preSolution
		HideSolutionNode = FALSE
	EndGlobalSection
EndGlobal
