
Microsoft Visual Studio Solution File, Format Version 12.00
# Visual Studio 14
VisualStudioVersion = 14.0.25420.1
MinimumVisualStudioVersion = 10.0.40219.1
Project("{FAE04EC0-301F-11D3-BF4B-00C04F79EFBC}") = "Visy.Middleware.SAP.NipponSteel.Schemas", "Visy.Middleware.SAP.NipponSteel.Schemas\Visy.Middleware.SAP.NipponSteel.Schemas.btproj", "{D6FA333F-E9D3-46D2-AB43-DBE6587B77ED}"
EndProject
Project("{FAE04EC0-301F-11D3-BF4B-00C04F79EFBC}") = "Visy.Middleware.SAP.NipponSteel.Maps", "Visy.Middleware.SAP.NipponSteel.Maps\Visy.Middleware.SAP.NipponSteel.Maps.btproj", "{9DADE323-2B7F-4154-BC53-2327FED04B49}"
EndProject
Project("{FAE04EC0-301F-11D3-BF4B-00C04F79EFBC}") = "Visy.Middleware.SAP.NipponSteel.Pipelines", "Visy.Middleware.SAP.NipponSteel.Pipelines\Visy.Middleware.SAP.NipponSteel.Pipelines.btproj", "{5E7A1240-C4AC-49E2-9AA0-26DBC24FE943}"
EndProject
Project("{FAE04EC0-301F-11D3-BF4B-00C04F79EFBC}") = "Visy.Middleware.SAP.NipponSteel.Orchestrations", "Visy.Middleware.SAP.NipponSteel.Orchestrations\Visy.Middleware.SAP.NipponSteel.Orchestrations.btproj", "{653B8FC0-2306-4D31-BBA9-CD0D9861BCB1}"
EndProject
Project("{2150E333-8FDC-42A3-9474-1A3956D46DE8}") = "BindingInfo", "BindingInfo", "{D6DDEF15-07B2-450F-AE51-AEAB1F81B7D9}"
	ProjectSection(SolutionItems) = preProject
		BindingInfo\SAP.NipponSteel.BindingInfo.Dev.xml = BindingInfo\SAP.NipponSteel.BindingInfo.Dev.xml
		BindingInfo\SAP.NipponSteel.BindingInfo.Prod.xml = BindingInfo\SAP.NipponSteel.BindingInfo.Prod.xml
	EndProjectSection
EndProject
Project("{FAE04EC0-301F-11D3-BF4B-00C04F79EFBC}") = "Visy.Middleware.SAP.NipponSteel.Components", "Visy.Middleware.SAP.NipponSteel.Components\Visy.Middleware.SAP.NipponSteel.Components.csproj", "{7509514F-BE43-4EF0-BC5E-5480A11B4E01}"
EndProject
Global
	GlobalSection(SolutionConfigurationPlatforms) = preSolution
		Debug|Any CPU = Debug|Any CPU
		Release|Any CPU = Release|Any CPU
	EndGlobalSection
	GlobalSection(ProjectConfigurationPlatforms) = postSolution
		{D6FA333F-E9D3-46D2-AB43-DBE6587B77ED}.Debug|Any CPU.ActiveCfg = Debug|Any CPU
		{D6FA333F-E9D3-46D2-AB43-DBE6587B77ED}.Debug|Any CPU.Build.0 = Debug|Any CPU
		{D6FA333F-E9D3-46D2-AB43-DBE6587B77ED}.Debug|Any CPU.Deploy.0 = Debug|Any CPU
		{D6FA333F-E9D3-46D2-AB43-DBE6587B77ED}.Release|Any CPU.ActiveCfg = Release|Any CPU
		{D6FA333F-E9D3-46D2-AB43-DBE6587B77ED}.Release|Any CPU.Build.0 = Release|Any CPU
		{D6FA333F-E9D3-46D2-AB43-DBE6587B77ED}.Release|Any CPU.Deploy.0 = Release|Any CPU
		{9DADE323-2B7F-4154-BC53-2327FED04B49}.Debug|Any CPU.ActiveCfg = Debug|Any CPU
		{9DADE323-2B7F-4154-BC53-2327FED04B49}.Debug|Any CPU.Build.0 = Debug|Any CPU
		{9DADE323-2B7F-4154-BC53-2327FED04B49}.Debug|Any CPU.Deploy.0 = Debug|Any CPU
		{9DADE323-2B7F-4154-BC53-2327FED04B49}.Release|Any CPU.ActiveCfg = Release|Any CPU
		{9DADE323-2B7F-4154-BC53-2327FED04B49}.Release|Any CPU.Build.0 = Release|Any CPU
		{9DADE323-2B7F-4154-BC53-2327FED04B49}.Release|Any CPU.Deploy.0 = Release|Any CPU
		{5E7A1240-C4AC-49E2-9AA0-26DBC24FE943}.Debug|Any CPU.ActiveCfg = Debug|Any CPU
		{5E7A1240-C4AC-49E2-9AA0-26DBC24FE943}.Debug|Any CPU.Build.0 = Debug|Any CPU
		{5E7A1240-C4AC-49E2-9AA0-26DBC24FE943}.Debug|Any CPU.Deploy.0 = Debug|Any CPU
		{5E7A1240-C4AC-49E2-9AA0-26DBC24FE943}.Release|Any CPU.ActiveCfg = Release|Any CPU
		{5E7A1240-C4AC-49E2-9AA0-26DBC24FE943}.Release|Any CPU.Build.0 = Release|Any CPU
		{5E7A1240-C4AC-49E2-9AA0-26DBC24FE943}.Release|Any CPU.Deploy.0 = Release|Any CPU
		{653B8FC0-2306-4D31-BBA9-CD0D9861BCB1}.Debug|Any CPU.ActiveCfg = Debug|Any CPU
		{653B8FC0-2306-4D31-BBA9-CD0D9861BCB1}.Debug|Any CPU.Build.0 = Debug|Any CPU
		{653B8FC0-2306-4D31-BBA9-CD0D9861BCB1}.Debug|Any CPU.Deploy.0 = Debug|Any CPU
		{653B8FC0-2306-4D31-BBA9-CD0D9861BCB1}.Release|Any CPU.ActiveCfg = Release|Any CPU
		{653B8FC0-2306-4D31-BBA9-CD0D9861BCB1}.Release|Any CPU.Build.0 = Release|Any CPU
		{653B8FC0-2306-4D31-BBA9-CD0D9861BCB1}.Release|Any CPU.Deploy.0 = Release|Any CPU
		{7509514F-BE43-4EF0-BC5E-5480A11B4E01}.Debug|Any CPU.ActiveCfg = Debug|Any CPU
		{7509514F-BE43-4EF0-BC5E-5480A11B4E01}.Debug|Any CPU.Build.0 = Debug|Any CPU
		{7509514F-BE43-4EF0-BC5E-5480A11B4E01}.Release|Any CPU.ActiveCfg = Release|Any CPU
		{7509514F-BE43-4EF0-BC5E-5480A11B4E01}.Release|Any CPU.Build.0 = Release|Any CPU
	EndGlobalSection
	GlobalSection(SolutionProperties) = preSolution
		HideSolutionNode = FALSE
	EndGlobalSection
EndGlobal
