
Microsoft Visual Studio Solution File, Format Version 12.00
# Visual Studio 14
VisualStudioVersion = 14.0.25420.1
MinimumVisualStudioVersion = 10.0.40219.1
Project("{FAE04EC0-301F-11D3-BF4B-00C04F79EFBC}") = "Visy.Middleware.LGX.AutoNexus.Schemas", "Visy.Middleware.LGX.AutoNexus.Schemas\Visy.Middleware.LGX.AutoNexus.Schemas.btproj", "{323FD8D5-FD8E-44F7-9450-FAA1E6714355}"
EndProject
Project("{FAE04EC0-301F-11D3-BF4B-00C04F79EFBC}") = "Visy.Middleware.LGX.AutoNexus.Maps", "Visy.Middleware.LGX.AutoNexus.Maps\Visy.Middleware.LGX.AutoNexus.Maps.btproj", "{3B5BFA53-32AD-474B-8B79-37C498720FB0}"
EndProject
Project("{FAE04EC0-301F-11D3-BF4B-00C04F79EFBC}") = "Visy.Middleware.LGX.AutoNexus.Pipelines", "Visy.Middleware.LGX.AutoNexus.Pipelines\Visy.Middleware.LGX.AutoNexus.Pipelines.btproj", "{DCCCACBF-494B-4170-BA8C-C83D75ABFDD2}"
EndProject
Project("{FAE04EC0-301F-11D3-BF4B-00C04F79EFBC}") = "Visy.Middleware.LGX.AutoNexus.Orchestrations", "Visy.Middleware.LGX.AutoNexus.Orchestrations\Visy.Middleware.LGX.AutoNexus.Orchestrations.btproj", "{E2869CFD-99D5-4358-B90D-BED3F384ABD1}"
EndProject
Project("{2150E333-8FDC-42A3-9474-1A3956D46DE8}") = "BindingInfo", "BindingInfo", "{E15C6E7D-CE1D-460F-B859-37E815E94E6C}"
EndProject
Global
	GlobalSection(SolutionConfigurationPlatforms) = preSolution
		Debug|Any CPU = Debug|Any CPU
		Release|Any CPU = Release|Any CPU
	EndGlobalSection
	GlobalSection(ProjectConfigurationPlatforms) = postSolution
		{323FD8D5-FD8E-44F7-9450-FAA1E6714355}.Debug|Any CPU.ActiveCfg = Debug|Any CPU
		{323FD8D5-FD8E-44F7-9450-FAA1E6714355}.Debug|Any CPU.Build.0 = Debug|Any CPU
		{323FD8D5-FD8E-44F7-9450-FAA1E6714355}.Debug|Any CPU.Deploy.0 = Debug|Any CPU
		{323FD8D5-FD8E-44F7-9450-FAA1E6714355}.Release|Any CPU.ActiveCfg = Release|Any CPU
		{323FD8D5-FD8E-44F7-9450-FAA1E6714355}.Release|Any CPU.Build.0 = Release|Any CPU
		{323FD8D5-FD8E-44F7-9450-FAA1E6714355}.Release|Any CPU.Deploy.0 = Release|Any CPU
		{3B5BFA53-32AD-474B-8B79-37C498720FB0}.Debug|Any CPU.ActiveCfg = Debug|Any CPU
		{3B5BFA53-32AD-474B-8B79-37C498720FB0}.Debug|Any CPU.Build.0 = Debug|Any CPU
		{3B5BFA53-32AD-474B-8B79-37C498720FB0}.Debug|Any CPU.Deploy.0 = Debug|Any CPU
		{3B5BFA53-32AD-474B-8B79-37C498720FB0}.Release|Any CPU.ActiveCfg = Release|Any CPU
		{3B5BFA53-32AD-474B-8B79-37C498720FB0}.Release|Any CPU.Build.0 = Release|Any CPU
		{3B5BFA53-32AD-474B-8B79-37C498720FB0}.Release|Any CPU.Deploy.0 = Release|Any CPU
		{DCCCACBF-494B-4170-BA8C-C83D75ABFDD2}.Debug|Any CPU.ActiveCfg = Debug|Any CPU
		{DCCCACBF-494B-4170-BA8C-C83D75ABFDD2}.Debug|Any CPU.Build.0 = Debug|Any CPU
		{DCCCACBF-494B-4170-BA8C-C83D75ABFDD2}.Debug|Any CPU.Deploy.0 = Debug|Any CPU
		{DCCCACBF-494B-4170-BA8C-C83D75ABFDD2}.Release|Any CPU.ActiveCfg = Release|Any CPU
		{DCCCACBF-494B-4170-BA8C-C83D75ABFDD2}.Release|Any CPU.Build.0 = Release|Any CPU
		{DCCCACBF-494B-4170-BA8C-C83D75ABFDD2}.Release|Any CPU.Deploy.0 = Release|Any CPU
		{E2869CFD-99D5-4358-B90D-BED3F384ABD1}.Debug|Any CPU.ActiveCfg = Debug|Any CPU
		{E2869CFD-99D5-4358-B90D-BED3F384ABD1}.Debug|Any CPU.Build.0 = Debug|Any CPU
		{E2869CFD-99D5-4358-B90D-BED3F384ABD1}.Debug|Any CPU.Deploy.0 = Debug|Any CPU
		{E2869CFD-99D5-4358-B90D-BED3F384ABD1}.Release|Any CPU.ActiveCfg = Release|Any CPU
		{E2869CFD-99D5-4358-B90D-BED3F384ABD1}.Release|Any CPU.Build.0 = Release|Any CPU
		{E2869CFD-99D5-4358-B90D-BED3F384ABD1}.Release|Any CPU.Deploy.0 = Release|Any CPU
	EndGlobalSection
	GlobalSection(SolutionProperties) = preSolution
		HideSolutionNode = FALSE
	EndGlobalSection
EndGlobal
