
Microsoft Visual Studio Solution File, Format Version 12.00
# Visual Studio 14
VisualStudioVersion = 14.0.25420.1
MinimumVisualStudioVersion = 10.0.40219.1
Project("{FAE04EC0-301F-11D3-BF4B-00C04F79EFBC}") = "Visy.Middleware.SAP.Kianjoo.Schemas", "Visy.Middleware.SAP.Kianjoo.Schemas\Visy.Middleware.SAP.Kianjoo.Schemas.btproj", "{A19514BE-444A-4520-B6B4-9E1D7429F776}"
EndProject
Project("{FAE04EC0-301F-11D3-BF4B-00C04F79EFBC}") = "Visy.Middleware.SAP.Kianjoo.Pipelines", "Visy.Middleware.SAP.Kianjoo.Pipelines\Visy.Middleware.SAP.Kianjoo.Pipelines.btproj", "{989F59CE-DC7A-4C67-BE78-CE20256D6722}"
EndProject
Project("{FAE04EC0-301F-11D3-BF4B-00C04F79EFBC}") = "Visy.Middleware.SAP.Kianjoo.Maps", "Visy.Middleware.SAP.Kianjoo.Maps\Visy.Middleware.SAP.Kianjoo.Maps.btproj", "{77C3E95D-003A-42C4-8497-9B3630FA5D78}"
EndProject
Project("{2150E333-8FDC-42A3-9474-1A3956D46DE8}") = "BindingInfo", "BindingInfo", "{9B571793-DDC0-4020-8A52-D8BC4622511D}"
	ProjectSection(SolutionItems) = preProject
		BindingInfo\SAP.Kianjoo.BindingInfo.Dev.xml = BindingInfo\SAP.Kianjoo.BindingInfo.Dev.xml
	EndProjectSection
EndProject
Global
	GlobalSection(SolutionConfigurationPlatforms) = preSolution
		Debug|Any CPU = Debug|Any CPU
		Release|Any CPU = Release|Any CPU
	EndGlobalSection
	GlobalSection(ProjectConfigurationPlatforms) = postSolution
		{A19514BE-444A-4520-B6B4-9E1D7429F776}.Debug|Any CPU.ActiveCfg = Debug|Any CPU
		{A19514BE-444A-4520-B6B4-9E1D7429F776}.Debug|Any CPU.Build.0 = Debug|Any CPU
		{A19514BE-444A-4520-B6B4-9E1D7429F776}.Debug|Any CPU.Deploy.0 = Debug|Any CPU
		{A19514BE-444A-4520-B6B4-9E1D7429F776}.Release|Any CPU.ActiveCfg = Release|Any CPU
		{A19514BE-444A-4520-B6B4-9E1D7429F776}.Release|Any CPU.Build.0 = Release|Any CPU
		{A19514BE-444A-4520-B6B4-9E1D7429F776}.Release|Any CPU.Deploy.0 = Release|Any CPU
		{989F59CE-DC7A-4C67-BE78-CE20256D6722}.Debug|Any CPU.ActiveCfg = Debug|Any CPU
		{989F59CE-DC7A-4C67-BE78-CE20256D6722}.Debug|Any CPU.Build.0 = Debug|Any CPU
		{989F59CE-DC7A-4C67-BE78-CE20256D6722}.Debug|Any CPU.Deploy.0 = Debug|Any CPU
		{989F59CE-DC7A-4C67-BE78-CE20256D6722}.Release|Any CPU.ActiveCfg = Release|Any CPU
		{989F59CE-DC7A-4C67-BE78-CE20256D6722}.Release|Any CPU.Build.0 = Release|Any CPU
		{989F59CE-DC7A-4C67-BE78-CE20256D6722}.Release|Any CPU.Deploy.0 = Release|Any CPU
		{77C3E95D-003A-42C4-8497-9B3630FA5D78}.Debug|Any CPU.ActiveCfg = Debug|Any CPU
		{77C3E95D-003A-42C4-8497-9B3630FA5D78}.Debug|Any CPU.Build.0 = Debug|Any CPU
		{77C3E95D-003A-42C4-8497-9B3630FA5D78}.Debug|Any CPU.Deploy.0 = Debug|Any CPU
		{77C3E95D-003A-42C4-8497-9B3630FA5D78}.Release|Any CPU.ActiveCfg = Release|Any CPU
		{77C3E95D-003A-42C4-8497-9B3630FA5D78}.Release|Any CPU.Build.0 = Release|Any CPU
		{77C3E95D-003A-42C4-8497-9B3630FA5D78}.Release|Any CPU.Deploy.0 = Release|Any CPU
	EndGlobalSection
	GlobalSection(SolutionProperties) = preSolution
		HideSolutionNode = FALSE
	EndGlobalSection
EndGlobal
