
Microsoft Visual Studio Solution File, Format Version 12.00
# Visual Studio 14
VisualStudioVersion = 14.0.25420.1
MinimumVisualStudioVersion = 10.0.40219.1
Project("{FAE04EC0-301F-11D3-BF4B-00C04F79EFBC}") = "Visy.Middleware.SAP.Magento.Schemas", "Visy.Middleware.SAP.Magento.Schemas\Visy.Middleware.SAP.Magento.Schemas.btproj", "{3973BCC9-03F6-4C34-B4C4-047DFDD5DC9F}"
EndProject
Project("{2150E333-8FDC-42A3-9474-1A3956D46DE8}") = "BindingInfo", "BindingInfo", "{F36DE3CF-5F5E-47E2-9E92-7154A38CAA9D}"
	ProjectSection(SolutionItems) = preProject
		BindingInfo\SAP.Common.Listener.BindingInfo.Dev.xml = BindingInfo\SAP.Common.Listener.BindingInfo.Dev.xml
		BindingInfo\SAP.Magento.BindingInfo.Dev.xml = BindingInfo\SAP.Magento.BindingInfo.Dev.xml
	EndProjectSection
EndProject
Project("{FAE04EC0-301F-11D3-BF4B-00C04F79EFBC}") = "Visy.Middleware.SAP.Magento.Maps", "Visy.Middleware.SAP.Magento.Maps\Visy.Middleware.SAP.Magento.Maps.btproj", "{7E70DA59-6CBE-431C-97E3-6D5B30FF7127}"
EndProject
Project("{FAE04EC0-301F-11D3-BF4B-00C04F79EFBC}") = "Visy.Middleware.SAP.Magento.Orchestrations", "Visy.Middleware.SAP.Magento.Orchestrations\Visy.Middleware.SAP.Magento.Orchestrations.btproj", "{ED618B8D-649F-43A0-A83D-FCCEBA77BDF7}"
EndProject
Project("{2150E333-8FDC-42A3-9474-1A3956D46DE8}") = "Policies", "Policies", "{26773C40-ED2A-42F1-9072-C39F516646E0}"
	ProjectSection(SolutionItems) = preProject
		Policies\SAP.Magento.API.Policies.xml = Policies\SAP.Magento.API.Policies.xml
		Policies\SAP.Magento.ConnectionInfo.Vocabularies.xml = Policies\SAP.Magento.ConnectionInfo.Vocabularies.xml
		Policies\SAP.Magento.OrderType.Policies.xml = Policies\SAP.Magento.OrderType.Policies.xml
		Policies\SAP.Magento.Plant.Policies.xml = Policies\SAP.Magento.Plant.Policies.xml
		Policies\SAP.Magento.Region.Policies.xml = Policies\SAP.Magento.Region.Policies.xml
		Policies\SAP.Magento.SAPConnection.InterfaceLookup.Policies.xml = Policies\SAP.Magento.SAPConnection.InterfaceLookup.Policies.xml
	EndProjectSection
EndProject
Project("{FAE04EC0-301F-11D3-BF4B-00C04F79EFBC}") = "Visy.Middleware.SAP.Magento.PipelineComponents", "Visy.Middleware.SAP.Magento.PipelineComponents\Visy.Middleware.SAP.Magento.PipelineComponents.csproj", "{8DE482CF-6ECB-4F02-B9EC-D8F7EC7283C9}"
EndProject
Project("{FAE04EC0-301F-11D3-BF4B-00C04F79EFBC}") = "Visy.Middleware.SAP.Magento.Components", "Visy.Middleware.SAP.Magento.Components\Visy.Middleware.SAP.Magento.Components.csproj", "{866DB1C9-926E-4AD2-9FF7-76B07B4C4AF1}"
EndProject
Project("{FAE04EC0-301F-11D3-BF4B-00C04F79EFBC}") = "Visy.Middleware.SAP.Magento.Pipelines", "Visy.Middleware.SAP.Magento.Pipelines\Visy.Middleware.SAP.Magento.Pipelines.btproj", "{BBC1E567-6E31-42CA-AB7C-F4BDD15B2DA6}"
EndProject
Project("{FAE04EC0-301F-11D3-BF4B-00C04F79EFBC}") = "Visy.Middleware.SAP.Magento.ComponentsTests", "Visy.Middleware.SAP.Magento.ComponentsTests\Visy.Middleware.SAP.Magento.ComponentsTests.csproj", "{E032FCBA-C994-46A8-9128-6E42ADF973A7}"
EndProject
Project("{FAE04EC0-301F-11D3-BF4B-00C04F79EFBC}") = "Visy.Middleware.SAP.Magento.Singleton", "Visy.Middleware.SAP.Magento.Singleton\Visy.Middleware.SAP.Magento.Singleton.btproj", "{F0FF4439-92B9-4CE4-B157-481628A49C8B}"
EndProject
Global
	GlobalSection(SolutionConfigurationPlatforms) = preSolution
		Debug|Any CPU = Debug|Any CPU
		Release|Any CPU = Release|Any CPU
	EndGlobalSection
	GlobalSection(ProjectConfigurationPlatforms) = postSolution
		{3973BCC9-03F6-4C34-B4C4-047DFDD5DC9F}.Debug|Any CPU.ActiveCfg = Debug|Any CPU
		{3973BCC9-03F6-4C34-B4C4-047DFDD5DC9F}.Debug|Any CPU.Build.0 = Debug|Any CPU
		{3973BCC9-03F6-4C34-B4C4-047DFDD5DC9F}.Debug|Any CPU.Deploy.0 = Debug|Any CPU
		{3973BCC9-03F6-4C34-B4C4-047DFDD5DC9F}.Release|Any CPU.ActiveCfg = Release|Any CPU
		{3973BCC9-03F6-4C34-B4C4-047DFDD5DC9F}.Release|Any CPU.Build.0 = Release|Any CPU
		{3973BCC9-03F6-4C34-B4C4-047DFDD5DC9F}.Release|Any CPU.Deploy.0 = Release|Any CPU
		{7E70DA59-6CBE-431C-97E3-6D5B30FF7127}.Debug|Any CPU.ActiveCfg = Debug|Any CPU
		{7E70DA59-6CBE-431C-97E3-6D5B30FF7127}.Debug|Any CPU.Build.0 = Debug|Any CPU
		{7E70DA59-6CBE-431C-97E3-6D5B30FF7127}.Debug|Any CPU.Deploy.0 = Debug|Any CPU
		{7E70DA59-6CBE-431C-97E3-6D5B30FF7127}.Release|Any CPU.ActiveCfg = Release|Any CPU
		{7E70DA59-6CBE-431C-97E3-6D5B30FF7127}.Release|Any CPU.Build.0 = Release|Any CPU
		{7E70DA59-6CBE-431C-97E3-6D5B30FF7127}.Release|Any CPU.Deploy.0 = Release|Any CPU
		{ED618B8D-649F-43A0-A83D-FCCEBA77BDF7}.Debug|Any CPU.ActiveCfg = Debug|Any CPU
		{ED618B8D-649F-43A0-A83D-FCCEBA77BDF7}.Debug|Any CPU.Build.0 = Debug|Any CPU
		{ED618B8D-649F-43A0-A83D-FCCEBA77BDF7}.Debug|Any CPU.Deploy.0 = Debug|Any CPU
		{ED618B8D-649F-43A0-A83D-FCCEBA77BDF7}.Release|Any CPU.ActiveCfg = Release|Any CPU
		{ED618B8D-649F-43A0-A83D-FCCEBA77BDF7}.Release|Any CPU.Build.0 = Release|Any CPU
		{ED618B8D-649F-43A0-A83D-FCCEBA77BDF7}.Release|Any CPU.Deploy.0 = Release|Any CPU
		{8DE482CF-6ECB-4F02-B9EC-D8F7EC7283C9}.Debug|Any CPU.ActiveCfg = Debug|Any CPU
		{8DE482CF-6ECB-4F02-B9EC-D8F7EC7283C9}.Debug|Any CPU.Build.0 = Debug|Any CPU
		{8DE482CF-6ECB-4F02-B9EC-D8F7EC7283C9}.Release|Any CPU.ActiveCfg = Release|Any CPU
		{8DE482CF-6ECB-4F02-B9EC-D8F7EC7283C9}.Release|Any CPU.Build.0 = Release|Any CPU
		{866DB1C9-926E-4AD2-9FF7-76B07B4C4AF1}.Debug|Any CPU.ActiveCfg = Debug|Any CPU
		{866DB1C9-926E-4AD2-9FF7-76B07B4C4AF1}.Debug|Any CPU.Build.0 = Debug|Any CPU
		{866DB1C9-926E-4AD2-9FF7-76B07B4C4AF1}.Release|Any CPU.ActiveCfg = Release|Any CPU
		{866DB1C9-926E-4AD2-9FF7-76B07B4C4AF1}.Release|Any CPU.Build.0 = Release|Any CPU
		{BBC1E567-6E31-42CA-AB7C-F4BDD15B2DA6}.Debug|Any CPU.ActiveCfg = Debug|Any CPU
		{BBC1E567-6E31-42CA-AB7C-F4BDD15B2DA6}.Debug|Any CPU.Build.0 = Debug|Any CPU
		{BBC1E567-6E31-42CA-AB7C-F4BDD15B2DA6}.Debug|Any CPU.Deploy.0 = Debug|Any CPU
		{BBC1E567-6E31-42CA-AB7C-F4BDD15B2DA6}.Release|Any CPU.ActiveCfg = Release|Any CPU
		{BBC1E567-6E31-42CA-AB7C-F4BDD15B2DA6}.Release|Any CPU.Build.0 = Release|Any CPU
		{BBC1E567-6E31-42CA-AB7C-F4BDD15B2DA6}.Release|Any CPU.Deploy.0 = Release|Any CPU
		{E032FCBA-C994-46A8-9128-6E42ADF973A7}.Debug|Any CPU.ActiveCfg = Debug|Any CPU
		{E032FCBA-C994-46A8-9128-6E42ADF973A7}.Debug|Any CPU.Build.0 = Debug|Any CPU
		{E032FCBA-C994-46A8-9128-6E42ADF973A7}.Release|Any CPU.ActiveCfg = Release|Any CPU
		{E032FCBA-C994-46A8-9128-6E42ADF973A7}.Release|Any CPU.Build.0 = Release|Any CPU
		{F0FF4439-92B9-4CE4-B157-481628A49C8B}.Debug|Any CPU.ActiveCfg = Debug|Any CPU
		{F0FF4439-92B9-4CE4-B157-481628A49C8B}.Debug|Any CPU.Build.0 = Debug|Any CPU
		{F0FF4439-92B9-4CE4-B157-481628A49C8B}.Debug|Any CPU.Deploy.0 = Debug|Any CPU
		{F0FF4439-92B9-4CE4-B157-481628A49C8B}.Release|Any CPU.ActiveCfg = Release|Any CPU
		{F0FF4439-92B9-4CE4-B157-481628A49C8B}.Release|Any CPU.Build.0 = Release|Any CPU
		{F0FF4439-92B9-4CE4-B157-481628A49C8B}.Release|Any CPU.Deploy.0 = Release|Any CPU
	EndGlobalSection
	GlobalSection(SolutionProperties) = preSolution
		HideSolutionNode = FALSE
	EndGlobalSection
EndGlobal
