
Microsoft Visual Studio Solution File, Format Version 12.00
# Visual Studio 14
VisualStudioVersion = 14.0.25420.1
MinimumVisualStudioVersion = 10.0.40219.1
Project("{FAE04EC0-301F-11D3-BF4B-00C04F79EFBC}") = "Visy.Middleware.LGX.OrdRspHandler.Pipelines", "Visy.Middleware.LGX.OrdRspHandler.Pipelines\Visy.Middleware.LGX.OrdRspHandler.Pipelines.btproj", "{0126CB1B-A35A-4A6C-BC88-681B9FBDC62C}"
EndProject
Project("{2150E333-8FDC-42A3-9474-1A3956D46DE8}") = "BindingInfo", "BindingInfo", "{2666BDC6-1C9B-4C93-BF59-5A96BBB83FE6}"
	ProjectSection(SolutionItems) = preProject
		BindingInfo\LGX.OrdRspHander.BindingInfo.Dev.xml = BindingInfo\LGX.OrdRspHander.BindingInfo.Dev.xml
		BindingInfo\LGX.OrdRspHander.BindingInfo.Prod.xml = BindingInfo\LGX.OrdRspHander.BindingInfo.Prod.xml
	EndProjectSection
EndProject
Project("{FAE04EC0-301F-11D3-BF4B-00C04F79EFBC}") = "Visy.Middleware.LGX.OrdRspHandler.Orchestrations", "Visy.Middleware.LGX.OrdRspHandler.Orchestrations\Visy.Middleware.LGX.OrdRspHandler.Orchestrations.btproj", "{AA917396-5B73-4B65-AA75-21608D8CF0E6}"
EndProject
Project("{FAE04EC0-301F-11D3-BF4B-00C04F79EFBC}") = "Visy.Middleware.LGX.OrdRspHandler.Maps", "Visy.Middleware.LGX.OrdRspHandler.Maps\Visy.Middleware.LGX.OrdRspHandler.Maps.btproj", "{AFA65AC7-1C5E-466D-A854-5159C44F7BA6}"
EndProject
Global
	GlobalSection(SolutionConfigurationPlatforms) = preSolution
		Debug|Any CPU = Debug|Any CPU
		Release|Any CPU = Release|Any CPU
	EndGlobalSection
	GlobalSection(ProjectConfigurationPlatforms) = postSolution
		{0126CB1B-A35A-4A6C-BC88-681B9FBDC62C}.Debug|Any CPU.ActiveCfg = Debug|Any CPU
		{0126CB1B-A35A-4A6C-BC88-681B9FBDC62C}.Debug|Any CPU.Build.0 = Debug|Any CPU
		{0126CB1B-A35A-4A6C-BC88-681B9FBDC62C}.Debug|Any CPU.Deploy.0 = Debug|Any CPU
		{0126CB1B-A35A-4A6C-BC88-681B9FBDC62C}.Release|Any CPU.ActiveCfg = Release|Any CPU
		{0126CB1B-A35A-4A6C-BC88-681B9FBDC62C}.Release|Any CPU.Build.0 = Release|Any CPU
		{0126CB1B-A35A-4A6C-BC88-681B9FBDC62C}.Release|Any CPU.Deploy.0 = Release|Any CPU
		{AA917396-5B73-4B65-AA75-21608D8CF0E6}.Debug|Any CPU.ActiveCfg = Debug|Any CPU
		{AA917396-5B73-4B65-AA75-21608D8CF0E6}.Debug|Any CPU.Build.0 = Debug|Any CPU
		{AA917396-5B73-4B65-AA75-21608D8CF0E6}.Debug|Any CPU.Deploy.0 = Debug|Any CPU
		{AA917396-5B73-4B65-AA75-21608D8CF0E6}.Release|Any CPU.ActiveCfg = Release|Any CPU
		{AA917396-5B73-4B65-AA75-21608D8CF0E6}.Release|Any CPU.Build.0 = Release|Any CPU
		{AA917396-5B73-4B65-AA75-21608D8CF0E6}.Release|Any CPU.Deploy.0 = Release|Any CPU
		{AFA65AC7-1C5E-466D-A854-5159C44F7BA6}.Debug|Any CPU.ActiveCfg = Debug|Any CPU
		{AFA65AC7-1C5E-466D-A854-5159C44F7BA6}.Debug|Any CPU.Build.0 = Debug|Any CPU
		{AFA65AC7-1C5E-466D-A854-5159C44F7BA6}.Debug|Any CPU.Deploy.0 = Debug|Any CPU
		{AFA65AC7-1C5E-466D-A854-5159C44F7BA6}.Release|Any CPU.ActiveCfg = Release|Any CPU
		{AFA65AC7-1C5E-466D-A854-5159C44F7BA6}.Release|Any CPU.Build.0 = Release|Any CPU
		{AFA65AC7-1C5E-466D-A854-5159C44F7BA6}.Release|Any CPU.Deploy.0 = Release|Any CPU
	EndGlobalSection
	GlobalSection(SolutionProperties) = preSolution
		HideSolutionNode = FALSE
	EndGlobalSection
EndGlobal
