
Microsoft Visual Studio Solution File, Format Version 12.00
# Visual Studio 14
VisualStudioVersion = 14.0.25420.1
MinimumVisualStudioVersion = 10.0.40219.1
Project("{FAE04EC0-301F-11D3-BF4B-00C04F79EFBC}") = "Visy.Middleware.SAP.MSCans.Schemas", "Visy.Middleware.SAP.MSCans.Schemas\Visy.Middleware.SAP.MSCans.Schemas.btproj", "{30E6060A-88A9-4317-A3A0-655CAB931CDD}"
EndProject
Project("{FAE04EC0-301F-11D3-BF4B-00C04F79EFBC}") = "Visy.Middleware.SAP.MSCans.Pipelines", "Visy.Middleware.SAP.MSCans.Pipelines\Visy.Middleware.SAP.MSCans.Pipelines.btproj", "{EE8EF43A-0AE8-44AF-91CE-8BF3EAD0EA61}"
EndProject
Project("{FAE04EC0-301F-11D3-BF4B-00C04F79EFBC}") = "Visy.Middleware.SAP.MSCans.Maps", "Visy.Middleware.SAP.MSCans.Maps\Visy.Middleware.SAP.MSCans.Maps.btproj", "{9FD17418-00A9-4B02-B918-309C0E295A61}"
EndProject
Project("{2150E333-8FDC-42A3-9474-1A3956D46DE8}") = "BindingInfo", "BindingInfo", "{CD5C2AA0-3CDA-4610-9FB6-AB0F3B048A1B}"
	ProjectSection(SolutionItems) = preProject
		BindingInfo\SAP.MSCans.BindingInfo.Dev.xml = BindingInfo\SAP.MSCans.BindingInfo.Dev.xml
		BindingInfo\SAP.MSCans.BindingInfo.Prod.xml = BindingInfo\SAP.MSCans.BindingInfo.Prod.xml
	EndProjectSection
EndProject
Global
	GlobalSection(SolutionConfigurationPlatforms) = preSolution
		Debug|Any CPU = Debug|Any CPU
		Release|Any CPU = Release|Any CPU
	EndGlobalSection
	GlobalSection(ProjectConfigurationPlatforms) = postSolution
		{30E6060A-88A9-4317-A3A0-655CAB931CDD}.Debug|Any CPU.ActiveCfg = Debug|Any CPU
		{30E6060A-88A9-4317-A3A0-655CAB931CDD}.Debug|Any CPU.Build.0 = Debug|Any CPU
		{30E6060A-88A9-4317-A3A0-655CAB931CDD}.Debug|Any CPU.Deploy.0 = Debug|Any CPU
		{30E6060A-88A9-4317-A3A0-655CAB931CDD}.Release|Any CPU.ActiveCfg = Release|Any CPU
		{30E6060A-88A9-4317-A3A0-655CAB931CDD}.Release|Any CPU.Build.0 = Release|Any CPU
		{30E6060A-88A9-4317-A3A0-655CAB931CDD}.Release|Any CPU.Deploy.0 = Release|Any CPU
		{EE8EF43A-0AE8-44AF-91CE-8BF3EAD0EA61}.Debug|Any CPU.ActiveCfg = Debug|Any CPU
		{EE8EF43A-0AE8-44AF-91CE-8BF3EAD0EA61}.Debug|Any CPU.Build.0 = Debug|Any CPU
		{EE8EF43A-0AE8-44AF-91CE-8BF3EAD0EA61}.Debug|Any CPU.Deploy.0 = Debug|Any CPU
		{EE8EF43A-0AE8-44AF-91CE-8BF3EAD0EA61}.Release|Any CPU.ActiveCfg = Release|Any CPU
		{EE8EF43A-0AE8-44AF-91CE-8BF3EAD0EA61}.Release|Any CPU.Build.0 = Release|Any CPU
		{EE8EF43A-0AE8-44AF-91CE-8BF3EAD0EA61}.Release|Any CPU.Deploy.0 = Release|Any CPU
		{9FD17418-00A9-4B02-B918-309C0E295A61}.Debug|Any CPU.ActiveCfg = Debug|Any CPU
		{9FD17418-00A9-4B02-B918-309C0E295A61}.Debug|Any CPU.Build.0 = Debug|Any CPU
		{9FD17418-00A9-4B02-B918-309C0E295A61}.Debug|Any CPU.Deploy.0 = Debug|Any CPU
		{9FD17418-00A9-4B02-B918-309C0E295A61}.Release|Any CPU.ActiveCfg = Release|Any CPU
		{9FD17418-00A9-4B02-B918-309C0E295A61}.Release|Any CPU.Build.0 = Release|Any CPU
		{9FD17418-00A9-4B02-B918-309C0E295A61}.Release|Any CPU.Deploy.0 = Release|Any CPU
	EndGlobalSection
	GlobalSection(SolutionProperties) = preSolution
		HideSolutionNode = FALSE
	EndGlobalSection
EndGlobal
