
Microsoft Visual Studio Solution File, Format Version 12.00
# Visual Studio 14
VisualStudioVersion = 14.0.25420.1
MinimumVisualStudioVersion = 10.0.40219.1
Project("{FAE04EC0-301F-11D3-BF4B-00C04F79EFBC}") = "Visy.Middleware.LGX.Kraft.Schemas", "Visy.Middleware.LGX.Kraft.Schemas\Visy.Middleware.LGX.Kraft.Schemas.btproj", "{A71E3513-51A5-4017-B820-2D2198FBE982}"
EndProject
Project("{FAE04EC0-301F-11D3-BF4B-00C04F79EFBC}") = "Visy.Middleware.LGX.Kraft.Maps", "Visy.Middleware.LGX.Kraft.Maps\Visy.Middleware.LGX.Kraft.Maps.btproj", "{C375BF62-C9BC-4B8B-A49A-15EF641D0E51}"
EndProject
Project("{FAE04EC0-301F-11D3-BF4B-00C04F79EFBC}") = "Visy.Middleware.LGX.Kraft.Pipelines", "Visy.Middleware.LGX.Kraft.Pipelines\Visy.Middleware.LGX.Kraft.Pipelines.btproj", "{24ED4467-B48F-41D3-A3CD-31C674282285}"
EndProject
Project("{2150E333-8FDC-42A3-9474-1A3956D46DE8}") = "BindingInfo", "BindingInfo", "{0847A4F0-7B81-4C24-BA02-D0E1D8A61E9C}"
	ProjectSection(SolutionItems) = preProject
		BindingInfo\LGX.Kraft.BindingInfo.Dev.xml = BindingInfo\LGX.Kraft.BindingInfo.Dev.xml
		BindingInfo\LGX.Kraft.BindingInfo.Prod.xml = BindingInfo\LGX.Kraft.BindingInfo.Prod.xml
	EndProjectSection
EndProject
Global
	GlobalSection(SolutionConfigurationPlatforms) = preSolution
		Debug|Any CPU = Debug|Any CPU
		Release|Any CPU = Release|Any CPU
	EndGlobalSection
	GlobalSection(ProjectConfigurationPlatforms) = postSolution
		{A71E3513-51A5-4017-B820-2D2198FBE982}.Debug|Any CPU.ActiveCfg = Debug|Any CPU
		{A71E3513-51A5-4017-B820-2D2198FBE982}.Debug|Any CPU.Build.0 = Debug|Any CPU
		{A71E3513-51A5-4017-B820-2D2198FBE982}.Debug|Any CPU.Deploy.0 = Debug|Any CPU
		{A71E3513-51A5-4017-B820-2D2198FBE982}.Release|Any CPU.ActiveCfg = Release|Any CPU
		{A71E3513-51A5-4017-B820-2D2198FBE982}.Release|Any CPU.Build.0 = Release|Any CPU
		{A71E3513-51A5-4017-B820-2D2198FBE982}.Release|Any CPU.Deploy.0 = Release|Any CPU
		{C375BF62-C9BC-4B8B-A49A-15EF641D0E51}.Debug|Any CPU.ActiveCfg = Debug|Any CPU
		{C375BF62-C9BC-4B8B-A49A-15EF641D0E51}.Debug|Any CPU.Build.0 = Debug|Any CPU
		{C375BF62-C9BC-4B8B-A49A-15EF641D0E51}.Debug|Any CPU.Deploy.0 = Debug|Any CPU
		{C375BF62-C9BC-4B8B-A49A-15EF641D0E51}.Release|Any CPU.ActiveCfg = Release|Any CPU
		{C375BF62-C9BC-4B8B-A49A-15EF641D0E51}.Release|Any CPU.Build.0 = Release|Any CPU
		{C375BF62-C9BC-4B8B-A49A-15EF641D0E51}.Release|Any CPU.Deploy.0 = Release|Any CPU
		{24ED4467-B48F-41D3-A3CD-31C674282285}.Debug|Any CPU.ActiveCfg = Debug|Any CPU
		{24ED4467-B48F-41D3-A3CD-31C674282285}.Debug|Any CPU.Build.0 = Debug|Any CPU
		{24ED4467-B48F-41D3-A3CD-31C674282285}.Debug|Any CPU.Deploy.0 = Debug|Any CPU
		{24ED4467-B48F-41D3-A3CD-31C674282285}.Release|Any CPU.ActiveCfg = Release|Any CPU
		{24ED4467-B48F-41D3-A3CD-31C674282285}.Release|Any CPU.Build.0 = Release|Any CPU
		{24ED4467-B48F-41D3-A3CD-31C674282285}.Release|Any CPU.Deploy.0 = Release|Any CPU
	EndGlobalSection
	GlobalSection(SolutionProperties) = preSolution
		HideSolutionNode = FALSE
	EndGlobalSection
EndGlobal
