
Microsoft Visual Studio Solution File, Format Version 12.00
# Visual Studio 14
VisualStudioVersion = 14.0.25420.1
MinimumVisualStudioVersion = 10.0.40219.1
Project("{FAE04EC0-301F-11D3-BF4B-00C04F79EFBC}") = "Visy.Middleware.RuleEngineComponents.InterfaceLookup", "Visy.Middleware.RuleEngineComponents.InterfaceLookup\Visy.Middleware.RuleEngineComponents.InterfaceLookup.csproj", "{D0718EFE-58B0-4347-886D-BFADA9A7ACBD}"
EndProject
Project("{2150E333-8FDC-42A3-9474-1A3956D46DE8}") = "Vocabularies", "Vocabularies", "{6A7F7F8C-F6CE-4CE8-A4B0-B6B913C103E7}"
	ProjectSection(SolutionItems) = preProject
		Vocabularies\Components.InterfaceLookup.Vocabularies.xml = Vocabularies\Components.InterfaceLookup.Vocabularies.xml
	EndProjectSection
EndProject
Global
	GlobalSection(SolutionConfigurationPlatforms) = preSolution
		Debug|Any CPU = Debug|Any CPU
		Release|Any CPU = Release|Any CPU
	EndGlobalSection
	GlobalSection(ProjectConfigurationPlatforms) = postSolution
		{D0718EFE-58B0-4347-886D-BFADA9A7ACBD}.Debug|Any CPU.ActiveCfg = Debug|Any CPU
		{D0718EFE-58B0-4347-886D-BFADA9A7ACBD}.Debug|Any CPU.Build.0 = Debug|Any CPU
		{D0718EFE-58B0-4347-886D-BFADA9A7ACBD}.Release|Any CPU.ActiveCfg = Release|Any CPU
		{D0718EFE-58B0-4347-886D-BFADA9A7ACBD}.Release|Any CPU.Build.0 = Release|Any CPU
	EndGlobalSection
	GlobalSection(SolutionProperties) = preSolution
		HideSolutionNode = FALSE
	EndGlobalSection
EndGlobal
