
Microsoft Visual Studio Solution File, Format Version 12.00
# Visual Studio 14
VisualStudioVersion = 14.0.25420.1
MinimumVisualStudioVersion = 10.0.40219.1
Project("{FAE04EC0-301F-11D3-BF4B-00C04F79EFBC}") = "Visy.Middleware.LGX.CUB.Schemas", "Visy.Middleware.LGX.CUB.Schemas\Visy.Middleware.LGX.CUB.Schemas.btproj", "{F1E59F6C-4BAD-488C-BDAF-C541D46C1C5C}"
EndProject
Project("{FAE04EC0-301F-11D3-BF4B-00C04F79EFBC}") = "Visy.Middleware.LGX.CUB.Maps", "Visy.Middleware.LGX.CUB.Maps\Visy.Middleware.LGX.CUB.Maps.btproj", "{2E53AC66-5AFC-424F-949D-3BCFCE97B36B}"
EndProject
Project("{FAE04EC0-301F-11D3-BF4B-00C04F79EFBC}") = "Visy.Middleware.LGX.CUB.Pipelines", "Visy.Middleware.LGX.CUB.Pipelines\Visy.Middleware.LGX.CUB.Pipelines.btproj", "{C4398EF7-53D1-49F7-94F3-AC93F4389037}"
EndProject
Project("{FAE04EC0-301F-11D3-BF4B-00C04F79EFBC}") = "Visy.Middleware.LGX.CUB.Orchestrations", "Visy.Middleware.LGX.CUB.Orchestrations\Visy.Middleware.LGX.CUB.Orchestrations.btproj", "{AC45C7B9-8E7F-4D8F-AD14-67FBC482180A}"
EndProject
Project("{2150E333-8FDC-42A3-9474-1A3956D46DE8}") = "BindingInfo", "BindingInfo", "{796D1727-5CF2-4B57-9182-B0C06B786FD7}"
	ProjectSection(SolutionItems) = preProject
		BindingInfo\LGX.CUB.BindingInfo.Dev.xml = BindingInfo\LGX.CUB.BindingInfo.Dev.xml
		BindingInfo\LGX.CUB.BindingInfo.Prod.xml = BindingInfo\LGX.CUB.BindingInfo.Prod.xml
	EndProjectSection
EndProject
Project("{FAE04EC0-301F-11D3-BF4B-00C04F79EFBC}") = "Visy.Middleware.LGX.CUB.Components", "Visy.Middleware.LGX.CUB.Components\Visy.Middleware.LGX.CUB.Components.csproj", "{850CDF67-8824-4279-85B8-74718066E055}"
EndProject
Project("{FAE04EC0-301F-11D3-BF4B-00C04F79EFBC}") = "Visy.Middleware.LGX.CUB.PipelineComponents", "Visy.Middleware.LGX.CUB.PipelineComponents\Visy.Middleware.LGX.CUB.PipelineComponents.csproj", "{0997991A-920E-45EB-90F6-E7DB28ADE9F4}"
EndProject
Project("{FAE04EC0-301F-11D3-BF4B-00C04F79EFBC}") = "Visy.Middleware.LGX.CUB.UnitTest", "Visy.Middleware.LGX.CUB.UnitTest\Visy.Middleware.LGX.CUB.UnitTest.csproj", "{AC4E5BAB-F0FF-4A49-84E6-6BAAF7CEEBF7}"
EndProject
Global
	GlobalSection(SolutionConfigurationPlatforms) = preSolution
		Debug|Any CPU = Debug|Any CPU
		Release|Any CPU = Release|Any CPU
	EndGlobalSection
	GlobalSection(ProjectConfigurationPlatforms) = postSolution
		{F1E59F6C-4BAD-488C-BDAF-C541D46C1C5C}.Debug|Any CPU.ActiveCfg = Debug|Any CPU
		{F1E59F6C-4BAD-488C-BDAF-C541D46C1C5C}.Debug|Any CPU.Build.0 = Debug|Any CPU
		{F1E59F6C-4BAD-488C-BDAF-C541D46C1C5C}.Debug|Any CPU.Deploy.0 = Debug|Any CPU
		{F1E59F6C-4BAD-488C-BDAF-C541D46C1C5C}.Release|Any CPU.ActiveCfg = Release|Any CPU
		{F1E59F6C-4BAD-488C-BDAF-C541D46C1C5C}.Release|Any CPU.Build.0 = Release|Any CPU
		{F1E59F6C-4BAD-488C-BDAF-C541D46C1C5C}.Release|Any CPU.Deploy.0 = Release|Any CPU
		{2E53AC66-5AFC-424F-949D-3BCFCE97B36B}.Debug|Any CPU.ActiveCfg = Debug|Any CPU
		{2E53AC66-5AFC-424F-949D-3BCFCE97B36B}.Debug|Any CPU.Build.0 = Debug|Any CPU
		{2E53AC66-5AFC-424F-949D-3BCFCE97B36B}.Debug|Any CPU.Deploy.0 = Debug|Any CPU
		{2E53AC66-5AFC-424F-949D-3BCFCE97B36B}.Release|Any CPU.ActiveCfg = Release|Any CPU
		{2E53AC66-5AFC-424F-949D-3BCFCE97B36B}.Release|Any CPU.Build.0 = Release|Any CPU
		{2E53AC66-5AFC-424F-949D-3BCFCE97B36B}.Release|Any CPU.Deploy.0 = Release|Any CPU
		{C4398EF7-53D1-49F7-94F3-AC93F4389037}.Debug|Any CPU.ActiveCfg = Debug|Any CPU
		{C4398EF7-53D1-49F7-94F3-AC93F4389037}.Debug|Any CPU.Build.0 = Debug|Any CPU
		{C4398EF7-53D1-49F7-94F3-AC93F4389037}.Debug|Any CPU.Deploy.0 = Debug|Any CPU
		{C4398EF7-53D1-49F7-94F3-AC93F4389037}.Release|Any CPU.ActiveCfg = Release|Any CPU
		{C4398EF7-53D1-49F7-94F3-AC93F4389037}.Release|Any CPU.Build.0 = Release|Any CPU
		{C4398EF7-53D1-49F7-94F3-AC93F4389037}.Release|Any CPU.Deploy.0 = Release|Any CPU
		{AC45C7B9-8E7F-4D8F-AD14-67FBC482180A}.Debug|Any CPU.ActiveCfg = Debug|Any CPU
		{AC45C7B9-8E7F-4D8F-AD14-67FBC482180A}.Debug|Any CPU.Build.0 = Debug|Any CPU
		{AC45C7B9-8E7F-4D8F-AD14-67FBC482180A}.Debug|Any CPU.Deploy.0 = Debug|Any CPU
		{AC45C7B9-8E7F-4D8F-AD14-67FBC482180A}.Release|Any CPU.ActiveCfg = Release|Any CPU
		{AC45C7B9-8E7F-4D8F-AD14-67FBC482180A}.Release|Any CPU.Build.0 = Release|Any CPU
		{AC45C7B9-8E7F-4D8F-AD14-67FBC482180A}.Release|Any CPU.Deploy.0 = Release|Any CPU
		{850CDF67-8824-4279-85B8-74718066E055}.Debug|Any CPU.ActiveCfg = Debug|Any CPU
		{850CDF67-8824-4279-85B8-74718066E055}.Debug|Any CPU.Build.0 = Debug|Any CPU
		{850CDF67-8824-4279-85B8-74718066E055}.Release|Any CPU.ActiveCfg = Release|Any CPU
		{850CDF67-8824-4279-85B8-74718066E055}.Release|Any CPU.Build.0 = Release|Any CPU
		{0997991A-920E-45EB-90F6-E7DB28ADE9F4}.Debug|Any CPU.ActiveCfg = Debug|Any CPU
		{0997991A-920E-45EB-90F6-E7DB28ADE9F4}.Debug|Any CPU.Build.0 = Debug|Any CPU
		{0997991A-920E-45EB-90F6-E7DB28ADE9F4}.Release|Any CPU.ActiveCfg = Release|Any CPU
		{0997991A-920E-45EB-90F6-E7DB28ADE9F4}.Release|Any CPU.Build.0 = Release|Any CPU
		{AC4E5BAB-F0FF-4A49-84E6-6BAAF7CEEBF7}.Debug|Any CPU.ActiveCfg = Debug|Any CPU
		{AC4E5BAB-F0FF-4A49-84E6-6BAAF7CEEBF7}.Debug|Any CPU.Build.0 = Debug|Any CPU
		{AC4E5BAB-F0FF-4A49-84E6-6BAAF7CEEBF7}.Release|Any CPU.ActiveCfg = Release|Any CPU
		{AC4E5BAB-F0FF-4A49-84E6-6BAAF7CEEBF7}.Release|Any CPU.Build.0 = Release|Any CPU
	EndGlobalSection
	GlobalSection(SolutionProperties) = preSolution
		HideSolutionNode = FALSE
	EndGlobalSection
EndGlobal
