
Microsoft Visual Studio Solution File, Format Version 12.00
# Visual Studio 14
VisualStudioVersion = 14.0.25420.1
MinimumVisualStudioVersion = 10.0.40219.1
Project("{FAE04EC0-301F-11D3-BF4B-00C04F79EFBC}") = "Visy.Middleware.LGX.Warburn.Schemas", "Visy.Middleware.LGX.Warburn.Schemas\Visy.Middleware.LGX.Warburn.Schemas.btproj", "{F4819439-20A2-4104-913F-09AFF299D9B2}"
EndProject
Project("{FAE04EC0-301F-11D3-BF4B-00C04F79EFBC}") = "Visy.Middleware.LGX.Warburn.Pipelines", "Visy.Middleware.LGX.Warburn.Pipelines\Visy.Middleware.LGX.Warburn.Pipelines.btproj", "{C44513A9-17E5-4477-824D-6D3B09FAAA58}"
EndProject
Project("{FAE04EC0-301F-11D3-BF4B-00C04F79EFBC}") = "Visy.Middleware.LGX.Warburn.Maps", "Visy.Middleware.LGX.Warburn.Maps\Visy.Middleware.LGX.Warburn.Maps.btproj", "{71A044C3-82C4-4FB3-81A8-D05BF918FC4B}"
EndProject
Project("{2150E333-8FDC-42A3-9474-1A3956D46DE8}") = "BindingInfo", "BindingInfo", "{C88DDFE6-78AB-49DB-8E21-8714BAA51597}"
	ProjectSection(SolutionItems) = preProject
		BindingInfo\LGX.Warburn.BindingInfo.Dev.xml = BindingInfo\LGX.Warburn.BindingInfo.Dev.xml
		BindingInfo\LGX.Warburn.BindingInfo.Prod.xml = BindingInfo\LGX.Warburn.BindingInfo.Prod.xml
	EndProjectSection
EndProject
Global
	GlobalSection(SolutionConfigurationPlatforms) = preSolution
		Debug|Any CPU = Debug|Any CPU
		Release|Any CPU = Release|Any CPU
	EndGlobalSection
	GlobalSection(ProjectConfigurationPlatforms) = postSolution
		{F4819439-20A2-4104-913F-09AFF299D9B2}.Debug|Any CPU.ActiveCfg = Debug|Any CPU
		{F4819439-20A2-4104-913F-09AFF299D9B2}.Debug|Any CPU.Build.0 = Debug|Any CPU
		{F4819439-20A2-4104-913F-09AFF299D9B2}.Debug|Any CPU.Deploy.0 = Debug|Any CPU
		{F4819439-20A2-4104-913F-09AFF299D9B2}.Release|Any CPU.ActiveCfg = Release|Any CPU
		{F4819439-20A2-4104-913F-09AFF299D9B2}.Release|Any CPU.Build.0 = Release|Any CPU
		{F4819439-20A2-4104-913F-09AFF299D9B2}.Release|Any CPU.Deploy.0 = Release|Any CPU
		{C44513A9-17E5-4477-824D-6D3B09FAAA58}.Debug|Any CPU.ActiveCfg = Debug|Any CPU
		{C44513A9-17E5-4477-824D-6D3B09FAAA58}.Debug|Any CPU.Build.0 = Debug|Any CPU
		{C44513A9-17E5-4477-824D-6D3B09FAAA58}.Debug|Any CPU.Deploy.0 = Debug|Any CPU
		{C44513A9-17E5-4477-824D-6D3B09FAAA58}.Release|Any CPU.ActiveCfg = Release|Any CPU
		{C44513A9-17E5-4477-824D-6D3B09FAAA58}.Release|Any CPU.Build.0 = Release|Any CPU
		{C44513A9-17E5-4477-824D-6D3B09FAAA58}.Release|Any CPU.Deploy.0 = Release|Any CPU
		{71A044C3-82C4-4FB3-81A8-D05BF918FC4B}.Debug|Any CPU.ActiveCfg = Debug|Any CPU
		{71A044C3-82C4-4FB3-81A8-D05BF918FC4B}.Debug|Any CPU.Build.0 = Debug|Any CPU
		{71A044C3-82C4-4FB3-81A8-D05BF918FC4B}.Debug|Any CPU.Deploy.0 = Debug|Any CPU
		{71A044C3-82C4-4FB3-81A8-D05BF918FC4B}.Release|Any CPU.ActiveCfg = Release|Any CPU
		{71A044C3-82C4-4FB3-81A8-D05BF918FC4B}.Release|Any CPU.Build.0 = Release|Any CPU
		{71A044C3-82C4-4FB3-81A8-D05BF918FC4B}.Release|Any CPU.Deploy.0 = Release|Any CPU
	EndGlobalSection
	GlobalSection(SolutionProperties) = preSolution
		HideSolutionNode = FALSE
	EndGlobalSection
EndGlobal
