
Microsoft Visual Studio Solution File, Format Version 12.00
# Visual Studio 14
VisualStudioVersion = 14.0.25420.1
MinimumVisualStudioVersion = 10.0.40219.1
Project("{FAE04EC0-301F-11D3-BF4B-00C04F79EFBC}") = "Visy.Middleware.LGX.GardenCityPlastics.Schemas", "Visy.Middleware.LGX.GardenCityPlastics.Schemas\Visy.Middleware.LGX.GardenCityPlastics.Schemas.btproj", "{ABB948C2-EE58-4229-9DE6-07E93C6BC120}"
EndProject
Project("{FAE04EC0-301F-11D3-BF4B-00C04F79EFBC}") = "Visy.Middleware.LGX.GardenCityPlastics.Pipelines", "Visy.Middleware.LGX.GardenCityPlastics.Pipelines\Visy.Middleware.LGX.GardenCityPlastics.Pipelines.btproj", "{7DCCC050-6670-41F1-9934-F9B87E72B399}"
EndProject
Project("{FAE04EC0-301F-11D3-BF4B-00C04F79EFBC}") = "Visy.Middleware.LGX.GardenCityPlastics.Maps", "Visy.Middleware.LGX.GardenCityPlastics.Maps\Visy.Middleware.LGX.GardenCityPlastics.Maps.btproj", "{C7219958-399E-4B5B-B528-4AF9BDCB0D7E}"
EndProject
Project("{2150E333-8FDC-42A3-9474-1A3956D46DE8}") = "BindingInfo", "BindingInfo", "{F6BA4B86-0501-458E-9C07-1948FC415729}"
	ProjectSection(SolutionItems) = preProject
		BindingInfo\LGX.GardenCityPlastics.BindingInfo.Dev.xml = BindingInfo\LGX.GardenCityPlastics.BindingInfo.Dev.xml
		BindingInfo\LGX.GardenCityPlastics.BindingInfo.Prod.xml = BindingInfo\LGX.GardenCityPlastics.BindingInfo.Prod.xml
	EndProjectSection
EndProject
Project("{FAE04EC0-301F-11D3-BF4B-00C04F79EFBC}") = "Visy.Middleware.LGX.GCP.Orchestrations", "Visy.Middleware.LGX.GCP.Orchestrations\Visy.Middleware.LGX.GCP.Orchestrations.btproj", "{AD88D2A9-74A8-4084-8227-51D65C4D6248}"
EndProject
Global
	GlobalSection(SolutionConfigurationPlatforms) = preSolution
		Debug|Any CPU = Debug|Any CPU
		Release|Any CPU = Release|Any CPU
	EndGlobalSection
	GlobalSection(ProjectConfigurationPlatforms) = postSolution
		{ABB948C2-EE58-4229-9DE6-07E93C6BC120}.Debug|Any CPU.ActiveCfg = Debug|Any CPU
		{ABB948C2-EE58-4229-9DE6-07E93C6BC120}.Debug|Any CPU.Build.0 = Debug|Any CPU
		{ABB948C2-EE58-4229-9DE6-07E93C6BC120}.Debug|Any CPU.Deploy.0 = Debug|Any CPU
		{ABB948C2-EE58-4229-9DE6-07E93C6BC120}.Release|Any CPU.ActiveCfg = Release|Any CPU
		{ABB948C2-EE58-4229-9DE6-07E93C6BC120}.Release|Any CPU.Build.0 = Release|Any CPU
		{ABB948C2-EE58-4229-9DE6-07E93C6BC120}.Release|Any CPU.Deploy.0 = Release|Any CPU
		{7DCCC050-6670-41F1-9934-F9B87E72B399}.Debug|Any CPU.ActiveCfg = Debug|Any CPU
		{7DCCC050-6670-41F1-9934-F9B87E72B399}.Debug|Any CPU.Build.0 = Debug|Any CPU
		{7DCCC050-6670-41F1-9934-F9B87E72B399}.Debug|Any CPU.Deploy.0 = Debug|Any CPU
		{7DCCC050-6670-41F1-9934-F9B87E72B399}.Release|Any CPU.ActiveCfg = Release|Any CPU
		{7DCCC050-6670-41F1-9934-F9B87E72B399}.Release|Any CPU.Build.0 = Release|Any CPU
		{7DCCC050-6670-41F1-9934-F9B87E72B399}.Release|Any CPU.Deploy.0 = Release|Any CPU
		{C7219958-399E-4B5B-B528-4AF9BDCB0D7E}.Debug|Any CPU.ActiveCfg = Debug|Any CPU
		{C7219958-399E-4B5B-B528-4AF9BDCB0D7E}.Debug|Any CPU.Build.0 = Debug|Any CPU
		{C7219958-399E-4B5B-B528-4AF9BDCB0D7E}.Debug|Any CPU.Deploy.0 = Debug|Any CPU
		{C7219958-399E-4B5B-B528-4AF9BDCB0D7E}.Release|Any CPU.ActiveCfg = Release|Any CPU
		{C7219958-399E-4B5B-B528-4AF9BDCB0D7E}.Release|Any CPU.Build.0 = Release|Any CPU
		{C7219958-399E-4B5B-B528-4AF9BDCB0D7E}.Release|Any CPU.Deploy.0 = Release|Any CPU
		{AD88D2A9-74A8-4084-8227-51D65C4D6248}.Debug|Any CPU.ActiveCfg = Debug|Any CPU
		{AD88D2A9-74A8-4084-8227-51D65C4D6248}.Debug|Any CPU.Build.0 = Debug|Any CPU
		{AD88D2A9-74A8-4084-8227-51D65C4D6248}.Debug|Any CPU.Deploy.0 = Debug|Any CPU
		{AD88D2A9-74A8-4084-8227-51D65C4D6248}.Release|Any CPU.ActiveCfg = Release|Any CPU
		{AD88D2A9-74A8-4084-8227-51D65C4D6248}.Release|Any CPU.Build.0 = Release|Any CPU
		{AD88D2A9-74A8-4084-8227-51D65C4D6248}.Release|Any CPU.Deploy.0 = Release|Any CPU
	EndGlobalSection
	GlobalSection(SolutionProperties) = preSolution
		HideSolutionNode = FALSE
	EndGlobalSection
EndGlobal
