
Microsoft Visual Studio Solution File, Format Version 12.00
# Visual Studio 14
VisualStudioVersion = 14.0.25420.1
MinimumVisualStudioVersion = 10.0.40219.1
Project("{FAE04EC0-301F-11D3-BF4B-00C04F79EFBC}") = "Visy.Middleware.LGX.Orders.DelimitedFF.PipelineComponents", "Visy.Middleware.LGX.Orders.DelimitedFF.PipelineComponents\Visy.Middleware.LGX.Orders.DelimitedFF.PipelineComponents.btproj", "{C81BACCE-8F8E-4C2C-A551-6FEF6586CB17}"
EndProject
Project("{FAE04EC0-301F-11D3-BF4B-00C04F79EFBC}") = "Visy.Middleware.LGX.Orders.DelimitedFF.Pipelines", "Visy.Middleware.LGX.Orders.DelimitedFF.Pipelines\Visy.Middleware.LGX.Orders.DelimitedFF.Pipelines.btproj", "{81CEECC2-170B-4FC1-B247-F929232BC659}"
EndProject
Project("{2150E333-8FDC-42A3-9474-1A3956D46DE8}") = "BindingInfo", "BindingInfo", "{751BB25C-D868-480B-95CA-2EBBBAC28D88}"
	ProjectSection(SolutionItems) = preProject
		BindingInfo\LGX.Orders.DelimitedFF.BindingInfo.Dev.xml = BindingInfo\LGX.Orders.DelimitedFF.BindingInfo.Dev.xml
		BindingInfo\LGX.Orders.DelimitedFF.BindingInfo.Prod.xml = BindingInfo\LGX.Orders.DelimitedFF.BindingInfo.Prod.xml
	EndProjectSection
EndProject
Global
	GlobalSection(SolutionConfigurationPlatforms) = preSolution
		Debug|Any CPU = Debug|Any CPU
		Release|Any CPU = Release|Any CPU
	EndGlobalSection
	GlobalSection(ProjectConfigurationPlatforms) = postSolution
		{C81BACCE-8F8E-4C2C-A551-6FEF6586CB17}.Debug|Any CPU.ActiveCfg = Debug|Any CPU
		{C81BACCE-8F8E-4C2C-A551-6FEF6586CB17}.Debug|Any CPU.Build.0 = Debug|Any CPU
		{C81BACCE-8F8E-4C2C-A551-6FEF6586CB17}.Debug|Any CPU.Deploy.0 = Debug|Any CPU
		{C81BACCE-8F8E-4C2C-A551-6FEF6586CB17}.Release|Any CPU.ActiveCfg = Release|Any CPU
		{C81BACCE-8F8E-4C2C-A551-6FEF6586CB17}.Release|Any CPU.Build.0 = Release|Any CPU
		{C81BACCE-8F8E-4C2C-A551-6FEF6586CB17}.Release|Any CPU.Deploy.0 = Release|Any CPU
		{81CEECC2-170B-4FC1-B247-F929232BC659}.Debug|Any CPU.ActiveCfg = Debug|Any CPU
		{81CEECC2-170B-4FC1-B247-F929232BC659}.Debug|Any CPU.Build.0 = Debug|Any CPU
		{81CEECC2-170B-4FC1-B247-F929232BC659}.Debug|Any CPU.Deploy.0 = Debug|Any CPU
		{81CEECC2-170B-4FC1-B247-F929232BC659}.Release|Any CPU.ActiveCfg = Release|Any CPU
		{81CEECC2-170B-4FC1-B247-F929232BC659}.Release|Any CPU.Build.0 = Release|Any CPU
		{81CEECC2-170B-4FC1-B247-F929232BC659}.Release|Any CPU.Deploy.0 = Release|Any CPU
	EndGlobalSection
	GlobalSection(SolutionProperties) = preSolution
		HideSolutionNode = FALSE
	EndGlobalSection
EndGlobal
