
Microsoft Visual Studio Solution File, Format Version 12.00
# Visual Studio 14
VisualStudioVersion = 14.0.25420.1
MinimumVisualStudioVersion = 10.0.40219.1
Project("{FAE04EC0-301F-11D3-BF4B-00C04F79EFBC}") = "Visy.Middleware.LGX.LinleyValleyPork.Schemas", "Visy.Middleware.LGX.LinleyValleyPork.Schemas\Visy.Middleware.LGX.LinleyValleyPork.Schemas.btproj", "{318F8583-C3F6-40A3-A717-BE669CEE3320}"
EndProject
Project("{FAE04EC0-301F-11D3-BF4B-00C04F79EFBC}") = "Visy.Middleware.LGX.LinleyValleyPork.Maps", "Visy.Middleware.LGX.LinleyValleyPork.Maps\Visy.Middleware.LGX.LinleyValleyPork.Maps.btproj", "{847E7997-5660-4F6B-9A77-F883B5585FED}"
EndProject
Project("{FAE04EC0-301F-11D3-BF4B-00C04F79EFBC}") = "Visy.Middleware.LGX.LinleyValleyPork.Orchestrations", "Visy.Middleware.LGX.LinleyValleyPork.Orchestrations\Visy.Middleware.LGX.LinleyValleyPork.Orchestrations.btproj", "{7B36AF2F-6EA9-4C5A-A81F-1A38452459C7}"
EndProject
Project("{FAE04EC0-301F-11D3-BF4B-00C04F79EFBC}") = "Visy.Middleware.LGX.LinleyValleyPork.Pipelines", "Visy.Middleware.LGX.LinleyValleyPork.Pipelines\Visy.Middleware.LGX.LinleyValleyPork.Pipelines.btproj", "{3C8FEEBB-6782-4898-833C-07D90380B753}"
EndProject
Project("{2150E333-8FDC-42A3-9474-1A3956D46DE8}") = "BindingInfo", "BindingInfo", "{1B976D6B-7C05-4F73-9803-9E5097F5C1AE}"
	ProjectSection(SolutionItems) = preProject
		BindingInfo\LGX.LinleyValleyPork.BindingInfo.Dev.xml = BindingInfo\LGX.LinleyValleyPork.BindingInfo.Dev.xml
		BindingInfo\LGX.LinleyValleyPork.BindingInfo.Prod.xml = BindingInfo\LGX.LinleyValleyPork.BindingInfo.Prod.xml
	EndProjectSection
EndProject
Global
	GlobalSection(SolutionConfigurationPlatforms) = preSolution
		Debug|Any CPU = Debug|Any CPU
		Release|Any CPU = Release|Any CPU
	EndGlobalSection
	GlobalSection(ProjectConfigurationPlatforms) = postSolution
		{318F8583-C3F6-40A3-A717-BE669CEE3320}.Debug|Any CPU.ActiveCfg = Debug|Any CPU
		{318F8583-C3F6-40A3-A717-BE669CEE3320}.Debug|Any CPU.Build.0 = Debug|Any CPU
		{318F8583-C3F6-40A3-A717-BE669CEE3320}.Debug|Any CPU.Deploy.0 = Debug|Any CPU
		{318F8583-C3F6-40A3-A717-BE669CEE3320}.Release|Any CPU.ActiveCfg = Release|Any CPU
		{318F8583-C3F6-40A3-A717-BE669CEE3320}.Release|Any CPU.Build.0 = Release|Any CPU
		{318F8583-C3F6-40A3-A717-BE669CEE3320}.Release|Any CPU.Deploy.0 = Release|Any CPU
		{847E7997-5660-4F6B-9A77-F883B5585FED}.Debug|Any CPU.ActiveCfg = Debug|Any CPU
		{847E7997-5660-4F6B-9A77-F883B5585FED}.Debug|Any CPU.Build.0 = Debug|Any CPU
		{847E7997-5660-4F6B-9A77-F883B5585FED}.Debug|Any CPU.Deploy.0 = Debug|Any CPU
		{847E7997-5660-4F6B-9A77-F883B5585FED}.Release|Any CPU.ActiveCfg = Release|Any CPU
		{847E7997-5660-4F6B-9A77-F883B5585FED}.Release|Any CPU.Build.0 = Release|Any CPU
		{847E7997-5660-4F6B-9A77-F883B5585FED}.Release|Any CPU.Deploy.0 = Release|Any CPU
		{7B36AF2F-6EA9-4C5A-A81F-1A38452459C7}.Debug|Any CPU.ActiveCfg = Debug|Any CPU
		{7B36AF2F-6EA9-4C5A-A81F-1A38452459C7}.Debug|Any CPU.Build.0 = Debug|Any CPU
		{7B36AF2F-6EA9-4C5A-A81F-1A38452459C7}.Debug|Any CPU.Deploy.0 = Debug|Any CPU
		{7B36AF2F-6EA9-4C5A-A81F-1A38452459C7}.Release|Any CPU.ActiveCfg = Release|Any CPU
		{7B36AF2F-6EA9-4C5A-A81F-1A38452459C7}.Release|Any CPU.Build.0 = Release|Any CPU
		{7B36AF2F-6EA9-4C5A-A81F-1A38452459C7}.Release|Any CPU.Deploy.0 = Release|Any CPU
		{3C8FEEBB-6782-4898-833C-07D90380B753}.Debug|Any CPU.ActiveCfg = Debug|Any CPU
		{3C8FEEBB-6782-4898-833C-07D90380B753}.Debug|Any CPU.Build.0 = Debug|Any CPU
		{3C8FEEBB-6782-4898-833C-07D90380B753}.Debug|Any CPU.Deploy.0 = Debug|Any CPU
		{3C8FEEBB-6782-4898-833C-07D90380B753}.Release|Any CPU.ActiveCfg = Release|Any CPU
		{3C8FEEBB-6782-4898-833C-07D90380B753}.Release|Any CPU.Build.0 = Release|Any CPU
		{3C8FEEBB-6782-4898-833C-07D90380B753}.Release|Any CPU.Deploy.0 = Release|Any CPU
	EndGlobalSection
	GlobalSection(SolutionProperties) = preSolution
		HideSolutionNode = FALSE
	EndGlobalSection
EndGlobal
