
Microsoft Visual Studio Solution File, Format Version 12.00
# Visual Studio 14
VisualStudioVersion = 14.0.25420.1
MinimumVisualStudioVersion = 10.0.40219.1
Project("{FAE04EC0-301F-11D3-BF4B-00C04F79EFBC}") = "Visy.Middleware.Pipelines.CSVSplitter", "Visy.Middleware.Pipelines.CSVSplitter\Visy.Middleware.Pipelines.CSVSplitter.btproj", "{3A6D123C-A9D7-47F1-96F4-3D2DFF2F48A7}"
EndProject
Project("{FAE04EC0-301F-11D3-BF4B-00C04F79EFBC}") = "Visy.Middleware.Pipelines.GroupByCSV", "Visy.Middleware.Pipelines.GroupByCSV\Visy.Middleware.Pipelines.GroupByCSV.btproj", "{4610F31D-12DB-43C1-B5F8-49423FC27FA5}"
EndProject
Project("{FAE04EC0-301F-11D3-BF4B-00C04F79EFBC}") = "Visy.Middleware.Pipelines.ContextArchiver", "Visy.Middleware.Pipelines.ContextArchiver\Visy.Middleware.Pipelines.ContextArchiver.btproj", "{688EF2D3-A89C-49DB-87D8-D3BCE759E1AF}"
EndProject
Project("{FAE04EC0-301F-11D3-BF4B-00C04F79EFBC}") = "Visy.Middleware.Pipelines.PromoteMimeAttachmentFileName", "Visy.Middleware.Pipelines.PromoteMimeAttachmentFileName\Visy.Middleware.Pipelines.PromoteMimeAttachmentFileName.btproj", "{85763D11-E300-4A57-9805-1395FCD4AF4E}"
EndProject
Project("{FAE04EC0-301F-11D3-BF4B-00C04F79EFBC}") = "Visy.Middleware.Pipelines.ExcelToXML", "Visy.Middleware.Pipelines.ExcelToXML\Visy.Middleware.Pipelines.ExcelToXML.btproj", "{AEC26B44-6AC5-476B-AEF2-BD3846436762}"
EndProject
Project("{FAE04EC0-301F-11D3-BF4B-00C04F79EFBC}") = "Visy.Middleware.Pipelines.FileZip", "Visy.Middleware.Pipelines.FileZip\Visy.Middleware.Pipelines.FileZip.btproj", "{7F7F17D6-412A-43CE-8C37-DE36E97526C1}"
EndProject
Project("{FAE04EC0-301F-11D3-BF4B-00C04F79EFBC}") = "Visy.Middleware.Pipelines.XLSXToXML", "Visy.Middleware.Pipelines.XLSXToXML\Visy.Middleware.Pipelines.XLSXToXML.btproj", "{FD82A22C-75E5-4869-B3D8-01F65330E995}"
EndProject
Project("{FAE04EC0-301F-11D3-BF4B-00C04F79EFBC}") = "Visy.Middleware.Pipelines.ExcelOrderToXML", "Visy.Middleware.Pipelines.ExcelOrderToXML\Visy.Middleware.Pipelines.ExcelOrderToXML.btproj", "{CEA9F854-DAE9-41F4-B76B-BDB4D11FA743}"
EndProject
Project("{FAE04EC0-301F-11D3-BF4B-00C04F79EFBC}") = "Visy.Middleware.Pipelines.StringReplacer", "Visy.Middleware.Pipelines.StringReplacer\Visy.Middleware.Pipelines.StringReplacer.btproj", "{712436DF-18BF-4292-BEC1-CA1A077C2E3E}"
EndProject
Project("{FAE04EC0-301F-11D3-BF4B-00C04F79EFBC}") = "Visy.Middleware.Pipelines.ContextPromoter", "Visy.Middleware.Pipelines.ContextPromoter\Visy.Middleware.Pipelines.ContextPromoter.btproj", "{AA3D8FEC-3A8A-40E1-B60F-389231C8FE04}"
EndProject
Project("{FAE04EC0-301F-11D3-BF4B-00C04F79EFBC}") = "Visy.Middleware.Pipelines.ExcelOrderExtendedToXML", "Visy.Middleware.Pipelines.ExcelOrderExtendedToXML\Visy.Middleware.Pipelines.ExcelOrderExtendedToXML.btproj", "{ABE1DF80-950E-4DDA-898A-DB7ECF316922}"
EndProject
Project("{FAE04EC0-301F-11D3-BF4B-00C04F79EFBC}") = "Visy.Middleware.Pipelines.BatchComponent", "Visy.Middleware.Pipelines.BatchComponent\Visy.Middleware.Pipelines.BatchComponent.btproj", "{E2FE09C6-33F6-4C27-BCEB-1D16E6F45F84}"
EndProject
Project("{FAE04EC0-301F-11D3-BF4B-00C04F79EFBC}") = "Visy.Middleware.Pipelines.ReplaceNamespace", "Visy.Middleware.Pipelines.ReplaceNamespace\Visy.Middleware.Pipelines.ReplaceNamespace.btproj", "{0FFA058C-7320-40AD-824B-51BA66688D8C}"
EndProject
Project("{FAE04EC0-301F-11D3-BF4B-00C04F79EFBC}") = "Visy.Middleware.Pipelines.ExcelForeCastToXML", "Visy.Middleware.Pipelines.ExcelForeCastToXML\Visy.Middleware.Pipelines.ExcelForeCastToXML.btproj", "{E0E2FFDB-E77F-49B8-AFED-8260D9C2845B}"
EndProject
Project("{FAE04EC0-301F-11D3-BF4B-00C04F79EFBC}") = "Visy.Middleware.Pipelines.BatchComponentFull", "Visy.Middleware.Pipelines.BatchComponentFull\Visy.Middleware.Pipelines.BatchComponentFull.btproj", "{FEFBBF6A-90D5-44D4-A247-6537F1BAA47B}"
EndProject
Project("{FAE04EC0-301F-11D3-BF4B-00C04F79EFBC}") = "Visy.Middleware.Pipelines.UnZip", "Visy.Middleware.Pipelines.UnZip\Visy.Middleware.Pipelines.UnZip.btproj", "{0D5B8634-21CD-447B-86F6-4728C562231D}"
EndProject
Project("{FAE04EC0-301F-11D3-BF4B-00C04F79EFBC}") = "Visy.Middleware.Pipelines.ExcelForceXlsx", "Visy.Middleware.Pipelines.ExcelForceXlsx\Visy.Middleware.Pipelines.ExcelForceXlsx.btproj", "{D2B3E99E-73FC-4049-A0AA-0527F68DA105}"
EndProject
Project("{FAE04EC0-301F-11D3-BF4B-00C04F79EFBC}") = "Visy.Middleware.Pipelines.TesterApp", "Visy.Middleware.Pipelines.TesterApp\Visy.Middleware.Pipelines.TesterApp.csproj", "{865DD5D6-0415-4C90-9B2E-D123695711CE}"
EndProject
Project("{FAE04EC0-301F-11D3-BF4B-00C04F79EFBC}") = "Visy.Middleware.Pipelines.DocTypeAssembler", "Visy.Middleware.Pipelines.DocTypeAssembler\Visy.Middleware.Pipelines.DocTypeAssembler.btproj", "{99EBB141-C1D7-4C9A-BC61-32B5D57D1340}"
EndProject
Global
	GlobalSection(SolutionConfigurationPlatforms) = preSolution
		Debug|Any CPU = Debug|Any CPU
		Release|Any CPU = Release|Any CPU
	EndGlobalSection
	GlobalSection(ProjectConfigurationPlatforms) = postSolution
		{3A6D123C-A9D7-47F1-96F4-3D2DFF2F48A7}.Debug|Any CPU.ActiveCfg = Debug|Any CPU
		{3A6D123C-A9D7-47F1-96F4-3D2DFF2F48A7}.Debug|Any CPU.Build.0 = Debug|Any CPU
		{3A6D123C-A9D7-47F1-96F4-3D2DFF2F48A7}.Debug|Any CPU.Deploy.0 = Debug|Any CPU
		{3A6D123C-A9D7-47F1-96F4-3D2DFF2F48A7}.Release|Any CPU.ActiveCfg = Release|Any CPU
		{3A6D123C-A9D7-47F1-96F4-3D2DFF2F48A7}.Release|Any CPU.Build.0 = Release|Any CPU
		{3A6D123C-A9D7-47F1-96F4-3D2DFF2F48A7}.Release|Any CPU.Deploy.0 = Release|Any CPU
		{4610F31D-12DB-43C1-B5F8-49423FC27FA5}.Debug|Any CPU.ActiveCfg = Debug|Any CPU
		{4610F31D-12DB-43C1-B5F8-49423FC27FA5}.Debug|Any CPU.Build.0 = Debug|Any CPU
		{4610F31D-12DB-43C1-B5F8-49423FC27FA5}.Debug|Any CPU.Deploy.0 = Debug|Any CPU
		{4610F31D-12DB-43C1-B5F8-49423FC27FA5}.Release|Any CPU.ActiveCfg = Release|Any CPU
		{4610F31D-12DB-43C1-B5F8-49423FC27FA5}.Release|Any CPU.Build.0 = Release|Any CPU
		{4610F31D-12DB-43C1-B5F8-49423FC27FA5}.Release|Any CPU.Deploy.0 = Release|Any CPU
		{688EF2D3-A89C-49DB-87D8-D3BCE759E1AF}.Debug|Any CPU.ActiveCfg = Debug|Any CPU
		{688EF2D3-A89C-49DB-87D8-D3BCE759E1AF}.Debug|Any CPU.Build.0 = Debug|Any CPU
		{688EF2D3-A89C-49DB-87D8-D3BCE759E1AF}.Debug|Any CPU.Deploy.0 = Debug|Any CPU
		{688EF2D3-A89C-49DB-87D8-D3BCE759E1AF}.Release|Any CPU.ActiveCfg = Release|Any CPU
		{688EF2D3-A89C-49DB-87D8-D3BCE759E1AF}.Release|Any CPU.Build.0 = Release|Any CPU
		{688EF2D3-A89C-49DB-87D8-D3BCE759E1AF}.Release|Any CPU.Deploy.0 = Release|Any CPU
		{85763D11-E300-4A57-9805-1395FCD4AF4E}.Debug|Any CPU.ActiveCfg = Debug|Any CPU
		{85763D11-E300-4A57-9805-1395FCD4AF4E}.Debug|Any CPU.Build.0 = Debug|Any CPU
		{85763D11-E300-4A57-9805-1395FCD4AF4E}.Debug|Any CPU.Deploy.0 = Debug|Any CPU
		{85763D11-E300-4A57-9805-1395FCD4AF4E}.Release|Any CPU.ActiveCfg = Release|Any CPU
		{85763D11-E300-4A57-9805-1395FCD4AF4E}.Release|Any CPU.Build.0 = Release|Any CPU
		{85763D11-E300-4A57-9805-1395FCD4AF4E}.Release|Any CPU.Deploy.0 = Release|Any CPU
		{AEC26B44-6AC5-476B-AEF2-BD3846436762}.Debug|Any CPU.ActiveCfg = Debug|Any CPU
		{AEC26B44-6AC5-476B-AEF2-BD3846436762}.Debug|Any CPU.Build.0 = Debug|Any CPU
		{AEC26B44-6AC5-476B-AEF2-BD3846436762}.Debug|Any CPU.Deploy.0 = Debug|Any CPU
		{AEC26B44-6AC5-476B-AEF2-BD3846436762}.Release|Any CPU.ActiveCfg = Release|Any CPU
		{AEC26B44-6AC5-476B-AEF2-BD3846436762}.Release|Any CPU.Build.0 = Release|Any CPU
		{AEC26B44-6AC5-476B-AEF2-BD3846436762}.Release|Any CPU.Deploy.0 = Release|Any CPU
		{7F7F17D6-412A-43CE-8C37-DE36E97526C1}.Debug|Any CPU.ActiveCfg = Debug|Any CPU
		{7F7F17D6-412A-43CE-8C37-DE36E97526C1}.Debug|Any CPU.Build.0 = Debug|Any CPU
		{7F7F17D6-412A-43CE-8C37-DE36E97526C1}.Debug|Any CPU.Deploy.0 = Debug|Any CPU
		{7F7F17D6-412A-43CE-8C37-DE36E97526C1}.Release|Any CPU.ActiveCfg = Release|Any CPU
		{7F7F17D6-412A-43CE-8C37-DE36E97526C1}.Release|Any CPU.Build.0 = Release|Any CPU
		{7F7F17D6-412A-43CE-8C37-DE36E97526C1}.Release|Any CPU.Deploy.0 = Release|Any CPU
		{FD82A22C-75E5-4869-B3D8-01F65330E995}.Debug|Any CPU.ActiveCfg = Debug|Any CPU
		{FD82A22C-75E5-4869-B3D8-01F65330E995}.Debug|Any CPU.Build.0 = Debug|Any CPU
		{FD82A22C-75E5-4869-B3D8-01F65330E995}.Debug|Any CPU.Deploy.0 = Debug|Any CPU
		{FD82A22C-75E5-4869-B3D8-01F65330E995}.Release|Any CPU.ActiveCfg = Release|Any CPU
		{FD82A22C-75E5-4869-B3D8-01F65330E995}.Release|Any CPU.Build.0 = Release|Any CPU
		{FD82A22C-75E5-4869-B3D8-01F65330E995}.Release|Any CPU.Deploy.0 = Release|Any CPU
		{CEA9F854-DAE9-41F4-B76B-BDB4D11FA743}.Debug|Any CPU.ActiveCfg = Debug|Any CPU
		{CEA9F854-DAE9-41F4-B76B-BDB4D11FA743}.Debug|Any CPU.Build.0 = Debug|Any CPU
		{CEA9F854-DAE9-41F4-B76B-BDB4D11FA743}.Debug|Any CPU.Deploy.0 = Debug|Any CPU
		{CEA9F854-DAE9-41F4-B76B-BDB4D11FA743}.Release|Any CPU.ActiveCfg = Release|Any CPU
		{CEA9F854-DAE9-41F4-B76B-BDB4D11FA743}.Release|Any CPU.Build.0 = Release|Any CPU
		{CEA9F854-DAE9-41F4-B76B-BDB4D11FA743}.Release|Any CPU.Deploy.0 = Release|Any CPU
		{712436DF-18BF-4292-BEC1-CA1A077C2E3E}.Debug|Any CPU.ActiveCfg = Debug|Any CPU
		{712436DF-18BF-4292-BEC1-CA1A077C2E3E}.Debug|Any CPU.Build.0 = Debug|Any CPU
		{712436DF-18BF-4292-BEC1-CA1A077C2E3E}.Debug|Any CPU.Deploy.0 = Debug|Any CPU
		{712436DF-18BF-4292-BEC1-CA1A077C2E3E}.Release|Any CPU.ActiveCfg = Release|Any CPU
		{712436DF-18BF-4292-BEC1-CA1A077C2E3E}.Release|Any CPU.Build.0 = Release|Any CPU
		{712436DF-18BF-4292-BEC1-CA1A077C2E3E}.Release|Any CPU.Deploy.0 = Release|Any CPU
		{AA3D8FEC-3A8A-40E1-B60F-389231C8FE04}.Debug|Any CPU.ActiveCfg = Debug|Any CPU
		{AA3D8FEC-3A8A-40E1-B60F-389231C8FE04}.Debug|Any CPU.Build.0 = Debug|Any CPU
		{AA3D8FEC-3A8A-40E1-B60F-389231C8FE04}.Debug|Any CPU.Deploy.0 = Debug|Any CPU
		{AA3D8FEC-3A8A-40E1-B60F-389231C8FE04}.Release|Any CPU.ActiveCfg = Release|Any CPU
		{AA3D8FEC-3A8A-40E1-B60F-389231C8FE04}.Release|Any CPU.Build.0 = Release|Any CPU
		{AA3D8FEC-3A8A-40E1-B60F-389231C8FE04}.Release|Any CPU.Deploy.0 = Release|Any CPU
		{ABE1DF80-950E-4DDA-898A-DB7ECF316922}.Debug|Any CPU.ActiveCfg = Debug|Any CPU
		{ABE1DF80-950E-4DDA-898A-DB7ECF316922}.Debug|Any CPU.Build.0 = Debug|Any CPU
		{ABE1DF80-950E-4DDA-898A-DB7ECF316922}.Debug|Any CPU.Deploy.0 = Debug|Any CPU
		{ABE1DF80-950E-4DDA-898A-DB7ECF316922}.Release|Any CPU.ActiveCfg = Release|Any CPU
		{ABE1DF80-950E-4DDA-898A-DB7ECF316922}.Release|Any CPU.Build.0 = Release|Any CPU
		{ABE1DF80-950E-4DDA-898A-DB7ECF316922}.Release|Any CPU.Deploy.0 = Release|Any CPU
		{E2FE09C6-33F6-4C27-BCEB-1D16E6F45F84}.Debug|Any CPU.ActiveCfg = Debug|Any CPU
		{E2FE09C6-33F6-4C27-BCEB-1D16E6F45F84}.Debug|Any CPU.Build.0 = Debug|Any CPU
		{E2FE09C6-33F6-4C27-BCEB-1D16E6F45F84}.Debug|Any CPU.Deploy.0 = Debug|Any CPU
		{E2FE09C6-33F6-4C27-BCEB-1D16E6F45F84}.Release|Any CPU.ActiveCfg = Release|Any CPU
		{E2FE09C6-33F6-4C27-BCEB-1D16E6F45F84}.Release|Any CPU.Build.0 = Release|Any CPU
		{E2FE09C6-33F6-4C27-BCEB-1D16E6F45F84}.Release|Any CPU.Deploy.0 = Release|Any CPU
		{0FFA058C-7320-40AD-824B-51BA66688D8C}.Debug|Any CPU.ActiveCfg = Debug|Any CPU
		{0FFA058C-7320-40AD-824B-51BA66688D8C}.Debug|Any CPU.Build.0 = Debug|Any CPU
		{0FFA058C-7320-40AD-824B-51BA66688D8C}.Debug|Any CPU.Deploy.0 = Debug|Any CPU
		{0FFA058C-7320-40AD-824B-51BA66688D8C}.Release|Any CPU.ActiveCfg = Release|Any CPU
		{0FFA058C-7320-40AD-824B-51BA66688D8C}.Release|Any CPU.Build.0 = Release|Any CPU
		{0FFA058C-7320-40AD-824B-51BA66688D8C}.Release|Any CPU.Deploy.0 = Release|Any CPU
		{E0E2FFDB-E77F-49B8-AFED-8260D9C2845B}.Debug|Any CPU.ActiveCfg = Debug|Any CPU
		{E0E2FFDB-E77F-49B8-AFED-8260D9C2845B}.Debug|Any CPU.Build.0 = Debug|Any CPU
		{E0E2FFDB-E77F-49B8-AFED-8260D9C2845B}.Debug|Any CPU.Deploy.0 = Debug|Any CPU
		{E0E2FFDB-E77F-49B8-AFED-8260D9C2845B}.Release|Any CPU.ActiveCfg = Release|Any CPU
		{E0E2FFDB-E77F-49B8-AFED-8260D9C2845B}.Release|Any CPU.Build.0 = Release|Any CPU
		{E0E2FFDB-E77F-49B8-AFED-8260D9C2845B}.Release|Any CPU.Deploy.0 = Release|Any CPU
		{FEFBBF6A-90D5-44D4-A247-6537F1BAA47B}.Debug|Any CPU.ActiveCfg = Debug|Any CPU
		{FEFBBF6A-90D5-44D4-A247-6537F1BAA47B}.Debug|Any CPU.Build.0 = Debug|Any CPU
		{FEFBBF6A-90D5-44D4-A247-6537F1BAA47B}.Debug|Any CPU.Deploy.0 = Debug|Any CPU
		{FEFBBF6A-90D5-44D4-A247-6537F1BAA47B}.Release|Any CPU.ActiveCfg = Release|Any CPU
		{FEFBBF6A-90D5-44D4-A247-6537F1BAA47B}.Release|Any CPU.Build.0 = Release|Any CPU
		{FEFBBF6A-90D5-44D4-A247-6537F1BAA47B}.Release|Any CPU.Deploy.0 = Release|Any CPU
		{0D5B8634-21CD-447B-86F6-4728C562231D}.Debug|Any CPU.ActiveCfg = Debug|Any CPU
		{0D5B8634-21CD-447B-86F6-4728C562231D}.Debug|Any CPU.Build.0 = Debug|Any CPU
		{0D5B8634-21CD-447B-86F6-4728C562231D}.Debug|Any CPU.Deploy.0 = Debug|Any CPU
		{0D5B8634-21CD-447B-86F6-4728C562231D}.Release|Any CPU.ActiveCfg = Release|Any CPU
		{0D5B8634-21CD-447B-86F6-4728C562231D}.Release|Any CPU.Build.0 = Release|Any CPU
		{0D5B8634-21CD-447B-86F6-4728C562231D}.Release|Any CPU.Deploy.0 = Release|Any CPU
		{D2B3E99E-73FC-4049-A0AA-0527F68DA105}.Debug|Any CPU.ActiveCfg = Debug|Any CPU
		{D2B3E99E-73FC-4049-A0AA-0527F68DA105}.Debug|Any CPU.Build.0 = Debug|Any CPU
		{D2B3E99E-73FC-4049-A0AA-0527F68DA105}.Debug|Any CPU.Deploy.0 = Debug|Any CPU
		{D2B3E99E-73FC-4049-A0AA-0527F68DA105}.Release|Any CPU.ActiveCfg = Release|Any CPU
		{D2B3E99E-73FC-4049-A0AA-0527F68DA105}.Release|Any CPU.Build.0 = Release|Any CPU
		{D2B3E99E-73FC-4049-A0AA-0527F68DA105}.Release|Any CPU.Deploy.0 = Release|Any CPU
		{865DD5D6-0415-4C90-9B2E-D123695711CE}.Debug|Any CPU.ActiveCfg = Debug|Any CPU
		{865DD5D6-0415-4C90-9B2E-D123695711CE}.Debug|Any CPU.Build.0 = Debug|Any CPU
		{865DD5D6-0415-4C90-9B2E-D123695711CE}.Release|Any CPU.ActiveCfg = Release|Any CPU
		{865DD5D6-0415-4C90-9B2E-D123695711CE}.Release|Any CPU.Build.0 = Release|Any CPU
		{99EBB141-C1D7-4C9A-BC61-32B5D57D1340}.Debug|Any CPU.ActiveCfg = Debug|Any CPU
		{99EBB141-C1D7-4C9A-BC61-32B5D57D1340}.Debug|Any CPU.Build.0 = Debug|Any CPU
		{99EBB141-C1D7-4C9A-BC61-32B5D57D1340}.Debug|Any CPU.Deploy.0 = Debug|Any CPU
		{99EBB141-C1D7-4C9A-BC61-32B5D57D1340}.Release|Any CPU.ActiveCfg = Release|Any CPU
		{99EBB141-C1D7-4C9A-BC61-32B5D57D1340}.Release|Any CPU.Build.0 = Release|Any CPU
		{99EBB141-C1D7-4C9A-BC61-32B5D57D1340}.Release|Any CPU.Deploy.0 = Release|Any CPU
	EndGlobalSection
	GlobalSection(SolutionProperties) = preSolution
		HideSolutionNode = FALSE
	EndGlobalSection
EndGlobal
