
Microsoft Visual Studio Solution File, Format Version 12.00
# Visual Studio 14
VisualStudioVersion = 14.0.25420.1
MinimumVisualStudioVersion = 10.0.40219.1
Project("{FAE04EC0-301F-11D3-BF4B-00C04F79EFBC}") = "Visy.Middleware.LGX.Coles.Maps", "Visy.Middleware.LGX.Coles.Maps\Visy.Middleware.LGX.Coles.Maps.btproj", "{662F3CB4-AE77-4694-A113-52CC32C261C4}"
EndProject
Project("{FAE04EC0-301F-11D3-BF4B-00C04F79EFBC}") = "Visy.Middleware.LGX.Coles.Pipelines", "Visy.Middleware.LGX.Coles.Pipelines\Visy.Middleware.LGX.Coles.Pipelines.btproj", "{88FB3011-D34D-40FA-81CB-6AF10B044191}"
EndProject
Project("{2150E333-8FDC-42A3-9474-1A3956D46DE8}") = "BindingInfo", "BindingInfo", "{DC5F52A3-130E-44E2-8A84-D6ACE2457D26}"
	ProjectSection(SolutionItems) = preProject
		BindingInfo\LGX.Coles.BindingInfo.Dev.xml = BindingInfo\LGX.Coles.BindingInfo.Dev.xml
		BindingInfo\LGX.Coles.BindingInfo.UAT.xml = BindingInfo\LGX.Coles.BindingInfo.UAT.xml
	EndProjectSection
EndProject
Project("{FAE04EC0-301F-11D3-BF4B-00C04F79EFBC}") = "Visy.Middleware.LGX.Coles.Orchestrations", "Visy.Middleware.LGX.Coles.Orchestrations\Visy.Middleware.LGX.Coles.Orchestrations.btproj", "{AE08BB1C-CC29-433C-853C-FD9DEB917AE9}"
EndProject
Project("{2150E333-8FDC-42A3-9474-1A3956D46DE8}") = "Solution Items", "Solution Items", "{5A383399-44F3-43B2-B0A7-3ABE52381177}"
EndProject
Project("{2150E333-8FDC-42A3-9474-1A3956D46DE8}") = "Policies", "Policies", "{BBFB9AE0-F597-4725-8180-1CC80CF5124E}"
	ProjectSection(SolutionItems) = preProject
		Policies\LGX.Coles.Invoice.Settings.InterfaceLookup.Policies.xml = Policies\LGX.Coles.Invoice.Settings.InterfaceLookup.Policies.xml
	EndProjectSection
EndProject
Project("{FAE04EC0-301F-11D3-BF4B-00C04F79EFBC}") = "Visy.Middleware.LGX.Coles.Components", "Visy.Middleware.LGX.Coles.Components\Visy.Middleware.LGX.Coles.Components.btproj", "{27B9DCAF-73F0-4B9E-B3C3-BB0A560EEDA6}"
EndProject
Global
	GlobalSection(SolutionConfigurationPlatforms) = preSolution
		Debug|Any CPU = Debug|Any CPU
		Release|Any CPU = Release|Any CPU
	EndGlobalSection
	GlobalSection(ProjectConfigurationPlatforms) = postSolution
		{662F3CB4-AE77-4694-A113-52CC32C261C4}.Debug|Any CPU.ActiveCfg = Debug|Any CPU
		{662F3CB4-AE77-4694-A113-52CC32C261C4}.Debug|Any CPU.Build.0 = Debug|Any CPU
		{662F3CB4-AE77-4694-A113-52CC32C261C4}.Debug|Any CPU.Deploy.0 = Debug|Any CPU
		{662F3CB4-AE77-4694-A113-52CC32C261C4}.Release|Any CPU.ActiveCfg = Release|Any CPU
		{662F3CB4-AE77-4694-A113-52CC32C261C4}.Release|Any CPU.Build.0 = Release|Any CPU
		{662F3CB4-AE77-4694-A113-52CC32C261C4}.Release|Any CPU.Deploy.0 = Release|Any CPU
		{88FB3011-D34D-40FA-81CB-6AF10B044191}.Debug|Any CPU.ActiveCfg = Debug|Any CPU
		{88FB3011-D34D-40FA-81CB-6AF10B044191}.Debug|Any CPU.Build.0 = Debug|Any CPU
		{88FB3011-D34D-40FA-81CB-6AF10B044191}.Debug|Any CPU.Deploy.0 = Debug|Any CPU
		{88FB3011-D34D-40FA-81CB-6AF10B044191}.Release|Any CPU.ActiveCfg = Release|Any CPU
		{88FB3011-D34D-40FA-81CB-6AF10B044191}.Release|Any CPU.Build.0 = Release|Any CPU
		{88FB3011-D34D-40FA-81CB-6AF10B044191}.Release|Any CPU.Deploy.0 = Release|Any CPU
		{AE08BB1C-CC29-433C-853C-FD9DEB917AE9}.Debug|Any CPU.ActiveCfg = Debug|Any CPU
		{AE08BB1C-CC29-433C-853C-FD9DEB917AE9}.Debug|Any CPU.Build.0 = Debug|Any CPU
		{AE08BB1C-CC29-433C-853C-FD9DEB917AE9}.Debug|Any CPU.Deploy.0 = Debug|Any CPU
		{AE08BB1C-CC29-433C-853C-FD9DEB917AE9}.Release|Any CPU.ActiveCfg = Release|Any CPU
		{AE08BB1C-CC29-433C-853C-FD9DEB917AE9}.Release|Any CPU.Build.0 = Release|Any CPU
		{AE08BB1C-CC29-433C-853C-FD9DEB917AE9}.Release|Any CPU.Deploy.0 = Release|Any CPU
		{27B9DCAF-73F0-4B9E-B3C3-BB0A560EEDA6}.Debug|Any CPU.ActiveCfg = Debug|Any CPU
		{27B9DCAF-73F0-4B9E-B3C3-BB0A560EEDA6}.Debug|Any CPU.Build.0 = Debug|Any CPU
		{27B9DCAF-73F0-4B9E-B3C3-BB0A560EEDA6}.Debug|Any CPU.Deploy.0 = Debug|Any CPU
		{27B9DCAF-73F0-4B9E-B3C3-BB0A560EEDA6}.Release|Any CPU.ActiveCfg = Release|Any CPU
		{27B9DCAF-73F0-4B9E-B3C3-BB0A560EEDA6}.Release|Any CPU.Build.0 = Release|Any CPU
		{27B9DCAF-73F0-4B9E-B3C3-BB0A560EEDA6}.Release|Any CPU.Deploy.0 = Release|Any CPU
	EndGlobalSection
	GlobalSection(SolutionProperties) = preSolution
		HideSolutionNode = FALSE
	EndGlobalSection
EndGlobal
