
Microsoft Visual Studio Solution File, Format Version 12.00
# Visual Studio 14
VisualStudioVersion = 14.0.25420.1
MinimumVisualStudioVersion = 10.0.40219.1
Project("{FAE04EC0-301F-11D3-BF4B-00C04F79EFBC}") = "Visy.Middleware.LGX.Glamapack.Schemas", "Visy.Middleware.LGX.Glamapack.Schemas\Visy.Middleware.LGX.Glamapack.Schemas.btproj", "{B597B7F8-D8BA-4F8B-855D-B3FFA4DE7E05}"
EndProject
Project("{FAE04EC0-301F-11D3-BF4B-00C04F79EFBC}") = "Visy.Middleware.LGX.Glamapack.Maps", "Visy.Middleware.LGX.Glamapack.Maps\Visy.Middleware.LGX.Glamapack.Maps.btproj", "{E8EAAB3D-7EA4-4566-BB2E-27022F1DD943}"
EndProject
Project("{FAE04EC0-301F-11D3-BF4B-00C04F79EFBC}") = "Visy.Middleware.LGX.Glamapack.Pipelines", "Visy.Middleware.LGX.Glamapack.Pipelines\Visy.Middleware.LGX.Glamapack.Pipelines.btproj", "{6AA572FB-5BCC-4FED-B692-C0DFB3EC2617}"
EndProject
Project("{2150E333-8FDC-42A3-9474-1A3956D46DE8}") = "BindingInfo", "BindingInfo", "{C9908504-9EEA-419B-9D97-3EBA6412E81E}"
	ProjectSection(SolutionItems) = preProject
		BindingInfo\LGX.Glamapack.BindingInfo.Dev.xml = BindingInfo\LGX.Glamapack.BindingInfo.Dev.xml
		\\wawsypbiza03\d$\DeployShare\20180914\LGX.Glamapack.BindingInfo.Prod.xml = \\wawsypbiza03\d$\DeployShare\20180914\LGX.Glamapack.BindingInfo.Prod.xml
	EndProjectSection
EndProject
Project("{FAE04EC0-301F-11D3-BF4B-00C04F79EFBC}") = "Visy.Middleware.LGX.Glamapack.Orchestrations", "Visy.Middleware.LGX.Glamapack.Orchestrations\Visy.Middleware.LGX.Glamapack.Orchestrations.btproj", "{2CDE2030-3A27-41CE-BD4C-FB69D712F379}"
EndProject
Global
	GlobalSection(SolutionConfigurationPlatforms) = preSolution
		Debug|Any CPU = Debug|Any CPU
		Release|Any CPU = Release|Any CPU
	EndGlobalSection
	GlobalSection(ProjectConfigurationPlatforms) = postSolution
		{B597B7F8-D8BA-4F8B-855D-B3FFA4DE7E05}.Debug|Any CPU.ActiveCfg = Debug|Any CPU
		{B597B7F8-D8BA-4F8B-855D-B3FFA4DE7E05}.Debug|Any CPU.Build.0 = Debug|Any CPU
		{B597B7F8-D8BA-4F8B-855D-B3FFA4DE7E05}.Debug|Any CPU.Deploy.0 = Debug|Any CPU
		{B597B7F8-D8BA-4F8B-855D-B3FFA4DE7E05}.Release|Any CPU.ActiveCfg = Release|Any CPU
		{B597B7F8-D8BA-4F8B-855D-B3FFA4DE7E05}.Release|Any CPU.Build.0 = Release|Any CPU
		{B597B7F8-D8BA-4F8B-855D-B3FFA4DE7E05}.Release|Any CPU.Deploy.0 = Release|Any CPU
		{E8EAAB3D-7EA4-4566-BB2E-27022F1DD943}.Debug|Any CPU.ActiveCfg = Debug|Any CPU
		{E8EAAB3D-7EA4-4566-BB2E-27022F1DD943}.Debug|Any CPU.Build.0 = Debug|Any CPU
		{E8EAAB3D-7EA4-4566-BB2E-27022F1DD943}.Debug|Any CPU.Deploy.0 = Debug|Any CPU
		{E8EAAB3D-7EA4-4566-BB2E-27022F1DD943}.Release|Any CPU.ActiveCfg = Release|Any CPU
		{E8EAAB3D-7EA4-4566-BB2E-27022F1DD943}.Release|Any CPU.Build.0 = Release|Any CPU
		{E8EAAB3D-7EA4-4566-BB2E-27022F1DD943}.Release|Any CPU.Deploy.0 = Release|Any CPU
		{6AA572FB-5BCC-4FED-B692-C0DFB3EC2617}.Debug|Any CPU.ActiveCfg = Debug|Any CPU
		{6AA572FB-5BCC-4FED-B692-C0DFB3EC2617}.Debug|Any CPU.Build.0 = Debug|Any CPU
		{6AA572FB-5BCC-4FED-B692-C0DFB3EC2617}.Debug|Any CPU.Deploy.0 = Debug|Any CPU
		{6AA572FB-5BCC-4FED-B692-C0DFB3EC2617}.Release|Any CPU.ActiveCfg = Release|Any CPU
		{6AA572FB-5BCC-4FED-B692-C0DFB3EC2617}.Release|Any CPU.Build.0 = Release|Any CPU
		{6AA572FB-5BCC-4FED-B692-C0DFB3EC2617}.Release|Any CPU.Deploy.0 = Release|Any CPU
		{2CDE2030-3A27-41CE-BD4C-FB69D712F379}.Debug|Any CPU.ActiveCfg = Debug|Any CPU
		{2CDE2030-3A27-41CE-BD4C-FB69D712F379}.Debug|Any CPU.Build.0 = Debug|Any CPU
		{2CDE2030-3A27-41CE-BD4C-FB69D712F379}.Debug|Any CPU.Deploy.0 = Debug|Any CPU
		{2CDE2030-3A27-41CE-BD4C-FB69D712F379}.Release|Any CPU.ActiveCfg = Release|Any CPU
		{2CDE2030-3A27-41CE-BD4C-FB69D712F379}.Release|Any CPU.Build.0 = Release|Any CPU
		{2CDE2030-3A27-41CE-BD4C-FB69D712F379}.Release|Any CPU.Deploy.0 = Release|Any CPU
	EndGlobalSection
	GlobalSection(SolutionProperties) = preSolution
		HideSolutionNode = FALSE
	EndGlobalSection
EndGlobal
