
Microsoft Visual Studio Solution File, Format Version 12.00
# Visual Studio 14
VisualStudioVersion = 14.0.25420.1
MinimumVisualStudioVersion = 10.0.40219.1
Project("{FAE04EC0-301F-11D3-BF4B-00C04F79EFBC}") = "Visy.Middleware.SAP.Poller.Mail.Orchestrations", "Visy.Middleware.SAP.Poller.Mail.Orchestrations\Visy.Middleware.SAP.Poller.Mail.Orchestrations.btproj", "{596F35F1-97DC-4078-920A-03DC875B4745}"
EndProject
Project("{2150E333-8FDC-42A3-9474-1A3956D46DE8}") = "BindingInfo", "BindingInfo", "{F54A69A1-AE0E-489E-B080-7E78E12C9943}"
	ProjectSection(SolutionItems) = preProject
		BindingInfo\SAP.Poller.Mail.BindingInfo.Dev.xml = BindingInfo\SAP.Poller.Mail.BindingInfo.Dev.xml
		BindingInfo\SAP.Poller.Mail.BindingInfo.Prod.xml = BindingInfo\SAP.Poller.Mail.BindingInfo.Prod.xml
	EndProjectSection
EndProject
Project("{FAE04EC0-301F-11D3-BF4B-00C04F79EFBC}") = "Visy.Middleware.SAP.Poller.Mail.Pipelines", "Visy.Middleware.SAP.Poller.Mail.Pipelines\Visy.Middleware.SAP.Poller.Mail.Pipelines.btproj", "{2887612F-3939-4932-8CBC-C11F467F2897}"
EndProject
Global
	GlobalSection(SolutionConfigurationPlatforms) = preSolution
		Debug|Any CPU = Debug|Any CPU
		Release|Any CPU = Release|Any CPU
	EndGlobalSection
	GlobalSection(ProjectConfigurationPlatforms) = postSolution
		{596F35F1-97DC-4078-920A-03DC875B4745}.Debug|Any CPU.ActiveCfg = Debug|Any CPU
		{596F35F1-97DC-4078-920A-03DC875B4745}.Debug|Any CPU.Build.0 = Debug|Any CPU
		{596F35F1-97DC-4078-920A-03DC875B4745}.Debug|Any CPU.Deploy.0 = Debug|Any CPU
		{596F35F1-97DC-4078-920A-03DC875B4745}.Release|Any CPU.ActiveCfg = Release|Any CPU
		{596F35F1-97DC-4078-920A-03DC875B4745}.Release|Any CPU.Build.0 = Release|Any CPU
		{596F35F1-97DC-4078-920A-03DC875B4745}.Release|Any CPU.Deploy.0 = Release|Any CPU
		{2887612F-3939-4932-8CBC-C11F467F2897}.Debug|Any CPU.ActiveCfg = Debug|Any CPU
		{2887612F-3939-4932-8CBC-C11F467F2897}.Debug|Any CPU.Build.0 = Debug|Any CPU
		{2887612F-3939-4932-8CBC-C11F467F2897}.Debug|Any CPU.Deploy.0 = Debug|Any CPU
		{2887612F-3939-4932-8CBC-C11F467F2897}.Release|Any CPU.ActiveCfg = Release|Any CPU
		{2887612F-3939-4932-8CBC-C11F467F2897}.Release|Any CPU.Build.0 = Release|Any CPU
		{2887612F-3939-4932-8CBC-C11F467F2897}.Release|Any CPU.Deploy.0 = Release|Any CPU
	EndGlobalSection
	GlobalSection(SolutionProperties) = preSolution
		HideSolutionNode = FALSE
	EndGlobalSection
EndGlobal
