
Microsoft Visual Studio Solution File, Format Version 12.00
# Visual Studio 14
VisualStudioVersion = 14.0.25420.1
MinimumVisualStudioVersion = 10.0.40219.1
Project("{FAE04EC0-301F-11D3-BF4B-00C04F79EFBC}") = "Visy.Middleware.LGX.Amazon.Schemas", "Visy.Middleware.LGX.Amazon.Schemas\Visy.Middleware.LGX.Amazon.Schemas.btproj", "{3E47A40E-01A8-415F-B22A-89F537DED864}"
EndProject
Project("{FAE04EC0-301F-11D3-BF4B-00C04F79EFBC}") = "Visy.Middleware.LGX.Amazon.Maps", "Visy.Middleware.LGX.Amazon.Maps\Visy.Middleware.LGX.Amazon.Maps.btproj", "{3C2623F3-D141-4378-AC56-830C511B7A95}"
EndProject
Project("{FAE04EC0-301F-11D3-BF4B-00C04F79EFBC}") = "Visy.Middleware.LGX.Amazon.ComponentsTests", "Visy.Middleware.LGX.Amazon.ComponentsTests\Visy.Middleware.LGX.Amazon.ComponentsTests.csproj", "{1B854350-2E29-44F6-A739-CFEC1A6DF9A5}"
EndProject
Project("{FAE04EC0-301F-11D3-BF4B-00C04F79EFBC}") = "Visy.Middleware.LGX.Amazon.Orchestrations", "Visy.Middleware.LGX.Amazon.Orchestrations\Visy.Middleware.LGX.Amazon.Orchestrations.btproj", "{9A5B994F-2134-4554-8705-C2B3A10990A1}"
EndProject
Project("{FAE04EC0-301F-11D3-BF4B-00C04F79EFBC}") = "Visy.Middleware.LGX.Amazon.Components", "Visy.Middleware.LGX.Amazon.Components\Visy.Middleware.LGX.Amazon.Components.csproj", "{AA4EFB27-6CBD-4D6C-8F2C-B2A7E2A380F4}"
EndProject
Project("{2150E333-8FDC-42A3-9474-1A3956D46DE8}") = "SQLScripts", "SQLScripts", "{7A2EBD33-533E-4A79-B8E2-EC9FEB8CA7A5}"
	ProjectSection(SolutionItems) = preProject
		SQLScripts\LGX.Amazon.CustomerCode.sql = SQLScripts\LGX.Amazon.CustomerCode.sql
		SQLScripts\LGX.Amazon.HtmlTags.sql = SQLScripts\LGX.Amazon.HtmlTags.sql
		SQLScripts\LGX.Amazon.Xpath.sql = SQLScripts\LGX.Amazon.Xpath.sql
	EndProjectSection
EndProject
Project("{2150E333-8FDC-42A3-9474-1A3956D46DE8}") = "BindingInfo", "BindingInfo", "{AA79C319-133C-4B96-9862-2D6550BC2B6F}"
	ProjectSection(SolutionItems) = preProject
		BindingInfo\LGX.Amazon.BindingInfo.Dev.xml = BindingInfo\LGX.Amazon.BindingInfo.Dev.xml
	EndProjectSection
EndProject
Global
	GlobalSection(SolutionConfigurationPlatforms) = preSolution
		Debug|Any CPU = Debug|Any CPU
		Release|Any CPU = Release|Any CPU
	EndGlobalSection
	GlobalSection(ProjectConfigurationPlatforms) = postSolution
		{3E47A40E-01A8-415F-B22A-89F537DED864}.Debug|Any CPU.ActiveCfg = Debug|Any CPU
		{3E47A40E-01A8-415F-B22A-89F537DED864}.Debug|Any CPU.Build.0 = Debug|Any CPU
		{3E47A40E-01A8-415F-B22A-89F537DED864}.Debug|Any CPU.Deploy.0 = Debug|Any CPU
		{3E47A40E-01A8-415F-B22A-89F537DED864}.Release|Any CPU.ActiveCfg = Release|Any CPU
		{3E47A40E-01A8-415F-B22A-89F537DED864}.Release|Any CPU.Build.0 = Release|Any CPU
		{3E47A40E-01A8-415F-B22A-89F537DED864}.Release|Any CPU.Deploy.0 = Release|Any CPU
		{3C2623F3-D141-4378-AC56-830C511B7A95}.Debug|Any CPU.ActiveCfg = Debug|Any CPU
		{3C2623F3-D141-4378-AC56-830C511B7A95}.Debug|Any CPU.Build.0 = Debug|Any CPU
		{3C2623F3-D141-4378-AC56-830C511B7A95}.Debug|Any CPU.Deploy.0 = Debug|Any CPU
		{3C2623F3-D141-4378-AC56-830C511B7A95}.Release|Any CPU.ActiveCfg = Release|Any CPU
		{3C2623F3-D141-4378-AC56-830C511B7A95}.Release|Any CPU.Build.0 = Release|Any CPU
		{3C2623F3-D141-4378-AC56-830C511B7A95}.Release|Any CPU.Deploy.0 = Release|Any CPU
		{1B854350-2E29-44F6-A739-CFEC1A6DF9A5}.Debug|Any CPU.ActiveCfg = Debug|Any CPU
		{1B854350-2E29-44F6-A739-CFEC1A6DF9A5}.Debug|Any CPU.Build.0 = Debug|Any CPU
		{1B854350-2E29-44F6-A739-CFEC1A6DF9A5}.Release|Any CPU.ActiveCfg = Release|Any CPU
		{1B854350-2E29-44F6-A739-CFEC1A6DF9A5}.Release|Any CPU.Build.0 = Release|Any CPU
		{9A5B994F-2134-4554-8705-C2B3A10990A1}.Debug|Any CPU.ActiveCfg = Debug|Any CPU
		{9A5B994F-2134-4554-8705-C2B3A10990A1}.Debug|Any CPU.Build.0 = Debug|Any CPU
		{9A5B994F-2134-4554-8705-C2B3A10990A1}.Debug|Any CPU.Deploy.0 = Debug|Any CPU
		{9A5B994F-2134-4554-8705-C2B3A10990A1}.Release|Any CPU.ActiveCfg = Release|Any CPU
		{9A5B994F-2134-4554-8705-C2B3A10990A1}.Release|Any CPU.Build.0 = Release|Any CPU
		{9A5B994F-2134-4554-8705-C2B3A10990A1}.Release|Any CPU.Deploy.0 = Release|Any CPU
		{AA4EFB27-6CBD-4D6C-8F2C-B2A7E2A380F4}.Debug|Any CPU.ActiveCfg = Debug|Any CPU
		{AA4EFB27-6CBD-4D6C-8F2C-B2A7E2A380F4}.Debug|Any CPU.Build.0 = Debug|Any CPU
		{AA4EFB27-6CBD-4D6C-8F2C-B2A7E2A380F4}.Release|Any CPU.ActiveCfg = Release|Any CPU
		{AA4EFB27-6CBD-4D6C-8F2C-B2A7E2A380F4}.Release|Any CPU.Build.0 = Release|Any CPU
	EndGlobalSection
	GlobalSection(SolutionProperties) = preSolution
		HideSolutionNode = FALSE
	EndGlobalSection
EndGlobal
