
Microsoft Visual Studio Solution File, Format Version 12.00
# Visual Studio 14
VisualStudioVersion = 14.0.25420.1
MinimumVisualStudioVersion = 10.0.40219.1
Project("{FAE04EC0-301F-11D3-BF4B-00C04F79EFBC}") = "Visy.Middleware.SAP.TravelRequest.AMG.Schemas", "Visy.Middleware.SAP.TravelRequest.AMG.Schemas\Visy.Middleware.SAP.TravelRequest.AMG.Schemas.btproj", "{04E73D47-49E0-45A6-8B1B-4A9D4EFBF484}"
EndProject
Project("{FAE04EC0-301F-11D3-BF4B-00C04F79EFBC}") = "Visy.Middleware.SAP.TravelRequest.AMG.Pipelines", "Visy.Middleware.SAP.TravelRequest.AMG.Pipelines\Visy.Middleware.SAP.TravelRequest.AMG.Pipelines.btproj", "{C67C1852-A558-41BA-B816-A1418D02A5F7}"
EndProject
Project("{FAE04EC0-301F-11D3-BF4B-00C04F79EFBC}") = "Visy.Middleware.SAP.TravelRequest.AMG.Orchestrations", "Visy.Middleware.SAP.TravelRequest.AMG.Orchestrations\Visy.Middleware.SAP.TravelRequest.AMG.Orchestrations.btproj", "{2FEECACF-C8F4-42C9-808C-68BDA28539E9}"
EndProject
Project("{FAE04EC0-301F-11D3-BF4B-00C04F79EFBC}") = "Visy.Middleware.SAP.TravelRequest.AMG.Maps", "Visy.Middleware.SAP.TravelRequest.AMG.Maps\Visy.Middleware.SAP.TravelRequest.AMG.Maps.btproj", "{979D0221-534B-4241-B762-A4D4A1943D89}"
EndProject
Project("{2150E333-8FDC-42A3-9474-1A3956D46DE8}") = "BindingInfo", "BindingInfo", "{639BFF55-ED35-46DD-8F3E-646FF25093A7}"
	ProjectSection(SolutionItems) = preProject
		BindingInfo\SAP.TravelRequest.AMG.BindingInfo.Dev.xml = BindingInfo\SAP.TravelRequest.AMG.BindingInfo.Dev.xml
		BindingInfo\SAP.TravelRequest.AMG.BindingInfo.Prod.xml = BindingInfo\SAP.TravelRequest.AMG.BindingInfo.Prod.xml
	EndProjectSection
EndProject
Project("{FAE04EC0-301F-11D3-BF4B-00C04F79EFBC}") = "Visy.Middleware.SAP.TravelRequest.AMG.Components", "Visy.Middleware.SAP.TravelRequest.AMG.Components\Visy.Middleware.SAP.TravelRequest.AMG.Components.csproj", "{0A40BC93-966E-4F3B-ADB1-FA74B453016A}"
EndProject
Global
	GlobalSection(SolutionConfigurationPlatforms) = preSolution
		Debug|Any CPU = Debug|Any CPU
		Release|Any CPU = Release|Any CPU
	EndGlobalSection
	GlobalSection(ProjectConfigurationPlatforms) = postSolution
		{04E73D47-49E0-45A6-8B1B-4A9D4EFBF484}.Debug|Any CPU.ActiveCfg = Debug|Any CPU
		{04E73D47-49E0-45A6-8B1B-4A9D4EFBF484}.Debug|Any CPU.Build.0 = Debug|Any CPU
		{04E73D47-49E0-45A6-8B1B-4A9D4EFBF484}.Debug|Any CPU.Deploy.0 = Debug|Any CPU
		{04E73D47-49E0-45A6-8B1B-4A9D4EFBF484}.Release|Any CPU.ActiveCfg = Release|Any CPU
		{04E73D47-49E0-45A6-8B1B-4A9D4EFBF484}.Release|Any CPU.Build.0 = Release|Any CPU
		{04E73D47-49E0-45A6-8B1B-4A9D4EFBF484}.Release|Any CPU.Deploy.0 = Release|Any CPU
		{C67C1852-A558-41BA-B816-A1418D02A5F7}.Debug|Any CPU.ActiveCfg = Debug|Any CPU
		{C67C1852-A558-41BA-B816-A1418D02A5F7}.Debug|Any CPU.Build.0 = Debug|Any CPU
		{C67C1852-A558-41BA-B816-A1418D02A5F7}.Debug|Any CPU.Deploy.0 = Debug|Any CPU
		{C67C1852-A558-41BA-B816-A1418D02A5F7}.Release|Any CPU.ActiveCfg = Release|Any CPU
		{C67C1852-A558-41BA-B816-A1418D02A5F7}.Release|Any CPU.Build.0 = Release|Any CPU
		{C67C1852-A558-41BA-B816-A1418D02A5F7}.Release|Any CPU.Deploy.0 = Release|Any CPU
		{2FEECACF-C8F4-42C9-808C-68BDA28539E9}.Debug|Any CPU.ActiveCfg = Debug|Any CPU
		{2FEECACF-C8F4-42C9-808C-68BDA28539E9}.Debug|Any CPU.Build.0 = Debug|Any CPU
		{2FEECACF-C8F4-42C9-808C-68BDA28539E9}.Debug|Any CPU.Deploy.0 = Debug|Any CPU
		{2FEECACF-C8F4-42C9-808C-68BDA28539E9}.Release|Any CPU.ActiveCfg = Release|Any CPU
		{2FEECACF-C8F4-42C9-808C-68BDA28539E9}.Release|Any CPU.Build.0 = Release|Any CPU
		{2FEECACF-C8F4-42C9-808C-68BDA28539E9}.Release|Any CPU.Deploy.0 = Release|Any CPU
		{979D0221-534B-4241-B762-A4D4A1943D89}.Debug|Any CPU.ActiveCfg = Debug|Any CPU
		{979D0221-534B-4241-B762-A4D4A1943D89}.Debug|Any CPU.Build.0 = Debug|Any CPU
		{979D0221-534B-4241-B762-A4D4A1943D89}.Debug|Any CPU.Deploy.0 = Debug|Any CPU
		{979D0221-534B-4241-B762-A4D4A1943D89}.Release|Any CPU.ActiveCfg = Release|Any CPU
		{979D0221-534B-4241-B762-A4D4A1943D89}.Release|Any CPU.Build.0 = Release|Any CPU
		{979D0221-534B-4241-B762-A4D4A1943D89}.Release|Any CPU.Deploy.0 = Release|Any CPU
		{0A40BC93-966E-4F3B-ADB1-FA74B453016A}.Debug|Any CPU.ActiveCfg = Debug|Any CPU
		{0A40BC93-966E-4F3B-ADB1-FA74B453016A}.Debug|Any CPU.Build.0 = Debug|Any CPU
		{0A40BC93-966E-4F3B-ADB1-FA74B453016A}.Release|Any CPU.ActiveCfg = Release|Any CPU
		{0A40BC93-966E-4F3B-ADB1-FA74B453016A}.Release|Any CPU.Build.0 = Release|Any CPU
	EndGlobalSection
	GlobalSection(SolutionProperties) = preSolution
		HideSolutionNode = FALSE
	EndGlobalSection
EndGlobal
