
Microsoft Visual Studio Solution File, Format Version 12.00
# Visual Studio 14
VisualStudioVersion = 14.0.25420.1
MinimumVisualStudioVersion = 10.0.40219.1
Project("{FAE04EC0-301F-11D3-BF4B-00C04F79EFBC}") = "Visy.Middleware.LGX.DHL.Schemas", "Visy.Middleware.LGX.DHL.Schemas\Visy.Middleware.LGX.DHL.Schemas.btproj", "{045E76A5-34C1-4FE5-8F1B-7C5F3EFD34A8}"
EndProject
Project("{FAE04EC0-301F-11D3-BF4B-00C04F79EFBC}") = "Visy.Middleware.LGX.DHL.Maps", "Visy.Middleware.LGX.DHL.Maps\Visy.Middleware.LGX.DHL.Maps.btproj", "{39EA772A-2950-4077-80FB-8109EB0F1F66}"
EndProject
Project("{2150E333-8FDC-42A3-9474-1A3956D46DE8}") = "BindingInfo", "BindingInfo", "{1F8BE746-A251-4771-9609-12D1400085AC}"
	ProjectSection(SolutionItems) = preProject
		BindingInfo\LGX.DHL.BindingInfo.Dev.xml = BindingInfo\LGX.DHL.BindingInfo.Dev.xml
		BindingInfo\LGX.DHL.BindingInfo.Prod.xml = BindingInfo\LGX.DHL.BindingInfo.Prod.xml
	EndProjectSection
EndProject
Project("{FAE04EC0-301F-11D3-BF4B-00C04F79EFBC}") = "Visy.Middleware.LGX.DHL.Pipelines", "Visy.Middleware.LGX.DHL.Pipelines\Visy.Middleware.LGX.DHL.Pipelines.btproj", "{16B1355F-3043-49C9-BF02-E01A6AB9EE7D}"
EndProject
Global
	GlobalSection(SolutionConfigurationPlatforms) = preSolution
		Debug|Any CPU = Debug|Any CPU
		Debug|ARM = Debug|ARM
		Debug|x64 = Debug|x64
		Debug|x86 = Debug|x86
		Release|Any CPU = Release|Any CPU
		Release|ARM = Release|ARM
		Release|x64 = Release|x64
		Release|x86 = Release|x86
	EndGlobalSection
	GlobalSection(ProjectConfigurationPlatforms) = postSolution
		{045E76A5-34C1-4FE5-8F1B-7C5F3EFD34A8}.Debug|Any CPU.ActiveCfg = Debug|Any CPU
		{045E76A5-34C1-4FE5-8F1B-7C5F3EFD34A8}.Debug|Any CPU.Build.0 = Debug|Any CPU
		{045E76A5-34C1-4FE5-8F1B-7C5F3EFD34A8}.Debug|Any CPU.Deploy.0 = Debug|Any CPU
		{045E76A5-34C1-4FE5-8F1B-7C5F3EFD34A8}.Debug|ARM.ActiveCfg = Debug|Any CPU
		{045E76A5-34C1-4FE5-8F1B-7C5F3EFD34A8}.Debug|ARM.Build.0 = Debug|Any CPU
		{045E76A5-34C1-4FE5-8F1B-7C5F3EFD34A8}.Debug|ARM.Deploy.0 = Debug|Any CPU
		{045E76A5-34C1-4FE5-8F1B-7C5F3EFD34A8}.Debug|x64.ActiveCfg = Debug|Any CPU
		{045E76A5-34C1-4FE5-8F1B-7C5F3EFD34A8}.Debug|x64.Build.0 = Debug|Any CPU
		{045E76A5-34C1-4FE5-8F1B-7C5F3EFD34A8}.Debug|x64.Deploy.0 = Debug|Any CPU
		{045E76A5-34C1-4FE5-8F1B-7C5F3EFD34A8}.Debug|x86.ActiveCfg = Debug|Any CPU
		{045E76A5-34C1-4FE5-8F1B-7C5F3EFD34A8}.Debug|x86.Build.0 = Debug|Any CPU
		{045E76A5-34C1-4FE5-8F1B-7C5F3EFD34A8}.Debug|x86.Deploy.0 = Debug|Any CPU
		{045E76A5-34C1-4FE5-8F1B-7C5F3EFD34A8}.Release|Any CPU.ActiveCfg = Release|Any CPU
		{045E76A5-34C1-4FE5-8F1B-7C5F3EFD34A8}.Release|Any CPU.Build.0 = Release|Any CPU
		{045E76A5-34C1-4FE5-8F1B-7C5F3EFD34A8}.Release|Any CPU.Deploy.0 = Release|Any CPU
		{045E76A5-34C1-4FE5-8F1B-7C5F3EFD34A8}.Release|ARM.ActiveCfg = Release|Any CPU
		{045E76A5-34C1-4FE5-8F1B-7C5F3EFD34A8}.Release|ARM.Build.0 = Release|Any CPU
		{045E76A5-34C1-4FE5-8F1B-7C5F3EFD34A8}.Release|ARM.Deploy.0 = Release|Any CPU
		{045E76A5-34C1-4FE5-8F1B-7C5F3EFD34A8}.Release|x64.ActiveCfg = Release|Any CPU
		{045E76A5-34C1-4FE5-8F1B-7C5F3EFD34A8}.Release|x64.Build.0 = Release|Any CPU
		{045E76A5-34C1-4FE5-8F1B-7C5F3EFD34A8}.Release|x64.Deploy.0 = Release|Any CPU
		{045E76A5-34C1-4FE5-8F1B-7C5F3EFD34A8}.Release|x86.ActiveCfg = Release|Any CPU
		{045E76A5-34C1-4FE5-8F1B-7C5F3EFD34A8}.Release|x86.Build.0 = Release|Any CPU
		{045E76A5-34C1-4FE5-8F1B-7C5F3EFD34A8}.Release|x86.Deploy.0 = Release|Any CPU
		{39EA772A-2950-4077-80FB-8109EB0F1F66}.Debug|Any CPU.ActiveCfg = Debug|Any CPU
		{39EA772A-2950-4077-80FB-8109EB0F1F66}.Debug|Any CPU.Build.0 = Debug|Any CPU
		{39EA772A-2950-4077-80FB-8109EB0F1F66}.Debug|Any CPU.Deploy.0 = Debug|Any CPU
		{39EA772A-2950-4077-80FB-8109EB0F1F66}.Debug|ARM.ActiveCfg = Debug|Any CPU
		{39EA772A-2950-4077-80FB-8109EB0F1F66}.Debug|ARM.Build.0 = Debug|Any CPU
		{39EA772A-2950-4077-80FB-8109EB0F1F66}.Debug|ARM.Deploy.0 = Debug|Any CPU
		{39EA772A-2950-4077-80FB-8109EB0F1F66}.Debug|x64.ActiveCfg = Debug|Any CPU
		{39EA772A-2950-4077-80FB-8109EB0F1F66}.Debug|x64.Build.0 = Debug|Any CPU
		{39EA772A-2950-4077-80FB-8109EB0F1F66}.Debug|x64.Deploy.0 = Debug|Any CPU
		{39EA772A-2950-4077-80FB-8109EB0F1F66}.Debug|x86.ActiveCfg = Debug|Any CPU
		{39EA772A-2950-4077-80FB-8109EB0F1F66}.Debug|x86.Build.0 = Debug|Any CPU
		{39EA772A-2950-4077-80FB-8109EB0F1F66}.Debug|x86.Deploy.0 = Debug|Any CPU
		{39EA772A-2950-4077-80FB-8109EB0F1F66}.Release|Any CPU.ActiveCfg = Release|Any CPU
		{39EA772A-2950-4077-80FB-8109EB0F1F66}.Release|Any CPU.Build.0 = Release|Any CPU
		{39EA772A-2950-4077-80FB-8109EB0F1F66}.Release|Any CPU.Deploy.0 = Release|Any CPU
		{39EA772A-2950-4077-80FB-8109EB0F1F66}.Release|ARM.ActiveCfg = Release|Any CPU
		{39EA772A-2950-4077-80FB-8109EB0F1F66}.Release|ARM.Build.0 = Release|Any CPU
		{39EA772A-2950-4077-80FB-8109EB0F1F66}.Release|ARM.Deploy.0 = Release|Any CPU
		{39EA772A-2950-4077-80FB-8109EB0F1F66}.Release|x64.ActiveCfg = Release|Any CPU
		{39EA772A-2950-4077-80FB-8109EB0F1F66}.Release|x64.Build.0 = Release|Any CPU
		{39EA772A-2950-4077-80FB-8109EB0F1F66}.Release|x64.Deploy.0 = Release|Any CPU
		{39EA772A-2950-4077-80FB-8109EB0F1F66}.Release|x86.ActiveCfg = Release|Any CPU
		{39EA772A-2950-4077-80FB-8109EB0F1F66}.Release|x86.Build.0 = Release|Any CPU
		{39EA772A-2950-4077-80FB-8109EB0F1F66}.Release|x86.Deploy.0 = Release|Any CPU
		{16B1355F-3043-49C9-BF02-E01A6AB9EE7D}.Debug|Any CPU.ActiveCfg = Debug|Any CPU
		{16B1355F-3043-49C9-BF02-E01A6AB9EE7D}.Debug|Any CPU.Build.0 = Debug|Any CPU
		{16B1355F-3043-49C9-BF02-E01A6AB9EE7D}.Debug|Any CPU.Deploy.0 = Debug|Any CPU
		{16B1355F-3043-49C9-BF02-E01A6AB9EE7D}.Debug|ARM.ActiveCfg = Debug|Any CPU
		{16B1355F-3043-49C9-BF02-E01A6AB9EE7D}.Debug|ARM.Build.0 = Debug|Any CPU
		{16B1355F-3043-49C9-BF02-E01A6AB9EE7D}.Debug|ARM.Deploy.0 = Debug|Any CPU
		{16B1355F-3043-49C9-BF02-E01A6AB9EE7D}.Debug|x64.ActiveCfg = Debug|Any CPU
		{16B1355F-3043-49C9-BF02-E01A6AB9EE7D}.Debug|x64.Build.0 = Debug|Any CPU
		{16B1355F-3043-49C9-BF02-E01A6AB9EE7D}.Debug|x64.Deploy.0 = Debug|Any CPU
		{16B1355F-3043-49C9-BF02-E01A6AB9EE7D}.Debug|x86.ActiveCfg = Debug|Any CPU
		{16B1355F-3043-49C9-BF02-E01A6AB9EE7D}.Debug|x86.Build.0 = Debug|Any CPU
		{16B1355F-3043-49C9-BF02-E01A6AB9EE7D}.Debug|x86.Deploy.0 = Debug|Any CPU
		{16B1355F-3043-49C9-BF02-E01A6AB9EE7D}.Release|Any CPU.ActiveCfg = Release|Any CPU
		{16B1355F-3043-49C9-BF02-E01A6AB9EE7D}.Release|Any CPU.Build.0 = Release|Any CPU
		{16B1355F-3043-49C9-BF02-E01A6AB9EE7D}.Release|Any CPU.Deploy.0 = Release|Any CPU
		{16B1355F-3043-49C9-BF02-E01A6AB9EE7D}.Release|ARM.ActiveCfg = Release|Any CPU
		{16B1355F-3043-49C9-BF02-E01A6AB9EE7D}.Release|ARM.Build.0 = Release|Any CPU
		{16B1355F-3043-49C9-BF02-E01A6AB9EE7D}.Release|ARM.Deploy.0 = Release|Any CPU
		{16B1355F-3043-49C9-BF02-E01A6AB9EE7D}.Release|x64.ActiveCfg = Release|Any CPU
		{16B1355F-3043-49C9-BF02-E01A6AB9EE7D}.Release|x64.Build.0 = Release|Any CPU
		{16B1355F-3043-49C9-BF02-E01A6AB9EE7D}.Release|x64.Deploy.0 = Release|Any CPU
		{16B1355F-3043-49C9-BF02-E01A6AB9EE7D}.Release|x86.ActiveCfg = Release|Any CPU
		{16B1355F-3043-49C9-BF02-E01A6AB9EE7D}.Release|x86.Build.0 = Release|Any CPU
		{16B1355F-3043-49C9-BF02-E01A6AB9EE7D}.Release|x86.Deploy.0 = Release|Any CPU
	EndGlobalSection
	GlobalSection(SolutionProperties) = preSolution
		HideSolutionNode = FALSE
	EndGlobalSection
EndGlobal
