
Microsoft Visual Studio Solution File, Format Version 12.00
# Visual Studio 14
VisualStudioVersion = 14.0.25420.1
MinimumVisualStudioVersion = 10.0.40219.1
Project("{FAE04EC0-301F-11D3-BF4B-00C04F79EFBC}") = "Visy.Middleware.LGX.TIM.Orchestrations", "Visy.Middleware.LGX.TIM.Orchestrations\Visy.Middleware.LGX.TIM.Orchestrations.btproj", "{AF2269AE-23B1-4A13-8BBC-EE3248B37369}"
EndProject
Project("{FAE04EC0-301F-11D3-BF4B-00C04F79EFBC}") = "Visy.Middleware.LGX.TIM.Schemas", "Visy.Middleware.LGX.TIM.Schemas\Visy.Middleware.LGX.TIM.Schemas.btproj", "{B79D2284-7CC0-4A57-9454-ACBC22FBD180}"
EndProject
Project("{FAE04EC0-301F-11D3-BF4B-00C04F79EFBC}") = "Visy.Middleware.LGX.TIM.Components", "Visy.Middleware.LGX.TIM.Components\Visy.Middleware.LGX.TIM.Components.csproj", "{B67427EA-3F8A-4204-8D40-860D1F51B8EA}"
EndProject
Project("{2150E333-8FDC-42A3-9474-1A3956D46DE8}") = "BindingInfo", "BindingInfo", "{8D0D81E5-93F8-4FBA-B693-C70EBF7141DA}"
	ProjectSection(SolutionItems) = preProject
		BindingInfo\LGX.TIM.BindingInfo.Dev.xml = BindingInfo\LGX.TIM.BindingInfo.Dev.xml
		BindingInfo\LGX.TIM.BindingInfo.Prod.xml = BindingInfo\LGX.TIM.BindingInfo.Prod.xml
	EndProjectSection
EndProject
Project("{FAE04EC0-301F-11D3-BF4B-00C04F79EFBC}") = "Visy.Middleware.LGX.TIM.Pipelines", "Visy.Middleware.LGX.TIM.Pipelines\Visy.Middleware.LGX.TIM.Pipelines.btproj", "{29717DD3-7A74-4288-B6B5-E60F7F4B82BA}"
EndProject
Project("{FAE04EC0-301F-11D3-BF4B-00C04F79EFBC}") = "Visy.Middleware.LGX.TIM.Console", "Visy.Middleware.LGX.TIM.Console\Visy.Middleware.LGX.TIM.Console.csproj", "{DEED587E-5975-4AB3-BAEC-FADA14B70D3B}"
EndProject
Global
	GlobalSection(SolutionConfigurationPlatforms) = preSolution
		Debug|Any CPU = Debug|Any CPU
		Release|Any CPU = Release|Any CPU
	EndGlobalSection
	GlobalSection(ProjectConfigurationPlatforms) = postSolution
		{AF2269AE-23B1-4A13-8BBC-EE3248B37369}.Debug|Any CPU.ActiveCfg = Debug|Any CPU
		{AF2269AE-23B1-4A13-8BBC-EE3248B37369}.Debug|Any CPU.Build.0 = Debug|Any CPU
		{AF2269AE-23B1-4A13-8BBC-EE3248B37369}.Debug|Any CPU.Deploy.0 = Debug|Any CPU
		{AF2269AE-23B1-4A13-8BBC-EE3248B37369}.Release|Any CPU.ActiveCfg = Release|Any CPU
		{AF2269AE-23B1-4A13-8BBC-EE3248B37369}.Release|Any CPU.Build.0 = Release|Any CPU
		{AF2269AE-23B1-4A13-8BBC-EE3248B37369}.Release|Any CPU.Deploy.0 = Release|Any CPU
		{B79D2284-7CC0-4A57-9454-ACBC22FBD180}.Debug|Any CPU.ActiveCfg = Debug|Any CPU
		{B79D2284-7CC0-4A57-9454-ACBC22FBD180}.Debug|Any CPU.Build.0 = Debug|Any CPU
		{B79D2284-7CC0-4A57-9454-ACBC22FBD180}.Debug|Any CPU.Deploy.0 = Debug|Any CPU
		{B79D2284-7CC0-4A57-9454-ACBC22FBD180}.Release|Any CPU.ActiveCfg = Release|Any CPU
		{B79D2284-7CC0-4A57-9454-ACBC22FBD180}.Release|Any CPU.Build.0 = Release|Any CPU
		{B79D2284-7CC0-4A57-9454-ACBC22FBD180}.Release|Any CPU.Deploy.0 = Release|Any CPU
		{B67427EA-3F8A-4204-8D40-860D1F51B8EA}.Debug|Any CPU.ActiveCfg = Debug|Any CPU
		{B67427EA-3F8A-4204-8D40-860D1F51B8EA}.Debug|Any CPU.Build.0 = Debug|Any CPU
		{B67427EA-3F8A-4204-8D40-860D1F51B8EA}.Release|Any CPU.ActiveCfg = Release|Any CPU
		{B67427EA-3F8A-4204-8D40-860D1F51B8EA}.Release|Any CPU.Build.0 = Release|Any CPU
		{29717DD3-7A74-4288-B6B5-E60F7F4B82BA}.Debug|Any CPU.ActiveCfg = Debug|Any CPU
		{29717DD3-7A74-4288-B6B5-E60F7F4B82BA}.Debug|Any CPU.Build.0 = Debug|Any CPU
		{29717DD3-7A74-4288-B6B5-E60F7F4B82BA}.Debug|Any CPU.Deploy.0 = Debug|Any CPU
		{29717DD3-7A74-4288-B6B5-E60F7F4B82BA}.Release|Any CPU.ActiveCfg = Release|Any CPU
		{29717DD3-7A74-4288-B6B5-E60F7F4B82BA}.Release|Any CPU.Build.0 = Release|Any CPU
		{29717DD3-7A74-4288-B6B5-E60F7F4B82BA}.Release|Any CPU.Deploy.0 = Release|Any CPU
		{DEED587E-5975-4AB3-BAEC-FADA14B70D3B}.Debug|Any CPU.ActiveCfg = Debug|Any CPU
		{DEED587E-5975-4AB3-BAEC-FADA14B70D3B}.Debug|Any CPU.Build.0 = Debug|Any CPU
		{DEED587E-5975-4AB3-BAEC-FADA14B70D3B}.Release|Any CPU.ActiveCfg = Release|Any CPU
		{DEED587E-5975-4AB3-BAEC-FADA14B70D3B}.Release|Any CPU.Build.0 = Release|Any CPU
	EndGlobalSection
	GlobalSection(SolutionProperties) = preSolution
		HideSolutionNode = FALSE
	EndGlobalSection
EndGlobal
