
Microsoft Visual Studio Solution File, Format Version 12.00
# Visual Studio 14
VisualStudioVersion = 14.0.25420.1
MinimumVisualStudioVersion = 10.0.40219.1
Project("{FAE04EC0-301F-11D3-BF4B-00C04F79EFBC}") = "Visy.Middleware.LGX.DeliveryWare.Orders.Orchestrations", "Visy.Middleware.LGX.DeliveryWare.Orders.Orchestrations\Visy.Middleware.LGX.DeliveryWare.Orders.Orchestrations.btproj", "{FA2F3122-E6A1-464B-8CE7-B6391AD231CD}"
EndProject
Project("{FAE04EC0-301F-11D3-BF4B-00C04F79EFBC}") = "Visy.Middleware.LGX.DeliveryWare.Orders.Maps", "Visy.Middleware.LGX.DeliveryWare.Orders.Maps\Visy.Middleware.LGX.DeliveryWare.Orders.Maps.btproj", "{BE424F8D-953C-463E-AF30-0C0AEF0E79CC}"
EndProject
Project("{FAE04EC0-301F-11D3-BF4B-00C04F79EFBC}") = "Visy.Middleware.LGX.DeliveryWare.Orders.Pipelines", "Visy.Middleware.LGX.DeliveryWare.Orders.Pipelines\Visy.Middleware.LGX.DeliveryWare.Orders.Pipelines.btproj", "{4BA4A7AC-1B89-424F-A512-70D860A38237}"
EndProject
Project("{FAE04EC0-301F-11D3-BF4B-00C04F79EFBC}") = "Visy.Middleware.LGX.DeliveryWare.Orders.Schemas", "Visy.Middleware.LGX.DeliveryWare.Orders.Schemas\Visy.Middleware.LGX.DeliveryWare.Orders.Schemas.btproj", "{E148964F-ECC0-4C81-9DE1-C69DE40D48AF}"
EndProject
Project("{2150E333-8FDC-42A3-9474-1A3956D46DE8}") = "BindingInfo", "BindingInfo", "{275A1215-7459-40D3-A736-F377C766FB03}"
	ProjectSection(SolutionItems) = preProject
		BindingInfo\LGX.DeliveryWare.Orders.BindingInfo.UAT.xml = BindingInfo\LGX.DeliveryWare.Orders.BindingInfo.UAT.xml
	EndProjectSection
EndProject
Project("{FAE04EC0-301F-11D3-BF4B-00C04F79EFBC}") = "Visy.Middleware.LGX.DeliveryWare.Orders.Component", "Visy.Middleware.LGX.DeliveryWare.Orders.Component\Visy.Middleware.LGX.DeliveryWare.Orders.Component.csproj", "{227FD113-A8E8-4FB9-95B8-8AC01BD16D18}"
EndProject
Project("{FAE04EC0-301F-11D3-BF4B-00C04F79EFBC}") = "Visy.Middleware.LGX.DeliveryWare.Orders.PipelineComponent", "Visy.Middleware.LGX.DeliveryWare.Orders.PipelineComponent\Visy.Middleware.LGX.DeliveryWare.Orders.PipelineComponent.csproj", "{26106889-D583-4F2A-BC95-C73EDA61F77B}"
EndProject
Global
	GlobalSection(SolutionConfigurationPlatforms) = preSolution
		Debug|Any CPU = Debug|Any CPU
		Release|Any CPU = Release|Any CPU
	EndGlobalSection
	GlobalSection(ProjectConfigurationPlatforms) = postSolution
		{FA2F3122-E6A1-464B-8CE7-B6391AD231CD}.Debug|Any CPU.ActiveCfg = Debug|Any CPU
		{FA2F3122-E6A1-464B-8CE7-B6391AD231CD}.Debug|Any CPU.Build.0 = Debug|Any CPU
		{FA2F3122-E6A1-464B-8CE7-B6391AD231CD}.Debug|Any CPU.Deploy.0 = Debug|Any CPU
		{FA2F3122-E6A1-464B-8CE7-B6391AD231CD}.Release|Any CPU.ActiveCfg = Release|Any CPU
		{FA2F3122-E6A1-464B-8CE7-B6391AD231CD}.Release|Any CPU.Build.0 = Release|Any CPU
		{FA2F3122-E6A1-464B-8CE7-B6391AD231CD}.Release|Any CPU.Deploy.0 = Release|Any CPU
		{BE424F8D-953C-463E-AF30-0C0AEF0E79CC}.Debug|Any CPU.ActiveCfg = Debug|Any CPU
		{BE424F8D-953C-463E-AF30-0C0AEF0E79CC}.Debug|Any CPU.Build.0 = Debug|Any CPU
		{BE424F8D-953C-463E-AF30-0C0AEF0E79CC}.Debug|Any CPU.Deploy.0 = Debug|Any CPU
		{BE424F8D-953C-463E-AF30-0C0AEF0E79CC}.Release|Any CPU.ActiveCfg = Release|Any CPU
		{BE424F8D-953C-463E-AF30-0C0AEF0E79CC}.Release|Any CPU.Build.0 = Release|Any CPU
		{BE424F8D-953C-463E-AF30-0C0AEF0E79CC}.Release|Any CPU.Deploy.0 = Release|Any CPU
		{4BA4A7AC-1B89-424F-A512-70D860A38237}.Debug|Any CPU.ActiveCfg = Debug|Any CPU
		{4BA4A7AC-1B89-424F-A512-70D860A38237}.Debug|Any CPU.Build.0 = Debug|Any CPU
		{4BA4A7AC-1B89-424F-A512-70D860A38237}.Debug|Any CPU.Deploy.0 = Debug|Any CPU
		{4BA4A7AC-1B89-424F-A512-70D860A38237}.Release|Any CPU.ActiveCfg = Release|Any CPU
		{4BA4A7AC-1B89-424F-A512-70D860A38237}.Release|Any CPU.Build.0 = Release|Any CPU
		{4BA4A7AC-1B89-424F-A512-70D860A38237}.Release|Any CPU.Deploy.0 = Release|Any CPU
		{E148964F-ECC0-4C81-9DE1-C69DE40D48AF}.Debug|Any CPU.ActiveCfg = Debug|Any CPU
		{E148964F-ECC0-4C81-9DE1-C69DE40D48AF}.Debug|Any CPU.Build.0 = Debug|Any CPU
		{E148964F-ECC0-4C81-9DE1-C69DE40D48AF}.Debug|Any CPU.Deploy.0 = Debug|Any CPU
		{E148964F-ECC0-4C81-9DE1-C69DE40D48AF}.Release|Any CPU.ActiveCfg = Release|Any CPU
		{E148964F-ECC0-4C81-9DE1-C69DE40D48AF}.Release|Any CPU.Build.0 = Release|Any CPU
		{E148964F-ECC0-4C81-9DE1-C69DE40D48AF}.Release|Any CPU.Deploy.0 = Release|Any CPU
		{227FD113-A8E8-4FB9-95B8-8AC01BD16D18}.Debug|Any CPU.ActiveCfg = Debug|Any CPU
		{227FD113-A8E8-4FB9-95B8-8AC01BD16D18}.Debug|Any CPU.Build.0 = Debug|Any CPU
		{227FD113-A8E8-4FB9-95B8-8AC01BD16D18}.Release|Any CPU.ActiveCfg = Release|Any CPU
		{227FD113-A8E8-4FB9-95B8-8AC01BD16D18}.Release|Any CPU.Build.0 = Release|Any CPU
		{26106889-D583-4F2A-BC95-C73EDA61F77B}.Debug|Any CPU.ActiveCfg = Debug|Any CPU
		{26106889-D583-4F2A-BC95-C73EDA61F77B}.Debug|Any CPU.Build.0 = Debug|Any CPU
		{26106889-D583-4F2A-BC95-C73EDA61F77B}.Release|Any CPU.ActiveCfg = Release|Any CPU
		{26106889-D583-4F2A-BC95-C73EDA61F77B}.Release|Any CPU.Build.0 = Release|Any CPU
	EndGlobalSection
	GlobalSection(SolutionProperties) = preSolution
		HideSolutionNode = FALSE
	EndGlobalSection
EndGlobal
