
Microsoft Visual Studio Solution File, Format Version 12.00
# Visual Studio 14
VisualStudioVersion = 14.0.25420.1
MinimumVisualStudioVersion = 10.0.40219.1
Project("{FAE04EC0-301F-11D3-BF4B-00C04F79EFBC}") = "Visy.Middleware.SAP.IDOCTracker.Schemas", "Visy.Middleware.SAP.IDOCTracker.Schemas\Visy.Middleware.SAP.IDOCTracker.Schemas.btproj", "{6E53913C-7D67-496A-98DA-A9BDAC039DB3}"
EndProject
Project("{FAE04EC0-301F-11D3-BF4B-00C04F79EFBC}") = "Visy.Middleware.SAP.IDOCTracker.Maps", "Visy.Middleware.SAP.IDOCTracker.Maps\Visy.Middleware.SAP.IDOCTracker.Maps.btproj", "{561AC192-C95B-464E-8082-6493AD00A72E}"
EndProject
Project("{2150E333-8FDC-42A3-9474-1A3956D46DE8}") = "BindingInfo", "BindingInfo", "{C48F1BC5-88C1-4F04-BBCB-40259DB718A9}"
	ProjectSection(SolutionItems) = preProject
		BindingInfo\SAP.IDOCTracker.BindingInfo.DEV.xml = BindingInfo\SAP.IDOCTracker.BindingInfo.DEV.xml
	EndProjectSection
EndProject
Project("{FAE04EC0-301F-11D3-BF4B-00C04F79EFBC}") = "Visy.Middleware.SAP.IDOCTracker.Orchestrations", "Visy.Middleware.SAP.IDOCTracker.Orchestrations\Visy.Middleware.SAP.IDOCTracker.Orchestrations.btproj", "{DC429BBB-FAF0-44B1-9F4F-C34A3EA29A76}"
EndProject
Global
	GlobalSection(SolutionConfigurationPlatforms) = preSolution
		Debug|Any CPU = Debug|Any CPU
		Release|Any CPU = Release|Any CPU
	EndGlobalSection
	GlobalSection(ProjectConfigurationPlatforms) = postSolution
		{6E53913C-7D67-496A-98DA-A9BDAC039DB3}.Debug|Any CPU.ActiveCfg = Debug|Any CPU
		{6E53913C-7D67-496A-98DA-A9BDAC039DB3}.Debug|Any CPU.Build.0 = Debug|Any CPU
		{6E53913C-7D67-496A-98DA-A9BDAC039DB3}.Debug|Any CPU.Deploy.0 = Debug|Any CPU
		{6E53913C-7D67-496A-98DA-A9BDAC039DB3}.Release|Any CPU.ActiveCfg = Release|Any CPU
		{6E53913C-7D67-496A-98DA-A9BDAC039DB3}.Release|Any CPU.Build.0 = Release|Any CPU
		{6E53913C-7D67-496A-98DA-A9BDAC039DB3}.Release|Any CPU.Deploy.0 = Release|Any CPU
		{561AC192-C95B-464E-8082-6493AD00A72E}.Debug|Any CPU.ActiveCfg = Debug|Any CPU
		{561AC192-C95B-464E-8082-6493AD00A72E}.Debug|Any CPU.Build.0 = Debug|Any CPU
		{561AC192-C95B-464E-8082-6493AD00A72E}.Debug|Any CPU.Deploy.0 = Debug|Any CPU
		{561AC192-C95B-464E-8082-6493AD00A72E}.Release|Any CPU.ActiveCfg = Release|Any CPU
		{561AC192-C95B-464E-8082-6493AD00A72E}.Release|Any CPU.Build.0 = Release|Any CPU
		{561AC192-C95B-464E-8082-6493AD00A72E}.Release|Any CPU.Deploy.0 = Release|Any CPU
		{DC429BBB-FAF0-44B1-9F4F-C34A3EA29A76}.Debug|Any CPU.ActiveCfg = Debug|Any CPU
		{DC429BBB-FAF0-44B1-9F4F-C34A3EA29A76}.Debug|Any CPU.Build.0 = Debug|Any CPU
		{DC429BBB-FAF0-44B1-9F4F-C34A3EA29A76}.Debug|Any CPU.Deploy.0 = Debug|Any CPU
		{DC429BBB-FAF0-44B1-9F4F-C34A3EA29A76}.Release|Any CPU.ActiveCfg = Release|Any CPU
		{DC429BBB-FAF0-44B1-9F4F-C34A3EA29A76}.Release|Any CPU.Build.0 = Release|Any CPU
		{DC429BBB-FAF0-44B1-9F4F-C34A3EA29A76}.Release|Any CPU.Deploy.0 = Release|Any CPU
	EndGlobalSection
	GlobalSection(SolutionProperties) = preSolution
		HideSolutionNode = FALSE
	EndGlobalSection
EndGlobal
