
Microsoft Visual Studio Solution File, Format Version 12.00
# Visual Studio 14
VisualStudioVersion = 14.0.25420.1
MinimumVisualStudioVersion = 10.0.40219.1
Project("{FAE04EC0-301F-11D3-BF4B-00C04F79EFBC}") = "Visy.Middleware.LGX.Kerry.Maps", "Visy.Middleware.LGX.Kerry.Maps\Visy.Middleware.LGX.Kerry.Maps.btproj", "{05CEE40F-B98F-4818-B4B1-27DE537EB159}"
EndProject
Project("{FAE04EC0-301F-11D3-BF4B-00C04F79EFBC}") = "Visy.Middleware.LGX.Kerry.Schemas", "Visy.Middleware.LGX.Kerry.Schemas\Visy.Middleware.LGX.Kerry.Schemas.btproj", "{99FC9E8F-5472-44A3-9216-502560598895}"
EndProject
Global
	GlobalSection(SolutionConfigurationPlatforms) = preSolution
		Debug|Any CPU = Debug|Any CPU
		Release|Any CPU = Release|Any CPU
	EndGlobalSection
	GlobalSection(ProjectConfigurationPlatforms) = postSolution
		{05CEE40F-B98F-4818-B4B1-27DE537EB159}.Debug|Any CPU.ActiveCfg = Debug|Any CPU
		{05CEE40F-B98F-4818-B4B1-27DE537EB159}.Debug|Any CPU.Build.0 = Debug|Any CPU
		{05CEE40F-B98F-4818-B4B1-27DE537EB159}.Debug|Any CPU.Deploy.0 = Debug|Any CPU
		{05CEE40F-B98F-4818-B4B1-27DE537EB159}.Release|Any CPU.ActiveCfg = Release|Any CPU
		{05CEE40F-B98F-4818-B4B1-27DE537EB159}.Release|Any CPU.Build.0 = Release|Any CPU
		{05CEE40F-B98F-4818-B4B1-27DE537EB159}.Release|Any CPU.Deploy.0 = Release|Any CPU
		{99FC9E8F-5472-44A3-9216-502560598895}.Debug|Any CPU.ActiveCfg = Debug|Any CPU
		{99FC9E8F-5472-44A3-9216-502560598895}.Debug|Any CPU.Build.0 = Debug|Any CPU
		{99FC9E8F-5472-44A3-9216-502560598895}.Debug|Any CPU.Deploy.0 = Debug|Any CPU
		{99FC9E8F-5472-44A3-9216-502560598895}.Release|Any CPU.ActiveCfg = Release|Any CPU
		{99FC9E8F-5472-44A3-9216-502560598895}.Release|Any CPU.Build.0 = Release|Any CPU
		{99FC9E8F-5472-44A3-9216-502560598895}.Release|Any CPU.Deploy.0 = Release|Any CPU
	EndGlobalSection
	GlobalSection(SolutionProperties) = preSolution
		HideSolutionNode = FALSE
	EndGlobalSection
EndGlobal
