
Microsoft Visual Studio Solution File, Format Version 12.00
# Visual Studio 14
VisualStudioVersion = 14.0.25420.1
MinimumVisualStudioVersion = 10.0.40219.1
Project("{FAE04EC0-301F-11D3-BF4B-00C04F79EFBC}") = "Visy.Middleware.SAP.PCard.Orchestrations", "Visy.Middleware.SAP.PCard.Orchestrations\Visy.Middleware.SAP.PCard.Orchestrations.btproj", "{36262532-DBA0-4005-AF07-6BB45AFFB53F}"
EndProject
Project("{2150E333-8FDC-42A3-9474-1A3956D46DE8}") = "BindingInfo", "BindingInfo", "{2A1D1774-E8C4-4D5D-BD24-8A1DF918C3C4}"
	ProjectSection(SolutionItems) = preProject
		BindingInfo\SAP.PCard.BindingInfo.Dev.xml = BindingInfo\SAP.PCard.BindingInfo.Dev.xml
		BindingInfo\SAP.PCard.BindingInfo.Prod.xml = BindingInfo\SAP.PCard.BindingInfo.Prod.xml
	EndProjectSection
EndProject
Project("{FAE04EC0-301F-11D3-BF4B-00C04F79EFBC}") = "Visy.Middleware.SAP.PCard.Pipelines", "Visy.Middleware.SAP.PCard.Pipelines\Visy.Middleware.SAP.PCard.Pipelines.btproj", "{67833070-10A3-4F91-8B4E-6E31EE2900E0}"
EndProject
Global
	GlobalSection(SolutionConfigurationPlatforms) = preSolution
		Debug|Any CPU = Debug|Any CPU
		Release|Any CPU = Release|Any CPU
	EndGlobalSection
	GlobalSection(ProjectConfigurationPlatforms) = postSolution
		{36262532-DBA0-4005-AF07-6BB45AFFB53F}.Debug|Any CPU.ActiveCfg = Debug|Any CPU
		{36262532-DBA0-4005-AF07-6BB45AFFB53F}.Debug|Any CPU.Build.0 = Debug|Any CPU
		{36262532-DBA0-4005-AF07-6BB45AFFB53F}.Debug|Any CPU.Deploy.0 = Debug|Any CPU
		{36262532-DBA0-4005-AF07-6BB45AFFB53F}.Release|Any CPU.ActiveCfg = Release|Any CPU
		{36262532-DBA0-4005-AF07-6BB45AFFB53F}.Release|Any CPU.Build.0 = Release|Any CPU
		{36262532-DBA0-4005-AF07-6BB45AFFB53F}.Release|Any CPU.Deploy.0 = Release|Any CPU
		{67833070-10A3-4F91-8B4E-6E31EE2900E0}.Debug|Any CPU.ActiveCfg = Debug|Any CPU
		{67833070-10A3-4F91-8B4E-6E31EE2900E0}.Debug|Any CPU.Build.0 = Debug|Any CPU
		{67833070-10A3-4F91-8B4E-6E31EE2900E0}.Debug|Any CPU.Deploy.0 = Debug|Any CPU
		{67833070-10A3-4F91-8B4E-6E31EE2900E0}.Release|Any CPU.ActiveCfg = Release|Any CPU
		{67833070-10A3-4F91-8B4E-6E31EE2900E0}.Release|Any CPU.Build.0 = Release|Any CPU
		{67833070-10A3-4F91-8B4E-6E31EE2900E0}.Release|Any CPU.Deploy.0 = Release|Any CPU
	EndGlobalSection
	GlobalSection(SolutionProperties) = preSolution
		HideSolutionNode = FALSE
	EndGlobalSection
EndGlobal
