
Microsoft Visual Studio Solution File, Format Version 12.00
# Visual Studio 14
VisualStudioVersion = 14.0.25420.1
MinimumVisualStudioVersion = 10.0.40219.1
Project("{FAE04EC0-301F-11D3-BF4B-00C04F79EFBC}") = "Visy.Middleware.SAP.MasterFoods.Mars.Schemas", "Visy.Middleware.SAP.MasterFoods.Mars.Schemas\Visy.Middleware.SAP.MasterFoods.Mars.Schemas.btproj", "{EF8E3ACF-5186-48C8-AF19-2433A6728B25}"
EndProject
Project("{FAE04EC0-301F-11D3-BF4B-00C04F79EFBC}") = "Visy.Middleware.SAP.MasterFoods.Mars.Pipelines", "Visy.Middleware.SAP.MasterFoods.Mars.Pipelines\Visy.Middleware.SAP.MasterFoods.Mars.Pipelines.btproj", "{A916E2D0-8F0C-4A0F-94A6-7D53FE99A980}"
EndProject
Project("{FAE04EC0-301F-11D3-BF4B-00C04F79EFBC}") = "Visy.Middleware.SAP.MasterFoods.Mars.Maps", "Visy.Middleware.SAP.MasterFoods.Mars.Maps\Visy.Middleware.SAP.MasterFoods.Mars.Maps.btproj", "{C5B3465D-C8E1-47D2-920C-B2EBAEC82387}"
EndProject
Project("{FAE04EC0-301F-11D3-BF4B-00C04F79EFBC}") = "Visy.Middleware.SAP.MasterFoods.Mars.Orchestrations", "Visy.Middleware.SAP.MasterFoods.Mars.Orchestrations\Visy.Middleware.SAP.MasterFoods.Mars.Orchestrations.btproj", "{5867CF9D-DEBC-481F-9654-0B1CDD03256D}"
EndProject
Project("{FAE04EC0-301F-11D3-BF4B-00C04F79EFBC}") = "Visy.Middleware.SAP.MasterFoods.Mars.Components", "Visy.Middleware.SAP.MasterFoods.Mars.Components\Visy.Middleware.SAP.MasterFoods.Mars.Components.csproj", "{F5326F4F-AD3D-468A-94C1-92F6327A5BDC}"
EndProject
Project("{2150E333-8FDC-42A3-9474-1A3956D46DE8}") = "BindingInfo", "BindingInfo", "{8B287A74-A07B-41E4-97A3-1BFAED87F902}"
	ProjectSection(SolutionItems) = preProject
		BindingInfo\SAP.MasterFoods.BindingInfo.Dev.xml = BindingInfo\SAP.MasterFoods.BindingInfo.Dev.xml
		BindingInfo\SAP.MasterFoods.BindingInfo.Prod.xml = BindingInfo\SAP.MasterFoods.BindingInfo.Prod.xml
	EndProjectSection
EndProject
Global
	GlobalSection(SolutionConfigurationPlatforms) = preSolution
		Debug|Any CPU = Debug|Any CPU
		Release|Any CPU = Release|Any CPU
	EndGlobalSection
	GlobalSection(ProjectConfigurationPlatforms) = postSolution
		{EF8E3ACF-5186-48C8-AF19-2433A6728B25}.Debug|Any CPU.ActiveCfg = Debug|Any CPU
		{EF8E3ACF-5186-48C8-AF19-2433A6728B25}.Debug|Any CPU.Build.0 = Debug|Any CPU
		{EF8E3ACF-5186-48C8-AF19-2433A6728B25}.Debug|Any CPU.Deploy.0 = Debug|Any CPU
		{EF8E3ACF-5186-48C8-AF19-2433A6728B25}.Release|Any CPU.ActiveCfg = Release|Any CPU
		{EF8E3ACF-5186-48C8-AF19-2433A6728B25}.Release|Any CPU.Build.0 = Release|Any CPU
		{EF8E3ACF-5186-48C8-AF19-2433A6728B25}.Release|Any CPU.Deploy.0 = Release|Any CPU
		{A916E2D0-8F0C-4A0F-94A6-7D53FE99A980}.Debug|Any CPU.ActiveCfg = Debug|Any CPU
		{A916E2D0-8F0C-4A0F-94A6-7D53FE99A980}.Debug|Any CPU.Build.0 = Debug|Any CPU
		{A916E2D0-8F0C-4A0F-94A6-7D53FE99A980}.Debug|Any CPU.Deploy.0 = Debug|Any CPU
		{A916E2D0-8F0C-4A0F-94A6-7D53FE99A980}.Release|Any CPU.ActiveCfg = Release|Any CPU
		{A916E2D0-8F0C-4A0F-94A6-7D53FE99A980}.Release|Any CPU.Build.0 = Release|Any CPU
		{A916E2D0-8F0C-4A0F-94A6-7D53FE99A980}.Release|Any CPU.Deploy.0 = Release|Any CPU
		{C5B3465D-C8E1-47D2-920C-B2EBAEC82387}.Debug|Any CPU.ActiveCfg = Debug|Any CPU
		{C5B3465D-C8E1-47D2-920C-B2EBAEC82387}.Debug|Any CPU.Build.0 = Debug|Any CPU
		{C5B3465D-C8E1-47D2-920C-B2EBAEC82387}.Debug|Any CPU.Deploy.0 = Debug|Any CPU
		{C5B3465D-C8E1-47D2-920C-B2EBAEC82387}.Release|Any CPU.ActiveCfg = Release|Any CPU
		{C5B3465D-C8E1-47D2-920C-B2EBAEC82387}.Release|Any CPU.Build.0 = Release|Any CPU
		{C5B3465D-C8E1-47D2-920C-B2EBAEC82387}.Release|Any CPU.Deploy.0 = Release|Any CPU
		{5867CF9D-DEBC-481F-9654-0B1CDD03256D}.Debug|Any CPU.ActiveCfg = Debug|Any CPU
		{5867CF9D-DEBC-481F-9654-0B1CDD03256D}.Debug|Any CPU.Build.0 = Debug|Any CPU
		{5867CF9D-DEBC-481F-9654-0B1CDD03256D}.Debug|Any CPU.Deploy.0 = Debug|Any CPU
		{5867CF9D-DEBC-481F-9654-0B1CDD03256D}.Release|Any CPU.ActiveCfg = Release|Any CPU
		{5867CF9D-DEBC-481F-9654-0B1CDD03256D}.Release|Any CPU.Build.0 = Release|Any CPU
		{5867CF9D-DEBC-481F-9654-0B1CDD03256D}.Release|Any CPU.Deploy.0 = Release|Any CPU
		{F5326F4F-AD3D-468A-94C1-92F6327A5BDC}.Debug|Any CPU.ActiveCfg = Debug|Any CPU
		{F5326F4F-AD3D-468A-94C1-92F6327A5BDC}.Debug|Any CPU.Build.0 = Debug|Any CPU
		{F5326F4F-AD3D-468A-94C1-92F6327A5BDC}.Release|Any CPU.ActiveCfg = Release|Any CPU
		{F5326F4F-AD3D-468A-94C1-92F6327A5BDC}.Release|Any CPU.Build.0 = Release|Any CPU
	EndGlobalSection
	GlobalSection(SolutionProperties) = preSolution
		HideSolutionNode = FALSE
	EndGlobalSection
EndGlobal
