
Microsoft Visual Studio Solution File, Format Version 12.00
# Visual Studio 14
VisualStudioVersion = 14.0.25420.1
MinimumVisualStudioVersion = 10.0.40219.1
Project("{FAE04EC0-301F-11D3-BF4B-00C04F79EFBC}") = "Visy.Middleware.SAP.AMS.Schemas", "Visy.Middleware.SAP.AMS.Schemas\Visy.Middleware.SAP.AMS.Schemas.btproj", "{D54A8EA8-1866-434C-B407-72F3B9A30311}"
EndProject
Project("{FAE04EC0-301F-11D3-BF4B-00C04F79EFBC}") = "Visy.Middleware.SAP.AMS.Maps", "Visy.Middleware.SAP.AMS.Maps\Visy.Middleware.SAP.AMS.Maps.btproj", "{FC04A650-66E6-4495-B708-CF71C81863F1}"
EndProject
Project("{FAE04EC0-301F-11D3-BF4B-00C04F79EFBC}") = "Visy.Middleware.SAP.AMS.Orchestrations", "Visy.Middleware.SAP.AMS.Orchestrations\Visy.Middleware.SAP.AMS.Orchestrations.btproj", "{44456695-706D-4566-873C-BDEC97205EA8}"
EndProject
Project("{2150E333-8FDC-42A3-9474-1A3956D46DE8}") = "BindingInfo", "BindingInfo", "{1E882088-00EB-49DB-95F8-16B8F74434F1}"
	ProjectSection(SolutionItems) = preProject
		BindingInfo\SAP.AMS.BindingInfo.Dev.xml = BindingInfo\SAP.AMS.BindingInfo.Dev.xml
		BindingInfo\SAP.AMS.BindingInfo.Prod.xml = BindingInfo\SAP.AMS.BindingInfo.Prod.xml
	EndProjectSection
EndProject
Project("{FAE04EC0-301F-11D3-BF4B-00C04F79EFBC}") = "Visy.Middleware.SAP.AMS.Components", "Visy.Middleware.SAP.AMS.Components\Visy.Middleware.SAP.AMS.Components.csproj", "{F7CE84A9-93A8-4202-9289-F04E01085D41}"
EndProject
Global
	GlobalSection(SolutionConfigurationPlatforms) = preSolution
		Debug|Any CPU = Debug|Any CPU
		Release|Any CPU = Release|Any CPU
	EndGlobalSection
	GlobalSection(ProjectConfigurationPlatforms) = postSolution
		{D54A8EA8-1866-434C-B407-72F3B9A30311}.Debug|Any CPU.ActiveCfg = Debug|Any CPU
		{D54A8EA8-1866-434C-B407-72F3B9A30311}.Debug|Any CPU.Build.0 = Debug|Any CPU
		{D54A8EA8-1866-434C-B407-72F3B9A30311}.Debug|Any CPU.Deploy.0 = Debug|Any CPU
		{D54A8EA8-1866-434C-B407-72F3B9A30311}.Release|Any CPU.ActiveCfg = Release|Any CPU
		{D54A8EA8-1866-434C-B407-72F3B9A30311}.Release|Any CPU.Build.0 = Release|Any CPU
		{D54A8EA8-1866-434C-B407-72F3B9A30311}.Release|Any CPU.Deploy.0 = Release|Any CPU
		{FC04A650-66E6-4495-B708-CF71C81863F1}.Debug|Any CPU.ActiveCfg = Debug|Any CPU
		{FC04A650-66E6-4495-B708-CF71C81863F1}.Debug|Any CPU.Build.0 = Debug|Any CPU
		{FC04A650-66E6-4495-B708-CF71C81863F1}.Debug|Any CPU.Deploy.0 = Debug|Any CPU
		{FC04A650-66E6-4495-B708-CF71C81863F1}.Release|Any CPU.ActiveCfg = Release|Any CPU
		{FC04A650-66E6-4495-B708-CF71C81863F1}.Release|Any CPU.Build.0 = Release|Any CPU
		{FC04A650-66E6-4495-B708-CF71C81863F1}.Release|Any CPU.Deploy.0 = Release|Any CPU
		{44456695-706D-4566-873C-BDEC97205EA8}.Debug|Any CPU.ActiveCfg = Debug|Any CPU
		{44456695-706D-4566-873C-BDEC97205EA8}.Debug|Any CPU.Build.0 = Debug|Any CPU
		{44456695-706D-4566-873C-BDEC97205EA8}.Debug|Any CPU.Deploy.0 = Debug|Any CPU
		{44456695-706D-4566-873C-BDEC97205EA8}.Release|Any CPU.ActiveCfg = Release|Any CPU
		{44456695-706D-4566-873C-BDEC97205EA8}.Release|Any CPU.Build.0 = Release|Any CPU
		{44456695-706D-4566-873C-BDEC97205EA8}.Release|Any CPU.Deploy.0 = Release|Any CPU
		{F7CE84A9-93A8-4202-9289-F04E01085D41}.Debug|Any CPU.ActiveCfg = Debug|Any CPU
		{F7CE84A9-93A8-4202-9289-F04E01085D41}.Debug|Any CPU.Build.0 = Debug|Any CPU
		{F7CE84A9-93A8-4202-9289-F04E01085D41}.Release|Any CPU.ActiveCfg = Release|Any CPU
		{F7CE84A9-93A8-4202-9289-F04E01085D41}.Release|Any CPU.Build.0 = Release|Any CPU
	EndGlobalSection
	GlobalSection(SolutionProperties) = preSolution
		HideSolutionNode = FALSE
	EndGlobalSection
EndGlobal
