
Microsoft Visual Studio Solution File, Format Version 12.00
# Visual Studio 14
VisualStudioVersion = 14.0.25420.1
MinimumVisualStudioVersion = 10.0.40219.1
Project("{FAE04EC0-301F-11D3-BF4B-00C04F79EFBC}") = "Visy.Middleware.SAP.OfficeWorks.Schemas", "Visy.Middleware.SAP.OfficeWorks.Schemas\Visy.Middleware.SAP.OfficeWorks.Schemas.btproj", "{C9A1058B-CFD3-4FE2-9627-26582D87F6E4}"
EndProject
Project("{FAE04EC0-301F-11D3-BF4B-00C04F79EFBC}") = "Visy.Middleware.SAP.OfficeWorks.Orchestrations", "Visy.Middleware.SAP.OfficeWorks.Orchestrations\Visy.Middleware.SAP.OfficeWorks.Orchestrations.btproj", "{48B6ACFC-CD87-49A2-8977-5AD6EF8327A5}"
EndProject
Project("{FAE04EC0-301F-11D3-BF4B-00C04F79EFBC}") = "Visy.Middleware.SAP.OfficeWorks.Maps", "Visy.Middleware.SAP.OfficeWorks.Maps\Visy.Middleware.SAP.OfficeWorks.Maps.btproj", "{CC3C0693-02CE-4366-9B36-F2E82CCB975A}"
EndProject
Project("{2150E333-8FDC-42A3-9474-1A3956D46DE8}") = "BindingInfo", "BindingInfo", "{EF255836-7B9F-421E-AD4A-293A86637555}"
	ProjectSection(SolutionItems) = preProject
		BindingInfo\SAP.OfficeWorks.BindingInfo.Dev.xml = BindingInfo\SAP.OfficeWorks.BindingInfo.Dev.xml
		BindingInfo\SAP.OfficeWorks.BindingInfo.Prod.xml = BindingInfo\SAP.OfficeWorks.BindingInfo.Prod.xml
	EndProjectSection
EndProject
Project("{FAE04EC0-301F-11D3-BF4B-00C04F79EFBC}") = "Visy.Middleware.SAP.OfficeWorks.Pipelines", "Visy.Middleware.SAP.OfficeWorks.Pipelines\Visy.Middleware.SAP.OfficeWorks.Pipelines.btproj", "{4211FA39-825B-4BF2-B27C-19D306CBD9C9}"
EndProject
Project("{2150E333-8FDC-42A3-9474-1A3956D46DE8}") = "Policies", "Policies", "{687F1B4A-68F3-4756-BDDE-4A699CFE4E98}"
	ProjectSection(SolutionItems) = preProject
		Policies\SAP.OfficeWorks.SAPConnection.InterfaceLookup.Policies.xml = Policies\SAP.OfficeWorks.SAPConnection.InterfaceLookup.Policies.xml
	EndProjectSection
EndProject
Global
	GlobalSection(SolutionConfigurationPlatforms) = preSolution
		Debug|Any CPU = Debug|Any CPU
		Release|Any CPU = Release|Any CPU
	EndGlobalSection
	GlobalSection(ProjectConfigurationPlatforms) = postSolution
		{C9A1058B-CFD3-4FE2-9627-26582D87F6E4}.Debug|Any CPU.ActiveCfg = Debug|Any CPU
		{C9A1058B-CFD3-4FE2-9627-26582D87F6E4}.Debug|Any CPU.Build.0 = Debug|Any CPU
		{C9A1058B-CFD3-4FE2-9627-26582D87F6E4}.Debug|Any CPU.Deploy.0 = Debug|Any CPU
		{C9A1058B-CFD3-4FE2-9627-26582D87F6E4}.Release|Any CPU.ActiveCfg = Release|Any CPU
		{C9A1058B-CFD3-4FE2-9627-26582D87F6E4}.Release|Any CPU.Build.0 = Release|Any CPU
		{C9A1058B-CFD3-4FE2-9627-26582D87F6E4}.Release|Any CPU.Deploy.0 = Release|Any CPU
		{48B6ACFC-CD87-49A2-8977-5AD6EF8327A5}.Debug|Any CPU.ActiveCfg = Debug|Any CPU
		{48B6ACFC-CD87-49A2-8977-5AD6EF8327A5}.Debug|Any CPU.Build.0 = Debug|Any CPU
		{48B6ACFC-CD87-49A2-8977-5AD6EF8327A5}.Debug|Any CPU.Deploy.0 = Debug|Any CPU
		{48B6ACFC-CD87-49A2-8977-5AD6EF8327A5}.Release|Any CPU.ActiveCfg = Release|Any CPU
		{48B6ACFC-CD87-49A2-8977-5AD6EF8327A5}.Release|Any CPU.Build.0 = Release|Any CPU
		{48B6ACFC-CD87-49A2-8977-5AD6EF8327A5}.Release|Any CPU.Deploy.0 = Release|Any CPU
		{CC3C0693-02CE-4366-9B36-F2E82CCB975A}.Debug|Any CPU.ActiveCfg = Debug|Any CPU
		{CC3C0693-02CE-4366-9B36-F2E82CCB975A}.Debug|Any CPU.Build.0 = Debug|Any CPU
		{CC3C0693-02CE-4366-9B36-F2E82CCB975A}.Debug|Any CPU.Deploy.0 = Debug|Any CPU
		{CC3C0693-02CE-4366-9B36-F2E82CCB975A}.Release|Any CPU.ActiveCfg = Release|Any CPU
		{CC3C0693-02CE-4366-9B36-F2E82CCB975A}.Release|Any CPU.Build.0 = Release|Any CPU
		{CC3C0693-02CE-4366-9B36-F2E82CCB975A}.Release|Any CPU.Deploy.0 = Release|Any CPU
		{4211FA39-825B-4BF2-B27C-19D306CBD9C9}.Debug|Any CPU.ActiveCfg = Debug|Any CPU
		{4211FA39-825B-4BF2-B27C-19D306CBD9C9}.Debug|Any CPU.Build.0 = Debug|Any CPU
		{4211FA39-825B-4BF2-B27C-19D306CBD9C9}.Debug|Any CPU.Deploy.0 = Debug|Any CPU
		{4211FA39-825B-4BF2-B27C-19D306CBD9C9}.Release|Any CPU.ActiveCfg = Release|Any CPU
		{4211FA39-825B-4BF2-B27C-19D306CBD9C9}.Release|Any CPU.Build.0 = Release|Any CPU
		{4211FA39-825B-4BF2-B27C-19D306CBD9C9}.Release|Any CPU.Deploy.0 = Release|Any CPU
	EndGlobalSection
	GlobalSection(SolutionProperties) = preSolution
		HideSolutionNode = FALSE
	EndGlobalSection
EndGlobal
