
Microsoft Visual Studio Solution File, Format Version 12.00
# Visual Studio 14
VisualStudioVersion = 14.0.25420.1
MinimumVisualStudioVersion = 10.0.40219.1
Project("{FAE04EC0-301F-11D3-BF4B-00C04F79EFBC}") = "Visy.Middleware.Common.Schemas.SAP.CREMAS04.740", "Visy.Middleware.Common.Schemas.SAP.CREMAS04.740\Visy.Middleware.Common.Schemas.SAP.CREMAS04.740.btproj", "{46AB9EF4-7EB9-4352-8911-A835B7DB1A15}"
EndProject
Project("{FAE04EC0-301F-11D3-BF4B-00C04F79EFBC}") = "Visy.Middleware.Common.Schemas.SAP.DELVRY07", "Visy.Middleware.Common.Schemas.SAP.DELVRY07\Visy.Middleware.Common.Schemas.SAP.DELVRY07.btproj", "{8A7BE714-9EF4-41B8-B9E6-D73A179EEEC7}"
EndProject
Project("{FAE04EC0-301F-11D3-BF4B-00C04F79EFBC}") = "Visy.Middleware.Common.Schemas.SAP", "Visy.Middleware.Common.Schemas.SAP\Visy.Middleware.Common.Schemas.SAP.btproj", "{ECA6B3CC-58EF-4C05-97C6-008826C7172B}"
EndProject
Project("{FAE04EC0-301F-11D3-BF4B-00C04F79EFBC}") = "Visy.Middleware.Common.Schemas.SAP.Orders", "Visy.Middleware.Common.Schemas.SAP.Orders\Visy.Middleware.Common.Schemas.SAP.Orders.btproj", "{E1EFC19F-9EC1-41E9-BC29-A7438179A570}"
EndProject
Project("{FAE04EC0-301F-11D3-BF4B-00C04F79EFBC}") = "Visy.Middleware.Common.Schemas.SAP.Z3Orders05", "Visy.Middleware.Common.Schemas.SAP.Z3Orders05\Visy.Middleware.Common.Schemas.SAP.Z3Orders05.btproj", "{FE743CE5-E77E-4354-AE96-CEEE688B68AD}"
EndProject
Project("{FAE04EC0-301F-11D3-BF4B-00C04F79EFBC}") = "Visy.Middleware.Common.Schemas.SAP.Z3INVOIC01", "Visy.Middleware.Common.Schemas.SAP.Z3INVOIC01\Visy.Middleware.Common.Schemas.SAP.Z3INVOIC01.btproj", "{C5A86C24-078F-401B-91DC-82190BD4E07C}"
EndProject
Project("{FAE04EC0-301F-11D3-BF4B-00C04F79EFBC}") = "Visy.Middleware.Common.Schemas.SAP.Z2DESADV", "Visy.Middleware.Common.Schemas.SAP.Z2DESADV\Visy.Middleware.Common.Schemas.SAP.Z2DESADV.btproj", "{E1367FF9-C183-4AAE-9B5D-D2A9D1B73DF3}"
EndProject
Project("{FAE04EC0-301F-11D3-BF4B-00C04F79EFBC}") = "Visy.Middleware.Common.Schemas.SAP.DESADV01", "Visy.Middleware.Common.Schemas.SAP.DESADV01\Visy.Middleware.Common.Schemas.SAP.DESADV01.btproj", "{6CA08DAF-E952-45AD-91AB-E0A7BB067C87}"
EndProject
Project("{FAE04EC0-301F-11D3-BF4B-00C04F79EFBC}") = "Visy.Middleware.Common.Schemas.SAP.IDOCStatus", "Visy.Middleware.Common.Schemas.SAP.IDOCStatus\Visy.Middleware.Common.Schemas.SAP.IDOCStatus.btproj", "{2ED2064E-B3F9-4DD1-89F4-051A6AE0BD7F}"
EndProject
Project("{FAE04EC0-301F-11D3-BF4B-00C04F79EFBC}") = "Visy.Middleware.Common.Schemas.SAP.MBGMCR02", "Visy.Middleware.Common.Schemas.SAP.MBGMCR02\Visy.Middleware.Common.Schemas.SAP.MBGMCR02.btproj", "{B4AA9169-9C13-4D70-B50B-175FFA2CA491}"
EndProject
Project("{FAE04EC0-301F-11D3-BF4B-00C04F79EFBC}") = "Visy.Middleware.Common.Schemas.SAP.MBGMCR03", "Visy.Middleware.Common.Schemas.SAP.MBGMCR03\Visy.Middleware.Common.Schemas.SAP.MBGMCR03.btproj", "{F3EC8282-98D6-41E4-928C-A61F06D27B8D}"
EndProject
Project("{FAE04EC0-301F-11D3-BF4B-00C04F79EFBC}") = "Visy.Middleware.Common.Schemas.SAP.PORDCH01", "Visy.Middleware.Common.Schemas.SAP.PORDCH01\Visy.Middleware.Common.Schemas.SAP.PORDCH01.btproj", "{C777E712-7A11-48D1-B82E-9627962046DC}"
EndProject
Project("{FAE04EC0-301F-11D3-BF4B-00C04F79EFBC}") = "Visy.Middleware.Common.Schemas.SAP.PORDCR05", "Visy.Middleware.Common.Schemas.SAP.PORDCR05\Visy.Middleware.Common.Schemas.SAP.PORDCR05.btproj", "{1D86E0A9-716C-4F88-A991-19D88BB30E7C}"
EndProject
Project("{FAE04EC0-301F-11D3-BF4B-00C04F79EFBC}") = "Visy.Middleware.Common.Schemas.SAP.PORDCR101", "Visy.Middleware.Common.Schemas.SAP.PORDCR101\Visy.Middleware.Common.Schemas.SAP.PORDCR101.btproj", "{FC900095-8FCF-4407-9F94-8FBCDA00CFF6}"
EndProject
Project("{FAE04EC0-301F-11D3-BF4B-00C04F79EFBC}") = "Visy.Middleware.Common.Schemas.SAP.PREQCR03", "Visy.Middleware.Common.Schemas.SAP.PREQCR03\Visy.Middleware.Common.Schemas.SAP.PREQCR03.btproj", "{3DFA77E2-D8F1-4610-A1F8-6B80ADED8C98}"
EndProject
Project("{FAE04EC0-301F-11D3-BF4B-00C04F79EFBC}") = "Visy.Middleware.Common.Schemas.SAP.PROJECT01", "Visy.Middleware.Common.Schemas.SAP.PROJECT01\Visy.Middleware.Common.Schemas.SAP.PROJECT01.btproj", "{20243971-3643-495B-BDD7-C22305193E1F}"
EndProject
Project("{FAE04EC0-301F-11D3-BF4B-00C04F79EFBC}") = "Visy.Middleware.Common.Schemas.SAP.Rexam", "Visy.Middleware.Common.Schemas.SAP.Rexam\Visy.Middleware.Common.Schemas.SAP.Rexam.btproj", "{744073FE-C8D3-4953-9493-8F6211718766}"
EndProject
Project("{FAE04EC0-301F-11D3-BF4B-00C04F79EFBC}") = "Visy.Middleware.Common.Schemas.SAP.WCF", "Visy.Middleware.Common.Schemas.SAP.WCF\Visy.Middleware.Common.Schemas.SAP.WCF.btproj", "{3CC893FB-A0B1-493A-8D92-1CB0CD363763}"
EndProject
Project("{FAE04EC0-301F-11D3-BF4B-00C04F79EFBC}") = "Visy.Middleware.Common.Schemas.SAP.ZSASForecast", "Visy.Middleware.Common.Schemas.SAP.ZSASForecast\Visy.Middleware.Common.Schemas.SAP.ZSASForecast.btproj", "{134C808C-57C3-4269-9DE0-4A370AEABEE1}"
EndProject
Project("{FAE04EC0-301F-11D3-BF4B-00C04F79EFBC}") = "Visy.Middleware.Common.Schemas.SAP.ZSM_CREDNOTE", "Visy.Middleware.Common.Schemas.SAP.ZSM_CREDNOTE\Visy.Middleware.Common.Schemas.SAP.ZSM_CREDNOTE.btproj", "{4335ADDE-3348-4764-8B6B-566AA6FC2335}"
EndProject
Project("{FAE04EC0-301F-11D3-BF4B-00C04F79EFBC}") = "Visy.Middleware.Common.Schemas.SAP.ZSM_DEBIT_MEMO", "Visy.Middleware.Common.Schemas.SAP.ZSM_DEBIT_MEMO\Visy.Middleware.Common.Schemas.SAP.ZSM_DEBIT_MEMO.btproj", "{08B8DA37-2D07-4389-8A30-4F4E0B714D19}"
EndProject
Project("{FAE04EC0-301F-11D3-BF4B-00C04F79EFBC}") = "Visy.Middleware.Common.Schemas.SAP.ZSM_DEBMAS", "Visy.Middleware.Common.Schemas.SAP.ZSM_DEBMAS\Visy.Middleware.Common.Schemas.SAP.ZSM_DEBMAS.btproj", "{7CE50D58-9D28-4F0E-BC50-DDFD3049C517}"
EndProject
Project("{FAE04EC0-301F-11D3-BF4B-00C04F79EFBC}") = "Visy.Middleware.Common.Schemas.SAP.ZSM_PR_STATUS", "Visy.Middleware.Common.Schemas.SAP.ZSM_PR_STATUS\Visy.Middleware.Common.Schemas.SAP.ZSM_PR_STATUS.btproj", "{D6E0E103-11B6-43F2-8C8C-800E59CBA2AC}"
EndProject
Project("{FAE04EC0-301F-11D3-BF4B-00C04F79EFBC}") = "Visy.Middleware.Common.Schemas.SAP.ZSM_PRICE", "Visy.Middleware.Common.Schemas.SAP.ZSM_PRICE\Visy.Middleware.Common.Schemas.SAP.ZSM_PRICE.btproj", "{6FC931A0-4C6A-47EC-B375-5105BEE9D89C}"
EndProject
Project("{FAE04EC0-301F-11D3-BF4B-00C04F79EFBC}") = "Visy.Middleware.Common.Schemas.SAP.ZSM_PROD", "Visy.Middleware.Common.Schemas.SAP.ZSM_PROD\Visy.Middleware.Common.Schemas.SAP.ZSM_PROD.btproj", "{4BF57194-5639-4846-9FBD-3B44B3867818}"
EndProject
Project("{FAE04EC0-301F-11D3-BF4B-00C04F79EFBC}") = "Visy.Middleware.Common.Schemas.SAP.ZSM_STKLOC", "Visy.Middleware.Common.Schemas.SAP.ZSM_STKLOC\Visy.Middleware.Common.Schemas.SAP.ZSM_STKLOC.btproj", "{0CD0345C-206B-43C3-B38B-FF6D4511058A}"
EndProject
Project("{FAE04EC0-301F-11D3-BF4B-00C04F79EFBC}") = "Visy.Middleware.Common.Schemas.SAP.ZSM_WBS", "Visy.Middleware.Common.Schemas.SAP.ZSM_WBS\Visy.Middleware.Common.Schemas.SAP.ZSM_WBS.btproj", "{E380BE65-1781-48AA-B174-B48BB9BD1EF5}"
EndProject
Project("{FAE04EC0-301F-11D3-BF4B-00C04F79EFBC}") = "Visy.Middleware.Common.Schemas.SAP.ZVMRunsheet", "Visy.Middleware.Common.Schemas.SAP.ZVMRunsheet\Visy.Middleware.Common.Schemas.SAP.ZVMRunsheet.btproj", "{6F72CEEA-3840-4725-A25B-2E7860AA9C71}"
EndProject
Project("{FAE04EC0-301F-11D3-BF4B-00C04F79EFBC}") = "Visy.Middleware.Common.Schemas.SAP.RFC_CUSMAT", "Visy.Middleware.Common.Schemas.SAP.RFC_CUSMAT\Visy.Middleware.Common.Schemas.SAP.RFC_CUSMAT.btproj", "{8B5D25E1-15D9-4F27-B762-40EFA3893F28}"
EndProject
Global
	GlobalSection(SolutionConfigurationPlatforms) = preSolution
		Debug|Any CPU = Debug|Any CPU
		Release|Any CPU = Release|Any CPU
	EndGlobalSection
	GlobalSection(ProjectConfigurationPlatforms) = postSolution
		{46AB9EF4-7EB9-4352-8911-A835B7DB1A15}.Debug|Any CPU.ActiveCfg = Debug|Any CPU
		{46AB9EF4-7EB9-4352-8911-A835B7DB1A15}.Debug|Any CPU.Build.0 = Debug|Any CPU
		{46AB9EF4-7EB9-4352-8911-A835B7DB1A15}.Debug|Any CPU.Deploy.0 = Debug|Any CPU
		{46AB9EF4-7EB9-4352-8911-A835B7DB1A15}.Release|Any CPU.ActiveCfg = Release|Any CPU
		{46AB9EF4-7EB9-4352-8911-A835B7DB1A15}.Release|Any CPU.Build.0 = Release|Any CPU
		{46AB9EF4-7EB9-4352-8911-A835B7DB1A15}.Release|Any CPU.Deploy.0 = Release|Any CPU
		{8A7BE714-9EF4-41B8-B9E6-D73A179EEEC7}.Debug|Any CPU.ActiveCfg = Debug|Any CPU
		{8A7BE714-9EF4-41B8-B9E6-D73A179EEEC7}.Debug|Any CPU.Build.0 = Debug|Any CPU
		{8A7BE714-9EF4-41B8-B9E6-D73A179EEEC7}.Debug|Any CPU.Deploy.0 = Debug|Any CPU
		{8A7BE714-9EF4-41B8-B9E6-D73A179EEEC7}.Release|Any CPU.ActiveCfg = Release|Any CPU
		{8A7BE714-9EF4-41B8-B9E6-D73A179EEEC7}.Release|Any CPU.Build.0 = Release|Any CPU
		{8A7BE714-9EF4-41B8-B9E6-D73A179EEEC7}.Release|Any CPU.Deploy.0 = Release|Any CPU
		{ECA6B3CC-58EF-4C05-97C6-008826C7172B}.Debug|Any CPU.ActiveCfg = Debug|Any CPU
		{ECA6B3CC-58EF-4C05-97C6-008826C7172B}.Debug|Any CPU.Build.0 = Debug|Any CPU
		{ECA6B3CC-58EF-4C05-97C6-008826C7172B}.Debug|Any CPU.Deploy.0 = Debug|Any CPU
		{ECA6B3CC-58EF-4C05-97C6-008826C7172B}.Release|Any CPU.ActiveCfg = Release|Any CPU
		{ECA6B3CC-58EF-4C05-97C6-008826C7172B}.Release|Any CPU.Build.0 = Release|Any CPU
		{ECA6B3CC-58EF-4C05-97C6-008826C7172B}.Release|Any CPU.Deploy.0 = Release|Any CPU
		{E1EFC19F-9EC1-41E9-BC29-A7438179A570}.Debug|Any CPU.ActiveCfg = Debug|Any CPU
		{E1EFC19F-9EC1-41E9-BC29-A7438179A570}.Debug|Any CPU.Build.0 = Debug|Any CPU
		{E1EFC19F-9EC1-41E9-BC29-A7438179A570}.Debug|Any CPU.Deploy.0 = Debug|Any CPU
		{E1EFC19F-9EC1-41E9-BC29-A7438179A570}.Release|Any CPU.ActiveCfg = Release|Any CPU
		{E1EFC19F-9EC1-41E9-BC29-A7438179A570}.Release|Any CPU.Build.0 = Release|Any CPU
		{E1EFC19F-9EC1-41E9-BC29-A7438179A570}.Release|Any CPU.Deploy.0 = Release|Any CPU
		{FE743CE5-E77E-4354-AE96-CEEE688B68AD}.Debug|Any CPU.ActiveCfg = Debug|Any CPU
		{FE743CE5-E77E-4354-AE96-CEEE688B68AD}.Debug|Any CPU.Build.0 = Debug|Any CPU
		{FE743CE5-E77E-4354-AE96-CEEE688B68AD}.Debug|Any CPU.Deploy.0 = Debug|Any CPU
		{FE743CE5-E77E-4354-AE96-CEEE688B68AD}.Release|Any CPU.ActiveCfg = Release|Any CPU
		{FE743CE5-E77E-4354-AE96-CEEE688B68AD}.Release|Any CPU.Build.0 = Release|Any CPU
		{FE743CE5-E77E-4354-AE96-CEEE688B68AD}.Release|Any CPU.Deploy.0 = Release|Any CPU
		{C5A86C24-078F-401B-91DC-82190BD4E07C}.Debug|Any CPU.ActiveCfg = Debug|Any CPU
		{C5A86C24-078F-401B-91DC-82190BD4E07C}.Debug|Any CPU.Build.0 = Debug|Any CPU
		{C5A86C24-078F-401B-91DC-82190BD4E07C}.Debug|Any CPU.Deploy.0 = Debug|Any CPU
		{C5A86C24-078F-401B-91DC-82190BD4E07C}.Release|Any CPU.ActiveCfg = Release|Any CPU
		{C5A86C24-078F-401B-91DC-82190BD4E07C}.Release|Any CPU.Build.0 = Release|Any CPU
		{C5A86C24-078F-401B-91DC-82190BD4E07C}.Release|Any CPU.Deploy.0 = Release|Any CPU
		{E1367FF9-C183-4AAE-9B5D-D2A9D1B73DF3}.Debug|Any CPU.ActiveCfg = Debug|Any CPU
		{E1367FF9-C183-4AAE-9B5D-D2A9D1B73DF3}.Debug|Any CPU.Build.0 = Debug|Any CPU
		{E1367FF9-C183-4AAE-9B5D-D2A9D1B73DF3}.Debug|Any CPU.Deploy.0 = Debug|Any CPU
		{E1367FF9-C183-4AAE-9B5D-D2A9D1B73DF3}.Release|Any CPU.ActiveCfg = Release|Any CPU
		{E1367FF9-C183-4AAE-9B5D-D2A9D1B73DF3}.Release|Any CPU.Build.0 = Release|Any CPU
		{E1367FF9-C183-4AAE-9B5D-D2A9D1B73DF3}.Release|Any CPU.Deploy.0 = Release|Any CPU
		{6CA08DAF-E952-45AD-91AB-E0A7BB067C87}.Debug|Any CPU.ActiveCfg = Debug|Any CPU
		{6CA08DAF-E952-45AD-91AB-E0A7BB067C87}.Debug|Any CPU.Build.0 = Debug|Any CPU
		{6CA08DAF-E952-45AD-91AB-E0A7BB067C87}.Debug|Any CPU.Deploy.0 = Debug|Any CPU
		{6CA08DAF-E952-45AD-91AB-E0A7BB067C87}.Release|Any CPU.ActiveCfg = Release|Any CPU
		{6CA08DAF-E952-45AD-91AB-E0A7BB067C87}.Release|Any CPU.Build.0 = Release|Any CPU
		{6CA08DAF-E952-45AD-91AB-E0A7BB067C87}.Release|Any CPU.Deploy.0 = Release|Any CPU
		{2ED2064E-B3F9-4DD1-89F4-051A6AE0BD7F}.Debug|Any CPU.ActiveCfg = Debug|Any CPU
		{2ED2064E-B3F9-4DD1-89F4-051A6AE0BD7F}.Debug|Any CPU.Build.0 = Debug|Any CPU
		{2ED2064E-B3F9-4DD1-89F4-051A6AE0BD7F}.Debug|Any CPU.Deploy.0 = Debug|Any CPU
		{2ED2064E-B3F9-4DD1-89F4-051A6AE0BD7F}.Release|Any CPU.ActiveCfg = Release|Any CPU
		{2ED2064E-B3F9-4DD1-89F4-051A6AE0BD7F}.Release|Any CPU.Build.0 = Release|Any CPU
		{2ED2064E-B3F9-4DD1-89F4-051A6AE0BD7F}.Release|Any CPU.Deploy.0 = Release|Any CPU
		{B4AA9169-9C13-4D70-B50B-175FFA2CA491}.Debug|Any CPU.ActiveCfg = Debug|Any CPU
		{B4AA9169-9C13-4D70-B50B-175FFA2CA491}.Debug|Any CPU.Build.0 = Debug|Any CPU
		{B4AA9169-9C13-4D70-B50B-175FFA2CA491}.Debug|Any CPU.Deploy.0 = Debug|Any CPU
		{B4AA9169-9C13-4D70-B50B-175FFA2CA491}.Release|Any CPU.ActiveCfg = Release|Any CPU
		{B4AA9169-9C13-4D70-B50B-175FFA2CA491}.Release|Any CPU.Build.0 = Release|Any CPU
		{B4AA9169-9C13-4D70-B50B-175FFA2CA491}.Release|Any CPU.Deploy.0 = Release|Any CPU
		{F3EC8282-98D6-41E4-928C-A61F06D27B8D}.Debug|Any CPU.ActiveCfg = Debug|Any CPU
		{F3EC8282-98D6-41E4-928C-A61F06D27B8D}.Debug|Any CPU.Build.0 = Debug|Any CPU
		{F3EC8282-98D6-41E4-928C-A61F06D27B8D}.Debug|Any CPU.Deploy.0 = Debug|Any CPU
		{F3EC8282-98D6-41E4-928C-A61F06D27B8D}.Release|Any CPU.ActiveCfg = Release|Any CPU
		{F3EC8282-98D6-41E4-928C-A61F06D27B8D}.Release|Any CPU.Build.0 = Release|Any CPU
		{F3EC8282-98D6-41E4-928C-A61F06D27B8D}.Release|Any CPU.Deploy.0 = Release|Any CPU
		{C777E712-7A11-48D1-B82E-9627962046DC}.Debug|Any CPU.ActiveCfg = Debug|Any CPU
		{C777E712-7A11-48D1-B82E-9627962046DC}.Debug|Any CPU.Build.0 = Debug|Any CPU
		{C777E712-7A11-48D1-B82E-9627962046DC}.Debug|Any CPU.Deploy.0 = Debug|Any CPU
		{C777E712-7A11-48D1-B82E-9627962046DC}.Release|Any CPU.ActiveCfg = Release|Any CPU
		{C777E712-7A11-48D1-B82E-9627962046DC}.Release|Any CPU.Build.0 = Release|Any CPU
		{C777E712-7A11-48D1-B82E-9627962046DC}.Release|Any CPU.Deploy.0 = Release|Any CPU
		{1D86E0A9-716C-4F88-A991-19D88BB30E7C}.Debug|Any CPU.ActiveCfg = Debug|Any CPU
		{1D86E0A9-716C-4F88-A991-19D88BB30E7C}.Debug|Any CPU.Build.0 = Debug|Any CPU
		{1D86E0A9-716C-4F88-A991-19D88BB30E7C}.Debug|Any CPU.Deploy.0 = Debug|Any CPU
		{1D86E0A9-716C-4F88-A991-19D88BB30E7C}.Release|Any CPU.ActiveCfg = Release|Any CPU
		{1D86E0A9-716C-4F88-A991-19D88BB30E7C}.Release|Any CPU.Build.0 = Release|Any CPU
		{1D86E0A9-716C-4F88-A991-19D88BB30E7C}.Release|Any CPU.Deploy.0 = Release|Any CPU
		{FC900095-8FCF-4407-9F94-8FBCDA00CFF6}.Debug|Any CPU.ActiveCfg = Debug|Any CPU
		{FC900095-8FCF-4407-9F94-8FBCDA00CFF6}.Debug|Any CPU.Build.0 = Debug|Any CPU
		{FC900095-8FCF-4407-9F94-8FBCDA00CFF6}.Debug|Any CPU.Deploy.0 = Debug|Any CPU
		{FC900095-8FCF-4407-9F94-8FBCDA00CFF6}.Release|Any CPU.ActiveCfg = Release|Any CPU
		{FC900095-8FCF-4407-9F94-8FBCDA00CFF6}.Release|Any CPU.Build.0 = Release|Any CPU
		{FC900095-8FCF-4407-9F94-8FBCDA00CFF6}.Release|Any CPU.Deploy.0 = Release|Any CPU
		{3DFA77E2-D8F1-4610-A1F8-6B80ADED8C98}.Debug|Any CPU.ActiveCfg = Debug|Any CPU
		{3DFA77E2-D8F1-4610-A1F8-6B80ADED8C98}.Debug|Any CPU.Build.0 = Debug|Any CPU
		{3DFA77E2-D8F1-4610-A1F8-6B80ADED8C98}.Debug|Any CPU.Deploy.0 = Debug|Any CPU
		{3DFA77E2-D8F1-4610-A1F8-6B80ADED8C98}.Release|Any CPU.ActiveCfg = Release|Any CPU
		{3DFA77E2-D8F1-4610-A1F8-6B80ADED8C98}.Release|Any CPU.Build.0 = Release|Any CPU
		{3DFA77E2-D8F1-4610-A1F8-6B80ADED8C98}.Release|Any CPU.Deploy.0 = Release|Any CPU
		{20243971-3643-495B-BDD7-C22305193E1F}.Debug|Any CPU.ActiveCfg = Debug|Any CPU
		{20243971-3643-495B-BDD7-C22305193E1F}.Debug|Any CPU.Build.0 = Debug|Any CPU
		{20243971-3643-495B-BDD7-C22305193E1F}.Debug|Any CPU.Deploy.0 = Debug|Any CPU
		{20243971-3643-495B-BDD7-C22305193E1F}.Release|Any CPU.ActiveCfg = Release|Any CPU
		{20243971-3643-495B-BDD7-C22305193E1F}.Release|Any CPU.Build.0 = Release|Any CPU
		{20243971-3643-495B-BDD7-C22305193E1F}.Release|Any CPU.Deploy.0 = Release|Any CPU
		{744073FE-C8D3-4953-9493-8F6211718766}.Debug|Any CPU.ActiveCfg = Debug|Any CPU
		{744073FE-C8D3-4953-9493-8F6211718766}.Debug|Any CPU.Build.0 = Debug|Any CPU
		{744073FE-C8D3-4953-9493-8F6211718766}.Debug|Any CPU.Deploy.0 = Debug|Any CPU
		{744073FE-C8D3-4953-9493-8F6211718766}.Release|Any CPU.ActiveCfg = Release|Any CPU
		{744073FE-C8D3-4953-9493-8F6211718766}.Release|Any CPU.Build.0 = Release|Any CPU
		{744073FE-C8D3-4953-9493-8F6211718766}.Release|Any CPU.Deploy.0 = Release|Any CPU
		{3CC893FB-A0B1-493A-8D92-1CB0CD363763}.Debug|Any CPU.ActiveCfg = Debug|Any CPU
		{3CC893FB-A0B1-493A-8D92-1CB0CD363763}.Debug|Any CPU.Build.0 = Debug|Any CPU
		{3CC893FB-A0B1-493A-8D92-1CB0CD363763}.Debug|Any CPU.Deploy.0 = Debug|Any CPU
		{3CC893FB-A0B1-493A-8D92-1CB0CD363763}.Release|Any CPU.ActiveCfg = Release|Any CPU
		{3CC893FB-A0B1-493A-8D92-1CB0CD363763}.Release|Any CPU.Build.0 = Release|Any CPU
		{3CC893FB-A0B1-493A-8D92-1CB0CD363763}.Release|Any CPU.Deploy.0 = Release|Any CPU
		{134C808C-57C3-4269-9DE0-4A370AEABEE1}.Debug|Any CPU.ActiveCfg = Debug|Any CPU
		{134C808C-57C3-4269-9DE0-4A370AEABEE1}.Debug|Any CPU.Build.0 = Debug|Any CPU
		{134C808C-57C3-4269-9DE0-4A370AEABEE1}.Debug|Any CPU.Deploy.0 = Debug|Any CPU
		{134C808C-57C3-4269-9DE0-4A370AEABEE1}.Release|Any CPU.ActiveCfg = Release|Any CPU
		{134C808C-57C3-4269-9DE0-4A370AEABEE1}.Release|Any CPU.Build.0 = Release|Any CPU
		{134C808C-57C3-4269-9DE0-4A370AEABEE1}.Release|Any CPU.Deploy.0 = Release|Any CPU
		{4335ADDE-3348-4764-8B6B-566AA6FC2335}.Debug|Any CPU.ActiveCfg = Debug|Any CPU
		{4335ADDE-3348-4764-8B6B-566AA6FC2335}.Debug|Any CPU.Build.0 = Debug|Any CPU
		{4335ADDE-3348-4764-8B6B-566AA6FC2335}.Debug|Any CPU.Deploy.0 = Debug|Any CPU
		{4335ADDE-3348-4764-8B6B-566AA6FC2335}.Release|Any CPU.ActiveCfg = Release|Any CPU
		{4335ADDE-3348-4764-8B6B-566AA6FC2335}.Release|Any CPU.Build.0 = Release|Any CPU
		{4335ADDE-3348-4764-8B6B-566AA6FC2335}.Release|Any CPU.Deploy.0 = Release|Any CPU
		{08B8DA37-2D07-4389-8A30-4F4E0B714D19}.Debug|Any CPU.ActiveCfg = Debug|Any CPU
		{08B8DA37-2D07-4389-8A30-4F4E0B714D19}.Debug|Any CPU.Build.0 = Debug|Any CPU
		{08B8DA37-2D07-4389-8A30-4F4E0B714D19}.Debug|Any CPU.Deploy.0 = Debug|Any CPU
		{08B8DA37-2D07-4389-8A30-4F4E0B714D19}.Release|Any CPU.ActiveCfg = Release|Any CPU
		{08B8DA37-2D07-4389-8A30-4F4E0B714D19}.Release|Any CPU.Build.0 = Release|Any CPU
		{08B8DA37-2D07-4389-8A30-4F4E0B714D19}.Release|Any CPU.Deploy.0 = Release|Any CPU
		{7CE50D58-9D28-4F0E-BC50-DDFD3049C517}.Debug|Any CPU.ActiveCfg = Debug|Any CPU
		{7CE50D58-9D28-4F0E-BC50-DDFD3049C517}.Debug|Any CPU.Build.0 = Debug|Any CPU
		{7CE50D58-9D28-4F0E-BC50-DDFD3049C517}.Debug|Any CPU.Deploy.0 = Debug|Any CPU
		{7CE50D58-9D28-4F0E-BC50-DDFD3049C517}.Release|Any CPU.ActiveCfg = Release|Any CPU
		{7CE50D58-9D28-4F0E-BC50-DDFD3049C517}.Release|Any CPU.Build.0 = Release|Any CPU
		{7CE50D58-9D28-4F0E-BC50-DDFD3049C517}.Release|Any CPU.Deploy.0 = Release|Any CPU
		{D6E0E103-11B6-43F2-8C8C-800E59CBA2AC}.Debug|Any CPU.ActiveCfg = Debug|Any CPU
		{D6E0E103-11B6-43F2-8C8C-800E59CBA2AC}.Debug|Any CPU.Build.0 = Debug|Any CPU
		{D6E0E103-11B6-43F2-8C8C-800E59CBA2AC}.Debug|Any CPU.Deploy.0 = Debug|Any CPU
		{D6E0E103-11B6-43F2-8C8C-800E59CBA2AC}.Release|Any CPU.ActiveCfg = Release|Any CPU
		{D6E0E103-11B6-43F2-8C8C-800E59CBA2AC}.Release|Any CPU.Build.0 = Release|Any CPU
		{D6E0E103-11B6-43F2-8C8C-800E59CBA2AC}.Release|Any CPU.Deploy.0 = Release|Any CPU
		{6FC931A0-4C6A-47EC-B375-5105BEE9D89C}.Debug|Any CPU.ActiveCfg = Debug|Any CPU
		{6FC931A0-4C6A-47EC-B375-5105BEE9D89C}.Debug|Any CPU.Build.0 = Debug|Any CPU
		{6FC931A0-4C6A-47EC-B375-5105BEE9D89C}.Debug|Any CPU.Deploy.0 = Debug|Any CPU
		{6FC931A0-4C6A-47EC-B375-5105BEE9D89C}.Release|Any CPU.ActiveCfg = Release|Any CPU
		{6FC931A0-4C6A-47EC-B375-5105BEE9D89C}.Release|Any CPU.Build.0 = Release|Any CPU
		{6FC931A0-4C6A-47EC-B375-5105BEE9D89C}.Release|Any CPU.Deploy.0 = Release|Any CPU
		{4BF57194-5639-4846-9FBD-3B44B3867818}.Debug|Any CPU.ActiveCfg = Debug|Any CPU
		{4BF57194-5639-4846-9FBD-3B44B3867818}.Debug|Any CPU.Build.0 = Debug|Any CPU
		{4BF57194-5639-4846-9FBD-3B44B3867818}.Debug|Any CPU.Deploy.0 = Debug|Any CPU
		{4BF57194-5639-4846-9FBD-3B44B3867818}.Release|Any CPU.ActiveCfg = Release|Any CPU
		{4BF57194-5639-4846-9FBD-3B44B3867818}.Release|Any CPU.Build.0 = Release|Any CPU
		{4BF57194-5639-4846-9FBD-3B44B3867818}.Release|Any CPU.Deploy.0 = Release|Any CPU
		{0CD0345C-206B-43C3-B38B-FF6D4511058A}.Debug|Any CPU.ActiveCfg = Debug|Any CPU
		{0CD0345C-206B-43C3-B38B-FF6D4511058A}.Debug|Any CPU.Build.0 = Debug|Any CPU
		{0CD0345C-206B-43C3-B38B-FF6D4511058A}.Debug|Any CPU.Deploy.0 = Debug|Any CPU
		{0CD0345C-206B-43C3-B38B-FF6D4511058A}.Release|Any CPU.ActiveCfg = Release|Any CPU
		{0CD0345C-206B-43C3-B38B-FF6D4511058A}.Release|Any CPU.Build.0 = Release|Any CPU
		{0CD0345C-206B-43C3-B38B-FF6D4511058A}.Release|Any CPU.Deploy.0 = Release|Any CPU
		{E380BE65-1781-48AA-B174-B48BB9BD1EF5}.Debug|Any CPU.ActiveCfg = Debug|Any CPU
		{E380BE65-1781-48AA-B174-B48BB9BD1EF5}.Debug|Any CPU.Build.0 = Debug|Any CPU
		{E380BE65-1781-48AA-B174-B48BB9BD1EF5}.Debug|Any CPU.Deploy.0 = Debug|Any CPU
		{E380BE65-1781-48AA-B174-B48BB9BD1EF5}.Release|Any CPU.ActiveCfg = Release|Any CPU
		{E380BE65-1781-48AA-B174-B48BB9BD1EF5}.Release|Any CPU.Build.0 = Release|Any CPU
		{E380BE65-1781-48AA-B174-B48BB9BD1EF5}.Release|Any CPU.Deploy.0 = Release|Any CPU
		{6F72CEEA-3840-4725-A25B-2E7860AA9C71}.Debug|Any CPU.ActiveCfg = Debug|Any CPU
		{6F72CEEA-3840-4725-A25B-2E7860AA9C71}.Debug|Any CPU.Build.0 = Debug|Any CPU
		{6F72CEEA-3840-4725-A25B-2E7860AA9C71}.Debug|Any CPU.Deploy.0 = Debug|Any CPU
		{6F72CEEA-3840-4725-A25B-2E7860AA9C71}.Release|Any CPU.ActiveCfg = Release|Any CPU
		{6F72CEEA-3840-4725-A25B-2E7860AA9C71}.Release|Any CPU.Build.0 = Release|Any CPU
		{6F72CEEA-3840-4725-A25B-2E7860AA9C71}.Release|Any CPU.Deploy.0 = Release|Any CPU
		{8B5D25E1-15D9-4F27-B762-40EFA3893F28}.Debug|Any CPU.ActiveCfg = Debug|Any CPU
		{8B5D25E1-15D9-4F27-B762-40EFA3893F28}.Debug|Any CPU.Build.0 = Debug|Any CPU
		{8B5D25E1-15D9-4F27-B762-40EFA3893F28}.Debug|Any CPU.Deploy.0 = Debug|Any CPU
		{8B5D25E1-15D9-4F27-B762-40EFA3893F28}.Release|Any CPU.ActiveCfg = Release|Any CPU
		{8B5D25E1-15D9-4F27-B762-40EFA3893F28}.Release|Any CPU.Build.0 = Release|Any CPU
		{8B5D25E1-15D9-4F27-B762-40EFA3893F28}.Release|Any CPU.Deploy.0 = Release|Any CPU
	EndGlobalSection
	GlobalSection(SolutionProperties) = preSolution
		HideSolutionNode = FALSE
	EndGlobalSection
EndGlobal
