
Microsoft Visual Studio Solution File, Format Version 12.00
# Visual Studio 14
VisualStudioVersion = 14.0.25420.1
MinimumVisualStudioVersion = 10.0.40219.1
Project("{FAE04EC0-301F-11D3-BF4B-00C04F79EFBC}") = "Visy.Middleware.LGX.Vinpac.Schemas", "Visy.Middleware.LGX.Vinpac.Schemas\Visy.Middleware.LGX.Vinpac.Schemas.btproj", "{9D8DDB7D-E901-46AA-BCF4-35D11EAC1037}"
EndProject
Project("{FAE04EC0-301F-11D3-BF4B-00C04F79EFBC}") = "Visy.Middleware.LGX.Vinpac.Pipelines", "Visy.Middleware.LGX.Vinpac.Pipelines\Visy.Middleware.LGX.Vinpac.Pipelines.btproj", "{20CB68B6-29A9-447A-957B-E690BAD82B2B}"
EndProject
Project("{FAE04EC0-301F-11D3-BF4B-00C04F79EFBC}") = "Visy.Middleware.LGX.Vinpac.Orchestrations", "Visy.Middleware.LGX.Vinpac.Orchestrations\Visy.Middleware.LGX.Vinpac.Orchestrations.btproj", "{15E5BC80-40E2-4089-86E9-9DF29F80A2D5}"
EndProject
Project("{FAE04EC0-301F-11D3-BF4B-00C04F79EFBC}") = "Visy.Middleware.LGX.Vinpac.Maps", "Visy.Middleware.LGX.Vinpac.Maps\Visy.Middleware.LGX.Vinpac.Maps.btproj", "{F821D3E1-4BC2-44C7-8E1B-F35D9449290D}"
EndProject
Project("{2150E333-8FDC-42A3-9474-1A3956D46DE8}") = "BindingInfo", "BindingInfo", "{493437D0-29EA-4B4A-931E-4328954EBA4D}"
	ProjectSection(SolutionItems) = preProject
		BindingInfo\LGX.Vinpac.BindingInfo.Dev.xml = BindingInfo\LGX.Vinpac.BindingInfo.Dev.xml
		BindingInfo\LGX.VinPac.BindingInfo.Prod.xml = BindingInfo\LGX.VinPac.BindingInfo.Prod.xml
	EndProjectSection
EndProject
Global
	GlobalSection(SolutionConfigurationPlatforms) = preSolution
		Debug|Any CPU = Debug|Any CPU
		Release|Any CPU = Release|Any CPU
	EndGlobalSection
	GlobalSection(ProjectConfigurationPlatforms) = postSolution
		{9D8DDB7D-E901-46AA-BCF4-35D11EAC1037}.Debug|Any CPU.ActiveCfg = Debug|Any CPU
		{9D8DDB7D-E901-46AA-BCF4-35D11EAC1037}.Debug|Any CPU.Build.0 = Debug|Any CPU
		{9D8DDB7D-E901-46AA-BCF4-35D11EAC1037}.Debug|Any CPU.Deploy.0 = Debug|Any CPU
		{9D8DDB7D-E901-46AA-BCF4-35D11EAC1037}.Release|Any CPU.ActiveCfg = Release|Any CPU
		{9D8DDB7D-E901-46AA-BCF4-35D11EAC1037}.Release|Any CPU.Build.0 = Release|Any CPU
		{9D8DDB7D-E901-46AA-BCF4-35D11EAC1037}.Release|Any CPU.Deploy.0 = Release|Any CPU
		{20CB68B6-29A9-447A-957B-E690BAD82B2B}.Debug|Any CPU.ActiveCfg = Debug|Any CPU
		{20CB68B6-29A9-447A-957B-E690BAD82B2B}.Debug|Any CPU.Build.0 = Debug|Any CPU
		{20CB68B6-29A9-447A-957B-E690BAD82B2B}.Debug|Any CPU.Deploy.0 = Debug|Any CPU
		{20CB68B6-29A9-447A-957B-E690BAD82B2B}.Release|Any CPU.ActiveCfg = Release|Any CPU
		{20CB68B6-29A9-447A-957B-E690BAD82B2B}.Release|Any CPU.Build.0 = Release|Any CPU
		{20CB68B6-29A9-447A-957B-E690BAD82B2B}.Release|Any CPU.Deploy.0 = Release|Any CPU
		{15E5BC80-40E2-4089-86E9-9DF29F80A2D5}.Debug|Any CPU.ActiveCfg = Debug|Any CPU
		{15E5BC80-40E2-4089-86E9-9DF29F80A2D5}.Debug|Any CPU.Build.0 = Debug|Any CPU
		{15E5BC80-40E2-4089-86E9-9DF29F80A2D5}.Debug|Any CPU.Deploy.0 = Debug|Any CPU
		{15E5BC80-40E2-4089-86E9-9DF29F80A2D5}.Release|Any CPU.ActiveCfg = Release|Any CPU
		{15E5BC80-40E2-4089-86E9-9DF29F80A2D5}.Release|Any CPU.Build.0 = Release|Any CPU
		{15E5BC80-40E2-4089-86E9-9DF29F80A2D5}.Release|Any CPU.Deploy.0 = Release|Any CPU
		{F821D3E1-4BC2-44C7-8E1B-F35D9449290D}.Debug|Any CPU.ActiveCfg = Debug|Any CPU
		{F821D3E1-4BC2-44C7-8E1B-F35D9449290D}.Debug|Any CPU.Build.0 = Debug|Any CPU
		{F821D3E1-4BC2-44C7-8E1B-F35D9449290D}.Debug|Any CPU.Deploy.0 = Debug|Any CPU
		{F821D3E1-4BC2-44C7-8E1B-F35D9449290D}.Release|Any CPU.ActiveCfg = Release|Any CPU
		{F821D3E1-4BC2-44C7-8E1B-F35D9449290D}.Release|Any CPU.Build.0 = Release|Any CPU
		{F821D3E1-4BC2-44C7-8E1B-F35D9449290D}.Release|Any CPU.Deploy.0 = Release|Any CPU
	EndGlobalSection
	GlobalSection(SolutionProperties) = preSolution
		HideSolutionNode = FALSE
	EndGlobalSection
EndGlobal
