
Microsoft Visual Studio Solution File, Format Version 12.00
# Visual Studio 14
VisualStudioVersion = 14.0.25420.1
MinimumVisualStudioVersion = 10.0.40219.1
Project("{FAE04EC0-301F-11D3-BF4B-00C04F79EFBC}") = "Visy.Middleware.Common.Schemas.X12.00401_856", "Visy.Middleware.Common.Schemas.X12.00401_856\Visy.Middleware.Common.Schemas.X12.00401_856.btproj", "{E48E9BEB-BF57-4BEE-AA39-241095759C5D}"
EndProject
Project("{2150E333-8FDC-42A3-9474-1A3956D46DE8}") = "Deployment", "Deployment", "{F92C1658-F763-4D3B-8FCF-C3D0BE87ABF7}"
EndProject
Project("{FAE04EC0-301F-11D3-BF4B-00C04F79EFBC}") = "Visy.Middleware.Common.Schemas.X12.00401_850", "Visy.Middleware.Common.Schemas.X12.00401_850\Visy.Middleware.Common.Schemas.X12.00401_850.btproj", "{211E326C-8D84-430D-BD01-B635FC5D14D8}"
EndProject
Project("{FAE04EC0-301F-11D3-BF4B-00C04F79EFBC}") = "Visy.Middleware.Common.Schemas.X12.00401_855", "Visy.Middleware.Common.Schemas.X12.00401_855\Visy.Middleware.Common.Schemas.X12.00401_855.btproj", "{8884847B-8F9D-4ED7-AEF3-8B1630A917F1}"
EndProject
Project("{FAE04EC0-301F-11D3-BF4B-00C04F79EFBC}") = "Visy.Middleware.Common.Schemas.X12.00401_997", "Visy.Middleware.Common.Schemas.X12.00401_997\Visy.Middleware.Common.Schemas.X12.00401_997.btproj", "{6B907646-2D25-45AF-9171-0A30249AE525}"
EndProject
Project("{FAE04EC0-301F-11D3-BF4B-00C04F79EFBC}") = "Visy.Middleware.Common.Schemas.X12.00401_860", "Visy.Middleware.Common.Schemas.X12.00401_860\Visy.Middleware.Common.Schemas.X12.00401_860.btproj", "{B7ECDC03-7393-419E-A517-F91F45F9CDFC}"
EndProject
Global
	GlobalSection(SolutionConfigurationPlatforms) = preSolution
		Debug|Any CPU = Debug|Any CPU
		Release|Any CPU = Release|Any CPU
	EndGlobalSection
	GlobalSection(ProjectConfigurationPlatforms) = postSolution
		{E48E9BEB-BF57-4BEE-AA39-241095759C5D}.Debug|Any CPU.ActiveCfg = Debug|Any CPU
		{E48E9BEB-BF57-4BEE-AA39-241095759C5D}.Debug|Any CPU.Build.0 = Debug|Any CPU
		{E48E9BEB-BF57-4BEE-AA39-241095759C5D}.Debug|Any CPU.Deploy.0 = Debug|Any CPU
		{E48E9BEB-BF57-4BEE-AA39-241095759C5D}.Release|Any CPU.ActiveCfg = Release|Any CPU
		{E48E9BEB-BF57-4BEE-AA39-241095759C5D}.Release|Any CPU.Build.0 = Release|Any CPU
		{E48E9BEB-BF57-4BEE-AA39-241095759C5D}.Release|Any CPU.Deploy.0 = Release|Any CPU
		{211E326C-8D84-430D-BD01-B635FC5D14D8}.Debug|Any CPU.ActiveCfg = Debug|Any CPU
		{211E326C-8D84-430D-BD01-B635FC5D14D8}.Debug|Any CPU.Build.0 = Debug|Any CPU
		{211E326C-8D84-430D-BD01-B635FC5D14D8}.Debug|Any CPU.Deploy.0 = Debug|Any CPU
		{211E326C-8D84-430D-BD01-B635FC5D14D8}.Release|Any CPU.ActiveCfg = Release|Any CPU
		{211E326C-8D84-430D-BD01-B635FC5D14D8}.Release|Any CPU.Build.0 = Release|Any CPU
		{211E326C-8D84-430D-BD01-B635FC5D14D8}.Release|Any CPU.Deploy.0 = Release|Any CPU
		{8884847B-8F9D-4ED7-AEF3-8B1630A917F1}.Debug|Any CPU.ActiveCfg = Debug|Any CPU
		{8884847B-8F9D-4ED7-AEF3-8B1630A917F1}.Debug|Any CPU.Build.0 = Debug|Any CPU
		{8884847B-8F9D-4ED7-AEF3-8B1630A917F1}.Debug|Any CPU.Deploy.0 = Debug|Any CPU
		{8884847B-8F9D-4ED7-AEF3-8B1630A917F1}.Release|Any CPU.ActiveCfg = Release|Any CPU
		{8884847B-8F9D-4ED7-AEF3-8B1630A917F1}.Release|Any CPU.Build.0 = Release|Any CPU
		{8884847B-8F9D-4ED7-AEF3-8B1630A917F1}.Release|Any CPU.Deploy.0 = Release|Any CPU
		{6B907646-2D25-45AF-9171-0A30249AE525}.Debug|Any CPU.ActiveCfg = Debug|Any CPU
		{6B907646-2D25-45AF-9171-0A30249AE525}.Debug|Any CPU.Build.0 = Debug|Any CPU
		{6B907646-2D25-45AF-9171-0A30249AE525}.Debug|Any CPU.Deploy.0 = Debug|Any CPU
		{6B907646-2D25-45AF-9171-0A30249AE525}.Release|Any CPU.ActiveCfg = Release|Any CPU
		{6B907646-2D25-45AF-9171-0A30249AE525}.Release|Any CPU.Build.0 = Release|Any CPU
		{6B907646-2D25-45AF-9171-0A30249AE525}.Release|Any CPU.Deploy.0 = Release|Any CPU
		{B7ECDC03-7393-419E-A517-F91F45F9CDFC}.Debug|Any CPU.ActiveCfg = Debug|Any CPU
		{B7ECDC03-7393-419E-A517-F91F45F9CDFC}.Debug|Any CPU.Build.0 = Debug|Any CPU
		{B7ECDC03-7393-419E-A517-F91F45F9CDFC}.Debug|Any CPU.Deploy.0 = Debug|Any CPU
		{B7ECDC03-7393-419E-A517-F91F45F9CDFC}.Release|Any CPU.ActiveCfg = Release|Any CPU
		{B7ECDC03-7393-419E-A517-F91F45F9CDFC}.Release|Any CPU.Build.0 = Release|Any CPU
		{B7ECDC03-7393-419E-A517-F91F45F9CDFC}.Release|Any CPU.Deploy.0 = Release|Any CPU
	EndGlobalSection
	GlobalSection(SolutionProperties) = preSolution
		HideSolutionNode = FALSE
	EndGlobalSection
EndGlobal
