
Microsoft Visual Studio Solution File, Format Version 12.00
# Visual Studio 14
VisualStudioVersion = 14.0.25420.1
MinimumVisualStudioVersion = 10.0.40219.1
Project("{FAE04EC0-301F-11D3-BF4B-00C04F79EFBC}") = "Visy.Middleware.LGX.TegelFoods.Schemas", "Visy.Middleware.LGX.TegelFoods.Schemas\Visy.Middleware.LGX.TegelFoods.Schemas.btproj", "{D98A7550-8121-42CA-9F89-D1072F7BB6EA}"
EndProject
Project("{FAE04EC0-301F-11D3-BF4B-00C04F79EFBC}") = "Visy.Middleware.LGX.TegelFoods.Pipelines", "Visy.Middleware.LGX.TegelFoods.Pipelines\Visy.Middleware.LGX.TegelFoods.Pipelines.btproj", "{F5864FD9-6F58-491E-8D3A-C59D93D42574}"
EndProject
Project("{2150E333-8FDC-42A3-9474-1A3956D46DE8}") = "BindingInfo", "BindingInfo", "{9862660C-46DB-499E-AA36-5E876294249E}"
	ProjectSection(SolutionItems) = preProject
		BindingInfo\LGX.TegelFoods.BindingInfo.Dev.xml = BindingInfo\LGX.TegelFoods.BindingInfo.Dev.xml
		BindingInfo\LGX.TegelFoods.BindingInfo.Prod.xml = BindingInfo\LGX.TegelFoods.BindingInfo.Prod.xml
	EndProjectSection
EndProject
Project("{FAE04EC0-301F-11D3-BF4B-00C04F79EFBC}") = "Visy.Middleware.LGX.TegelFoods.Maps", "Visy.Middleware.LGX.TegelFoods.Maps\Visy.Middleware.LGX.TegelFoods.Maps.btproj", "{BA051A20-03A4-461E-B74C-6A2DEE66EAAA}"
EndProject
Project("{FAE04EC0-301F-11D3-BF4B-00C04F79EFBC}") = "Visy.Middleware.LGX.TegelFoods.PipelineComponents", "Visy.Middleware.LGX.TegelFoods.PipelineComponents\Visy.Middleware.LGX.TegelFoods.PipelineComponents.btproj", "{0D111361-1749-4693-9952-1F92F6DE6A40}"
EndProject
Global
	GlobalSection(SolutionConfigurationPlatforms) = preSolution
		Debug|Any CPU = Debug|Any CPU
		Release|Any CPU = Release|Any CPU
	EndGlobalSection
	GlobalSection(ProjectConfigurationPlatforms) = postSolution
		{D98A7550-8121-42CA-9F89-D1072F7BB6EA}.Debug|Any CPU.ActiveCfg = Debug|Any CPU
		{D98A7550-8121-42CA-9F89-D1072F7BB6EA}.Debug|Any CPU.Build.0 = Debug|Any CPU
		{D98A7550-8121-42CA-9F89-D1072F7BB6EA}.Debug|Any CPU.Deploy.0 = Debug|Any CPU
		{D98A7550-8121-42CA-9F89-D1072F7BB6EA}.Release|Any CPU.ActiveCfg = Release|Any CPU
		{D98A7550-8121-42CA-9F89-D1072F7BB6EA}.Release|Any CPU.Build.0 = Release|Any CPU
		{D98A7550-8121-42CA-9F89-D1072F7BB6EA}.Release|Any CPU.Deploy.0 = Release|Any CPU
		{F5864FD9-6F58-491E-8D3A-C59D93D42574}.Debug|Any CPU.ActiveCfg = Debug|Any CPU
		{F5864FD9-6F58-491E-8D3A-C59D93D42574}.Debug|Any CPU.Build.0 = Debug|Any CPU
		{F5864FD9-6F58-491E-8D3A-C59D93D42574}.Debug|Any CPU.Deploy.0 = Debug|Any CPU
		{F5864FD9-6F58-491E-8D3A-C59D93D42574}.Release|Any CPU.ActiveCfg = Release|Any CPU
		{F5864FD9-6F58-491E-8D3A-C59D93D42574}.Release|Any CPU.Build.0 = Release|Any CPU
		{F5864FD9-6F58-491E-8D3A-C59D93D42574}.Release|Any CPU.Deploy.0 = Release|Any CPU
		{BA051A20-03A4-461E-B74C-6A2DEE66EAAA}.Debug|Any CPU.ActiveCfg = Debug|Any CPU
		{BA051A20-03A4-461E-B74C-6A2DEE66EAAA}.Debug|Any CPU.Build.0 = Debug|Any CPU
		{BA051A20-03A4-461E-B74C-6A2DEE66EAAA}.Debug|Any CPU.Deploy.0 = Debug|Any CPU
		{BA051A20-03A4-461E-B74C-6A2DEE66EAAA}.Release|Any CPU.ActiveCfg = Release|Any CPU
		{BA051A20-03A4-461E-B74C-6A2DEE66EAAA}.Release|Any CPU.Build.0 = Release|Any CPU
		{BA051A20-03A4-461E-B74C-6A2DEE66EAAA}.Release|Any CPU.Deploy.0 = Release|Any CPU
		{0D111361-1749-4693-9952-1F92F6DE6A40}.Debug|Any CPU.ActiveCfg = Debug|Any CPU
		{0D111361-1749-4693-9952-1F92F6DE6A40}.Debug|Any CPU.Build.0 = Debug|Any CPU
		{0D111361-1749-4693-9952-1F92F6DE6A40}.Debug|Any CPU.Deploy.0 = Debug|Any CPU
		{0D111361-1749-4693-9952-1F92F6DE6A40}.Release|Any CPU.ActiveCfg = Release|Any CPU
		{0D111361-1749-4693-9952-1F92F6DE6A40}.Release|Any CPU.Build.0 = Release|Any CPU
		{0D111361-1749-4693-9952-1F92F6DE6A40}.Release|Any CPU.Deploy.0 = Release|Any CPU
	EndGlobalSection
	GlobalSection(SolutionProperties) = preSolution
		HideSolutionNode = FALSE
	EndGlobalSection
EndGlobal
