
Microsoft Visual Studio Solution File, Format Version 12.00
# Visual Studio 14
VisualStudioVersion = 14.0.25420.1
MinimumVisualStudioVersion = 10.0.40219.1
Project("{FAE04EC0-301F-11D3-BF4B-00C04F79EFBC}") = "Visy.Middleware.LGX.Nestle.Maps", "Visy.Middleware.LGX.Nestle.Maps\Visy.Middleware.LGX.Nestle.Maps.btproj", "{2B05C91C-9BB0-4C35-9028-E86A09EAFC3C}"
EndProject
Project("{FAE04EC0-301F-11D3-BF4B-00C04F79EFBC}") = "Visy.Middleware.LGX.Nestle.Pipelines", "Visy.Middleware.LGX.Nestle.Pipelines\Visy.Middleware.LGX.Nestle.Pipelines.btproj", "{3CBFF9E9-6337-47F8-8D80-2B5F58A22B24}"
EndProject
Project("{FAE04EC0-301F-11D3-BF4B-00C04F79EFBC}") = "Visy.Middleware.LGX.Nestle.Schemas", "Visy.Middleware.LGX.Nestle.Schemas\Visy.Middleware.LGX.Nestle.Schemas.btproj", "{B168683A-0F76-4225-A53B-B354D646CCAE}"
EndProject
Project("{2150E333-8FDC-42A3-9474-1A3956D46DE8}") = "BindingInfo", "BindingInfo", "{33AF8DBE-A3F7-4C75-AE0E-296E00C796DF}"
	ProjectSection(SolutionItems) = preProject
		BindingInfo\LGX.Nestle.BindingInfo.Dev.xml = BindingInfo\LGX.Nestle.BindingInfo.Dev.xml
		BindingInfo\LGX.Nestle.BindingInfo.Prod.xml = BindingInfo\LGX.Nestle.BindingInfo.Prod.xml
	EndProjectSection
EndProject
Global
	GlobalSection(SolutionConfigurationPlatforms) = preSolution
		Debug|Any CPU = Debug|Any CPU
		Release|Any CPU = Release|Any CPU
	EndGlobalSection
	GlobalSection(ProjectConfigurationPlatforms) = postSolution
		{2B05C91C-9BB0-4C35-9028-E86A09EAFC3C}.Debug|Any CPU.ActiveCfg = Debug|Any CPU
		{2B05C91C-9BB0-4C35-9028-E86A09EAFC3C}.Debug|Any CPU.Build.0 = Debug|Any CPU
		{2B05C91C-9BB0-4C35-9028-E86A09EAFC3C}.Debug|Any CPU.Deploy.0 = Debug|Any CPU
		{2B05C91C-9BB0-4C35-9028-E86A09EAFC3C}.Release|Any CPU.ActiveCfg = Release|Any CPU
		{2B05C91C-9BB0-4C35-9028-E86A09EAFC3C}.Release|Any CPU.Build.0 = Release|Any CPU
		{2B05C91C-9BB0-4C35-9028-E86A09EAFC3C}.Release|Any CPU.Deploy.0 = Release|Any CPU
		{3CBFF9E9-6337-47F8-8D80-2B5F58A22B24}.Debug|Any CPU.ActiveCfg = Debug|Any CPU
		{3CBFF9E9-6337-47F8-8D80-2B5F58A22B24}.Debug|Any CPU.Build.0 = Debug|Any CPU
		{3CBFF9E9-6337-47F8-8D80-2B5F58A22B24}.Debug|Any CPU.Deploy.0 = Debug|Any CPU
		{3CBFF9E9-6337-47F8-8D80-2B5F58A22B24}.Release|Any CPU.ActiveCfg = Release|Any CPU
		{3CBFF9E9-6337-47F8-8D80-2B5F58A22B24}.Release|Any CPU.Build.0 = Release|Any CPU
		{3CBFF9E9-6337-47F8-8D80-2B5F58A22B24}.Release|Any CPU.Deploy.0 = Release|Any CPU
		{B168683A-0F76-4225-A53B-B354D646CCAE}.Debug|Any CPU.ActiveCfg = Debug|Any CPU
		{B168683A-0F76-4225-A53B-B354D646CCAE}.Debug|Any CPU.Build.0 = Debug|Any CPU
		{B168683A-0F76-4225-A53B-B354D646CCAE}.Debug|Any CPU.Deploy.0 = Debug|Any CPU
		{B168683A-0F76-4225-A53B-B354D646CCAE}.Release|Any CPU.ActiveCfg = Release|Any CPU
		{B168683A-0F76-4225-A53B-B354D646CCAE}.Release|Any CPU.Build.0 = Release|Any CPU
		{B168683A-0F76-4225-A53B-B354D646CCAE}.Release|Any CPU.Deploy.0 = Release|Any CPU
	EndGlobalSection
	GlobalSection(SolutionProperties) = preSolution
		HideSolutionNode = FALSE
	EndGlobalSection
EndGlobal
