
Microsoft Visual Studio Solution File, Format Version 12.00
# Visual Studio 14
VisualStudioVersion = 14.0.25420.1
MinimumVisualStudioVersion = 10.0.40219.1
Project("{FAE04EC0-301F-11D3-BF4B-00C04F79EFBC}") = "Visy.Middleware.LGX.PetersIceCream.Schemas", "Visy.Middleware.LGX.PetersIceCream.Schemas\Visy.Middleware.LGX.PetersIceCream.Schemas.btproj", "{636B0605-A22A-4F22-9982-790FA737892D}"
EndProject
Project("{FAE04EC0-301F-11D3-BF4B-00C04F79EFBC}") = "Visy.Middleware.LGX.PetersIceCream.Maps", "Visy.Middleware.LGX.PetersIceCream.Maps\Visy.Middleware.LGX.PetersIceCream.Maps.btproj", "{6A3DAD14-8699-454B-A58D-67A0322B47D3}"
EndProject
Project("{FAE04EC0-301F-11D3-BF4B-00C04F79EFBC}") = "Visy.Middleware.LGX.PetersIceCream.Pipelines", "Visy.Middleware.LGX.PetersIceCream.Pipelines\Visy.Middleware.LGX.PetersIceCream.Pipelines.btproj", "{688851F8-AFFC-4829-B03E-250DF1DDB7DA}"
EndProject
Project("{2150E333-8FDC-42A3-9474-1A3956D46DE8}") = "BindingInfo", "BindingInfo", "{35BDF5DB-F0B7-4357-81DA-640A45AB5062}"
	ProjectSection(SolutionItems) = preProject
		BindingInfo\LGX.PetersIceCream.BindingInfo.Dev.xml = BindingInfo\LGX.PetersIceCream.BindingInfo.Dev.xml
		BindingInfo\LGX.PetersIceCream.BindingInfo.Prod.xml = BindingInfo\LGX.PetersIceCream.BindingInfo.Prod.xml
	EndProjectSection
EndProject
Project("{FAE04EC0-301F-11D3-BF4B-00C04F79EFBC}") = "Visy.Middleware.LGX.PetersIceCream.PipelineComponents", "Visy.Middleware.LGX.PetersIceCream.PipelineComponents\Visy.Middleware.LGX.PetersIceCream.PipelineComponents.btproj", "{CE82A886-05E8-48E0-94E3-BEC08FC732BB}"
EndProject
Global
	GlobalSection(SolutionConfigurationPlatforms) = preSolution
		Debug|Any CPU = Debug|Any CPU
		Release|Any CPU = Release|Any CPU
	EndGlobalSection
	GlobalSection(ProjectConfigurationPlatforms) = postSolution
		{636B0605-A22A-4F22-9982-790FA737892D}.Debug|Any CPU.ActiveCfg = Debug|Any CPU
		{636B0605-A22A-4F22-9982-790FA737892D}.Debug|Any CPU.Build.0 = Debug|Any CPU
		{636B0605-A22A-4F22-9982-790FA737892D}.Debug|Any CPU.Deploy.0 = Debug|Any CPU
		{636B0605-A22A-4F22-9982-790FA737892D}.Release|Any CPU.ActiveCfg = Release|Any CPU
		{636B0605-A22A-4F22-9982-790FA737892D}.Release|Any CPU.Build.0 = Release|Any CPU
		{636B0605-A22A-4F22-9982-790FA737892D}.Release|Any CPU.Deploy.0 = Release|Any CPU
		{6A3DAD14-8699-454B-A58D-67A0322B47D3}.Debug|Any CPU.ActiveCfg = Debug|Any CPU
		{6A3DAD14-8699-454B-A58D-67A0322B47D3}.Debug|Any CPU.Build.0 = Debug|Any CPU
		{6A3DAD14-8699-454B-A58D-67A0322B47D3}.Debug|Any CPU.Deploy.0 = Debug|Any CPU
		{6A3DAD14-8699-454B-A58D-67A0322B47D3}.Release|Any CPU.ActiveCfg = Release|Any CPU
		{6A3DAD14-8699-454B-A58D-67A0322B47D3}.Release|Any CPU.Build.0 = Release|Any CPU
		{6A3DAD14-8699-454B-A58D-67A0322B47D3}.Release|Any CPU.Deploy.0 = Release|Any CPU
		{688851F8-AFFC-4829-B03E-250DF1DDB7DA}.Debug|Any CPU.ActiveCfg = Debug|Any CPU
		{688851F8-AFFC-4829-B03E-250DF1DDB7DA}.Debug|Any CPU.Build.0 = Debug|Any CPU
		{688851F8-AFFC-4829-B03E-250DF1DDB7DA}.Debug|Any CPU.Deploy.0 = Debug|Any CPU
		{688851F8-AFFC-4829-B03E-250DF1DDB7DA}.Release|Any CPU.ActiveCfg = Release|Any CPU
		{688851F8-AFFC-4829-B03E-250DF1DDB7DA}.Release|Any CPU.Build.0 = Release|Any CPU
		{688851F8-AFFC-4829-B03E-250DF1DDB7DA}.Release|Any CPU.Deploy.0 = Release|Any CPU
		{CE82A886-05E8-48E0-94E3-BEC08FC732BB}.Debug|Any CPU.ActiveCfg = Debug|Any CPU
		{CE82A886-05E8-48E0-94E3-BEC08FC732BB}.Debug|Any CPU.Build.0 = Debug|Any CPU
		{CE82A886-05E8-48E0-94E3-BEC08FC732BB}.Debug|Any CPU.Deploy.0 = Debug|Any CPU
		{CE82A886-05E8-48E0-94E3-BEC08FC732BB}.Release|Any CPU.ActiveCfg = Release|Any CPU
		{CE82A886-05E8-48E0-94E3-BEC08FC732BB}.Release|Any CPU.Build.0 = Release|Any CPU
		{CE82A886-05E8-48E0-94E3-BEC08FC732BB}.Release|Any CPU.Deploy.0 = Release|Any CPU
	EndGlobalSection
	GlobalSection(SolutionProperties) = preSolution
		HideSolutionNode = FALSE
	EndGlobalSection
EndGlobal
