
Microsoft Visual Studio Solution File, Format Version 12.00
# Visual Studio 14
VisualStudioVersion = 14.0.25420.1
MinimumVisualStudioVersion = 10.0.40219.1
Project("{FAE04EC0-301F-11D3-BF4B-00C04F79EFBC}") = "Visy.Middleware.LGX.SanRemo.Schemas", "Visy.Middleware.LGX.SanRemo.Schemas\Visy.Middleware.LGX.SanRemo.Schemas.btproj", "{26308DA0-80CC-459A-9BA0-33B33B3F7FFA}"
EndProject
Project("{FAE04EC0-301F-11D3-BF4B-00C04F79EFBC}") = "Visy.Middleware.LGX.SanRemo.Maps", "Visy.Middleware.LGX.SanRemo.Maps\Visy.Middleware.LGX.SanRemo.Maps.btproj", "{538EFFE9-078B-4A56-9B61-D5A2FCDB8DAC}"
EndProject
Project("{FAE04EC0-301F-11D3-BF4B-00C04F79EFBC}") = "Visy.Middleware.LGX.SanRemo.Orchestrations", "Visy.Middleware.LGX.SanRemo.Orchestrations\Visy.Middleware.LGX.SanRemo.Orchestrations.btproj", "{6E0D5B57-B9E5-4B19-BC82-29154B917DD8}"
EndProject
Project("{2150E333-8FDC-42A3-9474-1A3956D46DE8}") = "BindingInfo", "BindingInfo", "{3FA314D4-D7E8-428A-8A42-131D2194D833}"
	ProjectSection(SolutionItems) = preProject
		BindingInfo\LGX.SanRemo.BindingInfo.Dev.xml = BindingInfo\LGX.SanRemo.BindingInfo.Dev.xml
		BindingInfo\LGX.SanRemo.BindingInfo.Prod.xml = BindingInfo\LGX.SanRemo.BindingInfo.Prod.xml
	EndProjectSection
EndProject
Project("{FAE04EC0-301F-11D3-BF4B-00C04F79EFBC}") = "Visy.Middleware.LGX.SanRemo.Pipelines", "Visy.Middleware.LGX.SanRemo.Pipelines\Visy.Middleware.LGX.SanRemo.Pipelines.btproj", "{70F76363-F75A-4186-9BA0-37D49D128CF6}"
EndProject
Global
	GlobalSection(SolutionConfigurationPlatforms) = preSolution
		Debug|Any CPU = Debug|Any CPU
		Release|Any CPU = Release|Any CPU
	EndGlobalSection
	GlobalSection(ProjectConfigurationPlatforms) = postSolution
		{26308DA0-80CC-459A-9BA0-33B33B3F7FFA}.Debug|Any CPU.ActiveCfg = Debug|Any CPU
		{26308DA0-80CC-459A-9BA0-33B33B3F7FFA}.Debug|Any CPU.Build.0 = Debug|Any CPU
		{26308DA0-80CC-459A-9BA0-33B33B3F7FFA}.Debug|Any CPU.Deploy.0 = Debug|Any CPU
		{26308DA0-80CC-459A-9BA0-33B33B3F7FFA}.Release|Any CPU.ActiveCfg = Release|Any CPU
		{26308DA0-80CC-459A-9BA0-33B33B3F7FFA}.Release|Any CPU.Build.0 = Release|Any CPU
		{26308DA0-80CC-459A-9BA0-33B33B3F7FFA}.Release|Any CPU.Deploy.0 = Release|Any CPU
		{538EFFE9-078B-4A56-9B61-D5A2FCDB8DAC}.Debug|Any CPU.ActiveCfg = Debug|Any CPU
		{538EFFE9-078B-4A56-9B61-D5A2FCDB8DAC}.Debug|Any CPU.Build.0 = Debug|Any CPU
		{538EFFE9-078B-4A56-9B61-D5A2FCDB8DAC}.Debug|Any CPU.Deploy.0 = Debug|Any CPU
		{538EFFE9-078B-4A56-9B61-D5A2FCDB8DAC}.Release|Any CPU.ActiveCfg = Release|Any CPU
		{538EFFE9-078B-4A56-9B61-D5A2FCDB8DAC}.Release|Any CPU.Build.0 = Release|Any CPU
		{538EFFE9-078B-4A56-9B61-D5A2FCDB8DAC}.Release|Any CPU.Deploy.0 = Release|Any CPU
		{6E0D5B57-B9E5-4B19-BC82-29154B917DD8}.Debug|Any CPU.ActiveCfg = Debug|Any CPU
		{6E0D5B57-B9E5-4B19-BC82-29154B917DD8}.Debug|Any CPU.Build.0 = Debug|Any CPU
		{6E0D5B57-B9E5-4B19-BC82-29154B917DD8}.Debug|Any CPU.Deploy.0 = Debug|Any CPU
		{6E0D5B57-B9E5-4B19-BC82-29154B917DD8}.Release|Any CPU.ActiveCfg = Release|Any CPU
		{6E0D5B57-B9E5-4B19-BC82-29154B917DD8}.Release|Any CPU.Build.0 = Release|Any CPU
		{6E0D5B57-B9E5-4B19-BC82-29154B917DD8}.Release|Any CPU.Deploy.0 = Release|Any CPU
		{70F76363-F75A-4186-9BA0-37D49D128CF6}.Debug|Any CPU.ActiveCfg = Debug|Any CPU
		{70F76363-F75A-4186-9BA0-37D49D128CF6}.Debug|Any CPU.Build.0 = Debug|Any CPU
		{70F76363-F75A-4186-9BA0-37D49D128CF6}.Debug|Any CPU.Deploy.0 = Debug|Any CPU
		{70F76363-F75A-4186-9BA0-37D49D128CF6}.Release|Any CPU.ActiveCfg = Release|Any CPU
		{70F76363-F75A-4186-9BA0-37D49D128CF6}.Release|Any CPU.Build.0 = Release|Any CPU
		{70F76363-F75A-4186-9BA0-37D49D128CF6}.Release|Any CPU.Deploy.0 = Release|Any CPU
	EndGlobalSection
	GlobalSection(SolutionProperties) = preSolution
		HideSolutionNode = FALSE
	EndGlobalSection
EndGlobal
