
Microsoft Visual Studio Solution File, Format Version 12.00
# Visual Studio 14
VisualStudioVersion = 14.0.25420.1
MinimumVisualStudioVersion = 10.0.40219.1
Project("{FAE04EC0-301F-11D3-BF4B-00C04F79EFBC}") = "Visy.Middleware.LGX.Sanitarium.Orchestrations", "Visy.Middleware.LGX.Sanitarium.Orchestrations\Visy.Middleware.LGX.Sanitarium.Orchestrations.btproj", "{F345E873-A073-4034-BAA1-692F3DC91DAC}"
EndProject
Project("{FAE04EC0-301F-11D3-BF4B-00C04F79EFBC}") = "Visy.Middleware.LGX.Sanitarium.Maps", "Visy.Middleware.LGX.Sanitarium.Maps\Visy.Middleware.LGX.Sanitarium.Maps.btproj", "{C4699236-B895-4553-99D7-E6BAF75B8A00}"
EndProject
Project("{FAE04EC0-301F-11D3-BF4B-00C04F79EFBC}") = "Visy.Middleware.LGX.Sanitarium.Pipelines", "Visy.Middleware.LGX.Sanitarium.Pipelines\Visy.Middleware.LGX.Sanitarium.Pipelines.btproj", "{4F90E002-D638-4D29-B6A5-C13FA5396056}"
EndProject
Project("{2150E333-8FDC-42A3-9474-1A3956D46DE8}") = "BindingInfo", "BindingInfo", "{E5E6CE32-D908-423F-9210-094C2EA73AB3}"
	ProjectSection(SolutionItems) = preProject
		BindingInfo\LGX.Sanitarium.BindingInfo.Dev.xml = BindingInfo\LGX.Sanitarium.BindingInfo.Dev.xml
		BindingInfo\LGX.Sanitarium.BindingInfo.Prod.xml = BindingInfo\LGX.Sanitarium.BindingInfo.Prod.xml
		BindingInfo\LGX.Sanitarium.TradingParties.BindingInfo.Dev.xml = BindingInfo\LGX.Sanitarium.TradingParties.BindingInfo.Dev.xml
	EndProjectSection
EndProject
Global
	GlobalSection(SolutionConfigurationPlatforms) = preSolution
		Debug|Any CPU = Debug|Any CPU
		Release|Any CPU = Release|Any CPU
	EndGlobalSection
	GlobalSection(ProjectConfigurationPlatforms) = postSolution
		{F345E873-A073-4034-BAA1-692F3DC91DAC}.Debug|Any CPU.ActiveCfg = Debug|Any CPU
		{F345E873-A073-4034-BAA1-692F3DC91DAC}.Debug|Any CPU.Build.0 = Debug|Any CPU
		{F345E873-A073-4034-BAA1-692F3DC91DAC}.Debug|Any CPU.Deploy.0 = Debug|Any CPU
		{F345E873-A073-4034-BAA1-692F3DC91DAC}.Release|Any CPU.ActiveCfg = Release|Any CPU
		{F345E873-A073-4034-BAA1-692F3DC91DAC}.Release|Any CPU.Build.0 = Release|Any CPU
		{F345E873-A073-4034-BAA1-692F3DC91DAC}.Release|Any CPU.Deploy.0 = Release|Any CPU
		{C4699236-B895-4553-99D7-E6BAF75B8A00}.Debug|Any CPU.ActiveCfg = Debug|Any CPU
		{C4699236-B895-4553-99D7-E6BAF75B8A00}.Debug|Any CPU.Build.0 = Debug|Any CPU
		{C4699236-B895-4553-99D7-E6BAF75B8A00}.Debug|Any CPU.Deploy.0 = Debug|Any CPU
		{C4699236-B895-4553-99D7-E6BAF75B8A00}.Release|Any CPU.ActiveCfg = Release|Any CPU
		{C4699236-B895-4553-99D7-E6BAF75B8A00}.Release|Any CPU.Build.0 = Release|Any CPU
		{C4699236-B895-4553-99D7-E6BAF75B8A00}.Release|Any CPU.Deploy.0 = Release|Any CPU
		{4F90E002-D638-4D29-B6A5-C13FA5396056}.Debug|Any CPU.ActiveCfg = Debug|Any CPU
		{4F90E002-D638-4D29-B6A5-C13FA5396056}.Debug|Any CPU.Build.0 = Debug|Any CPU
		{4F90E002-D638-4D29-B6A5-C13FA5396056}.Debug|Any CPU.Deploy.0 = Debug|Any CPU
		{4F90E002-D638-4D29-B6A5-C13FA5396056}.Release|Any CPU.ActiveCfg = Release|Any CPU
		{4F90E002-D638-4D29-B6A5-C13FA5396056}.Release|Any CPU.Build.0 = Release|Any CPU
		{4F90E002-D638-4D29-B6A5-C13FA5396056}.Release|Any CPU.Deploy.0 = Release|Any CPU
	EndGlobalSection
	GlobalSection(SolutionProperties) = preSolution
		HideSolutionNode = FALSE
	EndGlobalSection
EndGlobal
