
Microsoft Visual Studio Solution File, Format Version 12.00
# Visual Studio 14
VisualStudioVersion = 14.0.25420.1
MinimumVisualStudioVersion = 10.0.40219.1
Project("{FAE04EC0-301F-11D3-BF4B-00C04F79EFBC}") = "Visy.Middleware.SAP.Lion.Maps", "Visy.Middleware.SAP.Lion.Maps\Visy.Middleware.SAP.Lion.Maps.btproj", "{9F83127D-5D24-4F70-AC45-B599953B3CF8}"
EndProject
Project("{FAE04EC0-301F-11D3-BF4B-00C04F79EFBC}") = "Visy.Middleware.SAP.Lion.Orchestrations", "Visy.Middleware.SAP.Lion.Orchestrations\Visy.Middleware.SAP.Lion.Orchestrations.btproj", "{B2A61C08-4377-4A0B-9110-364322B28822}"
EndProject
Project("{FAE04EC0-301F-11D3-BF4B-00C04F79EFBC}") = "Visy.Middleware.SAP.Lion.Pipelines", "Visy.Middleware.SAP.Lion.Pipelines\Visy.Middleware.SAP.Lion.Pipelines.btproj", "{A303FF97-F302-4674-A078-C713195B2169}"
EndProject
Project("{FAE04EC0-301F-11D3-BF4B-00C04F79EFBC}") = "Visy.Middleware.SAP.Lion.Schemas", "Visy.Middleware.SAP.Lion.Schemas\Visy.Middleware.SAP.Lion.Schemas.btproj", "{FCEEA423-0041-40CE-BA79-8F6B47C381A4}"
EndProject
Project("{FAE04EC0-301F-11D3-BF4B-00C04F79EFBC}") = "Visy.Middleware.SAP.Lion.Components", "Visy.Middleware.SAP.Lion.Components\Visy.Middleware.SAP.Lion.Components.csproj", "{8E6322AA-63E8-4B43-A988-E4F962FC491E}"
EndProject
Project("{2150E333-8FDC-42A3-9474-1A3956D46DE8}") = "BindingInfo", "BindingInfo", "{A02C454C-F7D9-4B09-A565-0118015C9BCD}"
	ProjectSection(SolutionItems) = preProject
		\\wawsypbiza03\d$\DeployShare\20201029\SAP.Lion.BindingInfo.Prod.xml = \\wawsypbiza03\d$\DeployShare\20201029\SAP.Lion.BindingInfo.Prod.xml
	EndProjectSection
EndProject
Global
	GlobalSection(SolutionConfigurationPlatforms) = preSolution
		Debug|Any CPU = Debug|Any CPU
		Release|Any CPU = Release|Any CPU
	EndGlobalSection
	GlobalSection(ProjectConfigurationPlatforms) = postSolution
		{9F83127D-5D24-4F70-AC45-B599953B3CF8}.Debug|Any CPU.ActiveCfg = Debug|Any CPU
		{9F83127D-5D24-4F70-AC45-B599953B3CF8}.Debug|Any CPU.Build.0 = Debug|Any CPU
		{9F83127D-5D24-4F70-AC45-B599953B3CF8}.Debug|Any CPU.Deploy.0 = Debug|Any CPU
		{9F83127D-5D24-4F70-AC45-B599953B3CF8}.Release|Any CPU.ActiveCfg = Release|Any CPU
		{9F83127D-5D24-4F70-AC45-B599953B3CF8}.Release|Any CPU.Build.0 = Release|Any CPU
		{9F83127D-5D24-4F70-AC45-B599953B3CF8}.Release|Any CPU.Deploy.0 = Release|Any CPU
		{B2A61C08-4377-4A0B-9110-364322B28822}.Debug|Any CPU.ActiveCfg = Debug|Any CPU
		{B2A61C08-4377-4A0B-9110-364322B28822}.Debug|Any CPU.Build.0 = Debug|Any CPU
		{B2A61C08-4377-4A0B-9110-364322B28822}.Debug|Any CPU.Deploy.0 = Debug|Any CPU
		{B2A61C08-4377-4A0B-9110-364322B28822}.Release|Any CPU.ActiveCfg = Release|Any CPU
		{B2A61C08-4377-4A0B-9110-364322B28822}.Release|Any CPU.Build.0 = Release|Any CPU
		{B2A61C08-4377-4A0B-9110-364322B28822}.Release|Any CPU.Deploy.0 = Release|Any CPU
		{A303FF97-F302-4674-A078-C713195B2169}.Debug|Any CPU.ActiveCfg = Debug|Any CPU
		{A303FF97-F302-4674-A078-C713195B2169}.Debug|Any CPU.Build.0 = Debug|Any CPU
		{A303FF97-F302-4674-A078-C713195B2169}.Debug|Any CPU.Deploy.0 = Debug|Any CPU
		{A303FF97-F302-4674-A078-C713195B2169}.Release|Any CPU.ActiveCfg = Release|Any CPU
		{A303FF97-F302-4674-A078-C713195B2169}.Release|Any CPU.Build.0 = Release|Any CPU
		{A303FF97-F302-4674-A078-C713195B2169}.Release|Any CPU.Deploy.0 = Release|Any CPU
		{FCEEA423-0041-40CE-BA79-8F6B47C381A4}.Debug|Any CPU.ActiveCfg = Debug|Any CPU
		{FCEEA423-0041-40CE-BA79-8F6B47C381A4}.Debug|Any CPU.Build.0 = Debug|Any CPU
		{FCEEA423-0041-40CE-BA79-8F6B47C381A4}.Debug|Any CPU.Deploy.0 = Debug|Any CPU
		{FCEEA423-0041-40CE-BA79-8F6B47C381A4}.Release|Any CPU.ActiveCfg = Release|Any CPU
		{FCEEA423-0041-40CE-BA79-8F6B47C381A4}.Release|Any CPU.Build.0 = Release|Any CPU
		{FCEEA423-0041-40CE-BA79-8F6B47C381A4}.Release|Any CPU.Deploy.0 = Release|Any CPU
		{8E6322AA-63E8-4B43-A988-E4F962FC491E}.Debug|Any CPU.ActiveCfg = Debug|Any CPU
		{8E6322AA-63E8-4B43-A988-E4F962FC491E}.Debug|Any CPU.Build.0 = Debug|Any CPU
		{8E6322AA-63E8-4B43-A988-E4F962FC491E}.Release|Any CPU.ActiveCfg = Release|Any CPU
		{8E6322AA-63E8-4B43-A988-E4F962FC491E}.Release|Any CPU.Build.0 = Release|Any CPU
	EndGlobalSection
	GlobalSection(SolutionProperties) = preSolution
		HideSolutionNode = FALSE
	EndGlobalSection
EndGlobal
