
Microsoft Visual Studio Solution File, Format Version 12.00
# Visual Studio 14
VisualStudioVersion = 14.0.25420.1
MinimumVisualStudioVersion = 10.0.40219.1
Project("{FAE04EC0-301F-11D3-BF4B-00C04F79EFBC}") = "Visy.Middleware.Adapters.Http.Receive", "Visy.Middleware.Adapters.Http.Receive\Visy.Middleware.Adapters.Http.Receive.csproj", "{CF33F3E2-F352-4123-A9CC-D8D4AFC9BAFD}"
EndProject
Project("{FAE04EC0-301F-11D3-BF4B-00C04F79EFBC}") = "Visy.Middleware.Adapters.Http.Transmit", "Visy.Middleware.Adapters.Http.Transmit\Visy.Middleware.Adapters.Http.Transmit.csproj", "{11212EAF-0114-4D44-98D8-93B0183B1002}"
EndProject
Project("{FAE04EC0-301F-11D3-BF4B-00C04F79EFBC}") = "Visy.Middleware.Adapters.Http.Management", "Visy.Middleware.Adapters.Http.Management\Visy.Middleware.Adapters.Http.Management.csproj", "{5B54F699-9EA3-414C-8CF4-6519F3D3C906}"
EndProject
Project("{FAE04EC0-301F-11D3-BF4B-00C04F79EFBC}") = "Microsoft.BizTalk.Adapter.Common", "..\BaseAdapter\v1.0.2\Microsoft.BizTalk.Adapter.Common.csproj", "{44B780E7-6D79-4BAF-9994-28CFFA1172A6}"
EndProject
Project("{2150E333-8FDC-42A3-9474-1A3956D46DE8}") = "Scripts", "Scripts", "{152BCEF3-570F-445E-908F-8CE9C44D1F51}"
	ProjectSection(SolutionItems) = preProject
		Scripts\HTTP.VISY.reg = Scripts\HTTP.VISY.reg
	EndProjectSection
EndProject
Global
	GlobalSection(SolutionConfigurationPlatforms) = preSolution
		Debug|Any CPU = Debug|Any CPU
		Release|Any CPU = Release|Any CPU
	EndGlobalSection
	GlobalSection(ProjectConfigurationPlatforms) = postSolution
		{CF33F3E2-F352-4123-A9CC-D8D4AFC9BAFD}.Debug|Any CPU.ActiveCfg = Debug|Any CPU
		{CF33F3E2-F352-4123-A9CC-D8D4AFC9BAFD}.Debug|Any CPU.Build.0 = Debug|Any CPU
		{CF33F3E2-F352-4123-A9CC-D8D4AFC9BAFD}.Release|Any CPU.ActiveCfg = Release|Any CPU
		{CF33F3E2-F352-4123-A9CC-D8D4AFC9BAFD}.Release|Any CPU.Build.0 = Release|Any CPU
		{11212EAF-0114-4D44-98D8-93B0183B1002}.Debug|Any CPU.ActiveCfg = Debug|Any CPU
		{11212EAF-0114-4D44-98D8-93B0183B1002}.Debug|Any CPU.Build.0 = Debug|Any CPU
		{11212EAF-0114-4D44-98D8-93B0183B1002}.Release|Any CPU.ActiveCfg = Release|Any CPU
		{11212EAF-0114-4D44-98D8-93B0183B1002}.Release|Any CPU.Build.0 = Release|Any CPU
		{5B54F699-9EA3-414C-8CF4-6519F3D3C906}.Debug|Any CPU.ActiveCfg = Debug|Any CPU
		{5B54F699-9EA3-414C-8CF4-6519F3D3C906}.Debug|Any CPU.Build.0 = Debug|Any CPU
		{5B54F699-9EA3-414C-8CF4-6519F3D3C906}.Release|Any CPU.ActiveCfg = Release|Any CPU
		{5B54F699-9EA3-414C-8CF4-6519F3D3C906}.Release|Any CPU.Build.0 = Release|Any CPU
		{44B780E7-6D79-4BAF-9994-28CFFA1172A6}.Debug|Any CPU.ActiveCfg = Debug|Any CPU
		{44B780E7-6D79-4BAF-9994-28CFFA1172A6}.Debug|Any CPU.Build.0 = Debug|Any CPU
		{44B780E7-6D79-4BAF-9994-28CFFA1172A6}.Release|Any CPU.ActiveCfg = Release|Any CPU
		{44B780E7-6D79-4BAF-9994-28CFFA1172A6}.Release|Any CPU.Build.0 = Release|Any CPU
	EndGlobalSection
	GlobalSection(SolutionProperties) = preSolution
		HideSolutionNode = FALSE
	EndGlobalSection
EndGlobal
