
Microsoft Visual Studio Solution File, Format Version 12.00
# Visual Studio 14
VisualStudioVersion = 14.0.25420.1
MinimumVisualStudioVersion = 10.0.40219.1
Project("{FAE04EC0-301F-11D3-BF4B-00C04F79EFBC}") = "Visy.Middleware.SAP.CITI.Bank", "Visy.Middleware.SAP.CITI.Bank\Visy.Middleware.SAP.CITI.Bank.btproj", "{B2685EC8-65FE-40E4-A29A-5EBBA2048605}"
EndProject
Project("{2150E333-8FDC-42A3-9474-1A3956D46DE8}") = "BindingInfo", "BindingInfo", "{B2A06A4F-7235-4F21-B3FE-300FB597DFBE}"
	ProjectSection(SolutionItems) = preProject
		BindingInfo\SAP.CITI.Bank.BindingInfo.Dev.xml = BindingInfo\SAP.CITI.Bank.BindingInfo.Dev.xml
		BindingInfo\SAP.CITI.Bank.BindingInfo.Prod.xml = BindingInfo\SAP.CITI.Bank.BindingInfo.Prod.xml
	EndProjectSection
EndProject
Global
	GlobalSection(SolutionConfigurationPlatforms) = preSolution
		Debug|Any CPU = Debug|Any CPU
		Release|Any CPU = Release|Any CPU
	EndGlobalSection
	GlobalSection(ProjectConfigurationPlatforms) = postSolution
		{B2685EC8-65FE-40E4-A29A-5EBBA2048605}.Debug|Any CPU.ActiveCfg = Debug|Any CPU
		{B2685EC8-65FE-40E4-A29A-5EBBA2048605}.Debug|Any CPU.Build.0 = Debug|Any CPU
		{B2685EC8-65FE-40E4-A29A-5EBBA2048605}.Debug|Any CPU.Deploy.0 = Debug|Any CPU
		{B2685EC8-65FE-40E4-A29A-5EBBA2048605}.Release|Any CPU.ActiveCfg = Release|Any CPU
		{B2685EC8-65FE-40E4-A29A-5EBBA2048605}.Release|Any CPU.Build.0 = Release|Any CPU
		{B2685EC8-65FE-40E4-A29A-5EBBA2048605}.Release|Any CPU.Deploy.0 = Release|Any CPU
	EndGlobalSection
	GlobalSection(SolutionProperties) = preSolution
		HideSolutionNode = FALSE
	EndGlobalSection
EndGlobal
