
Microsoft Visual Studio Solution File, Format Version 12.00
# Visual Studio 14
VisualStudioVersion = 14.0.25420.1
MinimumVisualStudioVersion = 10.0.40219.1
Project("{FAE04EC0-301F-11D3-BF4B-00C04F79EFBC}") = "Visy.Middleware.SAP.JFE.Schemas", "Visy.Middleware.SAP.JFE.Schemas\Visy.Middleware.SAP.JFE.Schemas.btproj", "{E54EA665-2B06-4847-A67A-2848A164E6D1}"
EndProject
Project("{FAE04EC0-301F-11D3-BF4B-00C04F79EFBC}") = "Visy.Middleware.SAP.JFE.Pipelines", "Visy.Middleware.SAP.JFE.Pipelines\Visy.Middleware.SAP.JFE.Pipelines.btproj", "{4945D26F-9C6F-4B15-B32A-F65AA051F56E}"
EndProject
Project("{FAE04EC0-301F-11D3-BF4B-00C04F79EFBC}") = "Visy.Middleware.SAP.JFE.Orchestrations", "Visy.Middleware.SAP.JFE.Orchestrations\Visy.Middleware.SAP.JFE.Orchestrations.btproj", "{1E8149D3-1C13-407A-8A3E-D802E0F3651B}"
EndProject
Project("{FAE04EC0-301F-11D3-BF4B-00C04F79EFBC}") = "Visy.Middleware.SAP.JFE.Maps", "Visy.Middleware.SAP.JFE.Maps\Visy.Middleware.SAP.JFE.Maps.btproj", "{2788972A-B73B-4BD5-9C18-7A7560ADCF3E}"
EndProject
Project("{2150E333-8FDC-42A3-9474-1A3956D46DE8}") = "BindingInfo", "BindingInfo", "{E5ED4FA6-FEDE-4DFE-A6E7-6B68AF320D39}"
	ProjectSection(SolutionItems) = preProject
		BindingInfo\SAP.JFE.BindingInfo.Dev.xml = BindingInfo\SAP.JFE.BindingInfo.Dev.xml
		BindingInfo\SAP.JFE.BindingInfo.Prod.xml = BindingInfo\SAP.JFE.BindingInfo.Prod.xml
	EndProjectSection
EndProject
Project("{FAE04EC0-301F-11D3-BF4B-00C04F79EFBC}") = "Visy.Middleware.SAP.JFE.Components", "Visy.Middleware.SAP.JFE.Components\Visy.Middleware.SAP.JFE.Components.csproj", "{8BA808CF-E3BB-4727-9CBF-7B6FA44656F5}"
EndProject
Project("{2150E333-8FDC-42A3-9474-1A3956D46DE8}") = "Policies", "Policies", "{55D55267-72E5-464F-B6D1-75DA6BE4DDF4}"
	ProjectSection(SolutionItems) = preProject
		Policies\SAP.JFE.InterfaceLookup.Policies.xml = Policies\SAP.JFE.InterfaceLookup.Policies.xml
	EndProjectSection
EndProject
Global
	GlobalSection(SolutionConfigurationPlatforms) = preSolution
		Debug|Any CPU = Debug|Any CPU
		Release|Any CPU = Release|Any CPU
	EndGlobalSection
	GlobalSection(ProjectConfigurationPlatforms) = postSolution
		{E54EA665-2B06-4847-A67A-2848A164E6D1}.Debug|Any CPU.ActiveCfg = Debug|Any CPU
		{E54EA665-2B06-4847-A67A-2848A164E6D1}.Debug|Any CPU.Build.0 = Debug|Any CPU
		{E54EA665-2B06-4847-A67A-2848A164E6D1}.Debug|Any CPU.Deploy.0 = Debug|Any CPU
		{E54EA665-2B06-4847-A67A-2848A164E6D1}.Release|Any CPU.ActiveCfg = Release|Any CPU
		{E54EA665-2B06-4847-A67A-2848A164E6D1}.Release|Any CPU.Build.0 = Release|Any CPU
		{E54EA665-2B06-4847-A67A-2848A164E6D1}.Release|Any CPU.Deploy.0 = Release|Any CPU
		{4945D26F-9C6F-4B15-B32A-F65AA051F56E}.Debug|Any CPU.ActiveCfg = Debug|Any CPU
		{4945D26F-9C6F-4B15-B32A-F65AA051F56E}.Debug|Any CPU.Build.0 = Debug|Any CPU
		{4945D26F-9C6F-4B15-B32A-F65AA051F56E}.Debug|Any CPU.Deploy.0 = Debug|Any CPU
		{4945D26F-9C6F-4B15-B32A-F65AA051F56E}.Release|Any CPU.ActiveCfg = Release|Any CPU
		{4945D26F-9C6F-4B15-B32A-F65AA051F56E}.Release|Any CPU.Build.0 = Release|Any CPU
		{4945D26F-9C6F-4B15-B32A-F65AA051F56E}.Release|Any CPU.Deploy.0 = Release|Any CPU
		{1E8149D3-1C13-407A-8A3E-D802E0F3651B}.Debug|Any CPU.ActiveCfg = Debug|Any CPU
		{1E8149D3-1C13-407A-8A3E-D802E0F3651B}.Debug|Any CPU.Build.0 = Debug|Any CPU
		{1E8149D3-1C13-407A-8A3E-D802E0F3651B}.Debug|Any CPU.Deploy.0 = Debug|Any CPU
		{1E8149D3-1C13-407A-8A3E-D802E0F3651B}.Release|Any CPU.ActiveCfg = Release|Any CPU
		{1E8149D3-1C13-407A-8A3E-D802E0F3651B}.Release|Any CPU.Build.0 = Release|Any CPU
		{1E8149D3-1C13-407A-8A3E-D802E0F3651B}.Release|Any CPU.Deploy.0 = Release|Any CPU
		{2788972A-B73B-4BD5-9C18-7A7560ADCF3E}.Debug|Any CPU.ActiveCfg = Debug|Any CPU
		{2788972A-B73B-4BD5-9C18-7A7560ADCF3E}.Debug|Any CPU.Build.0 = Debug|Any CPU
		{2788972A-B73B-4BD5-9C18-7A7560ADCF3E}.Debug|Any CPU.Deploy.0 = Debug|Any CPU
		{2788972A-B73B-4BD5-9C18-7A7560ADCF3E}.Release|Any CPU.ActiveCfg = Release|Any CPU
		{2788972A-B73B-4BD5-9C18-7A7560ADCF3E}.Release|Any CPU.Build.0 = Release|Any CPU
		{2788972A-B73B-4BD5-9C18-7A7560ADCF3E}.Release|Any CPU.Deploy.0 = Release|Any CPU
		{8BA808CF-E3BB-4727-9CBF-7B6FA44656F5}.Debug|Any CPU.ActiveCfg = Debug|Any CPU
		{8BA808CF-E3BB-4727-9CBF-7B6FA44656F5}.Debug|Any CPU.Build.0 = Debug|Any CPU
		{8BA808CF-E3BB-4727-9CBF-7B6FA44656F5}.Release|Any CPU.ActiveCfg = Release|Any CPU
		{8BA808CF-E3BB-4727-9CBF-7B6FA44656F5}.Release|Any CPU.Build.0 = Release|Any CPU
	EndGlobalSection
	GlobalSection(SolutionProperties) = preSolution
		HideSolutionNode = FALSE
	EndGlobalSection
EndGlobal
