
Microsoft Visual Studio Solution File, Format Version 12.00
# Visual Studio 14
VisualStudioVersion = 14.0.25420.1
MinimumVisualStudioVersion = 10.0.40219.1
Project("{FAE04EC0-301F-11D3-BF4B-00C04F79EFBC}") = "Visy.Middleware.SAP.BO.MeterDynamics.Schemas", "Visy.Middleware.SAP.BO.MeterDynamics.Schemas\Visy.Middleware.SAP.BO.MeterDynamics.Schemas.btproj", "{7773C343-23E8-43AA-88ED-E2304BCE1540}"
EndProject
Project("{FAE04EC0-301F-11D3-BF4B-00C04F79EFBC}") = "Visy.Middleware.SAP.BO.MeterDynamics.Maps", "Visy.Middleware.SAP.BO.MeterDynamics.Maps\Visy.Middleware.SAP.BO.MeterDynamics.Maps.btproj", "{D7B8D796-9436-477D-8677-73E0CA5CC6A5}"
EndProject
Project("{2150E333-8FDC-42A3-9474-1A3956D46DE8}") = "BindingInfo", "BindingInfo", "{81A454DA-231B-465F-839E-473228E3C5FA}"
	ProjectSection(SolutionItems) = preProject
		BindingInfo\SAP.BO.MeterDynamics.BindingInfo.Dev.xml = BindingInfo\SAP.BO.MeterDynamics.BindingInfo.Dev.xml
	EndProjectSection
EndProject
Project("{FAE04EC0-301F-11D3-BF4B-00C04F79EFBC}") = "Visy.Middleware.SAP.BO.MeterDynamics.PipelineComponents", "Visy.Middleware.SAP.BO.MeterDynamics.PipelineComponents\Visy.Middleware.SAP.BO.MeterDynamics.PipelineComponents.csproj", "{F410B1CB-4921-462E-9F89-39683DB789C4}"
EndProject
Project("{FAE04EC0-301F-11D3-BF4B-00C04F79EFBC}") = "Visy.Middleware.SAP.BO.MeterDynamics.Pipelines", "Visy.Middleware.SAP.BO.MeterDynamics.Pipelines\Visy.Middleware.SAP.BO.MeterDynamics.Pipelines.btproj", "{C5294CBE-2B45-4DC6-B556-21F69049D9FB}"
EndProject
Project("{FAE04EC0-301F-11D3-BF4B-00C04F79EFBC}") = "Visy.Middleware.SAP.BO.MeterDynamics.Orchs", "Visy.Middleware.SAP.BO.MeterDynamics.Orchs\Visy.Middleware.SAP.BO.MeterDynamics.Orchs.btproj", "{8F098387-441A-4407-9E86-AF7F6F6427ED}"
EndProject
Global
	GlobalSection(SolutionConfigurationPlatforms) = preSolution
		Debug|Any CPU = Debug|Any CPU
		Release|Any CPU = Release|Any CPU
	EndGlobalSection
	GlobalSection(ProjectConfigurationPlatforms) = postSolution
		{7773C343-23E8-43AA-88ED-E2304BCE1540}.Debug|Any CPU.ActiveCfg = Debug|Any CPU
		{7773C343-23E8-43AA-88ED-E2304BCE1540}.Debug|Any CPU.Build.0 = Debug|Any CPU
		{7773C343-23E8-43AA-88ED-E2304BCE1540}.Debug|Any CPU.Deploy.0 = Debug|Any CPU
		{7773C343-23E8-43AA-88ED-E2304BCE1540}.Release|Any CPU.ActiveCfg = Release|Any CPU
		{7773C343-23E8-43AA-88ED-E2304BCE1540}.Release|Any CPU.Build.0 = Release|Any CPU
		{7773C343-23E8-43AA-88ED-E2304BCE1540}.Release|Any CPU.Deploy.0 = Release|Any CPU
		{D7B8D796-9436-477D-8677-73E0CA5CC6A5}.Debug|Any CPU.ActiveCfg = Debug|Any CPU
		{D7B8D796-9436-477D-8677-73E0CA5CC6A5}.Debug|Any CPU.Build.0 = Debug|Any CPU
		{D7B8D796-9436-477D-8677-73E0CA5CC6A5}.Debug|Any CPU.Deploy.0 = Debug|Any CPU
		{D7B8D796-9436-477D-8677-73E0CA5CC6A5}.Release|Any CPU.ActiveCfg = Release|Any CPU
		{D7B8D796-9436-477D-8677-73E0CA5CC6A5}.Release|Any CPU.Build.0 = Release|Any CPU
		{D7B8D796-9436-477D-8677-73E0CA5CC6A5}.Release|Any CPU.Deploy.0 = Release|Any CPU
		{F410B1CB-4921-462E-9F89-39683DB789C4}.Debug|Any CPU.ActiveCfg = Debug|Any CPU
		{F410B1CB-4921-462E-9F89-39683DB789C4}.Debug|Any CPU.Build.0 = Debug|Any CPU
		{F410B1CB-4921-462E-9F89-39683DB789C4}.Release|Any CPU.ActiveCfg = Release|Any CPU
		{F410B1CB-4921-462E-9F89-39683DB789C4}.Release|Any CPU.Build.0 = Release|Any CPU
		{C5294CBE-2B45-4DC6-B556-21F69049D9FB}.Debug|Any CPU.ActiveCfg = Debug|Any CPU
		{C5294CBE-2B45-4DC6-B556-21F69049D9FB}.Debug|Any CPU.Build.0 = Debug|Any CPU
		{C5294CBE-2B45-4DC6-B556-21F69049D9FB}.Debug|Any CPU.Deploy.0 = Debug|Any CPU
		{C5294CBE-2B45-4DC6-B556-21F69049D9FB}.Release|Any CPU.ActiveCfg = Release|Any CPU
		{C5294CBE-2B45-4DC6-B556-21F69049D9FB}.Release|Any CPU.Build.0 = Release|Any CPU
		{C5294CBE-2B45-4DC6-B556-21F69049D9FB}.Release|Any CPU.Deploy.0 = Release|Any CPU
		{8F098387-441A-4407-9E86-AF7F6F6427ED}.Debug|Any CPU.ActiveCfg = Debug|Any CPU
		{8F098387-441A-4407-9E86-AF7F6F6427ED}.Debug|Any CPU.Build.0 = Debug|Any CPU
		{8F098387-441A-4407-9E86-AF7F6F6427ED}.Debug|Any CPU.Deploy.0 = Debug|Any CPU
		{8F098387-441A-4407-9E86-AF7F6F6427ED}.Release|Any CPU.ActiveCfg = Release|Any CPU
		{8F098387-441A-4407-9E86-AF7F6F6427ED}.Release|Any CPU.Build.0 = Release|Any CPU
		{8F098387-441A-4407-9E86-AF7F6F6427ED}.Release|Any CPU.Deploy.0 = Release|Any CPU
	EndGlobalSection
	GlobalSection(SolutionProperties) = preSolution
		HideSolutionNode = FALSE
	EndGlobalSection
EndGlobal
