
Microsoft Visual Studio Solution File, Format Version 12.00
# Visual Studio 14
VisualStudioVersion = 14.0.25420.1
MinimumVisualStudioVersion = 10.0.40219.1
Project("{FAE04EC0-301F-11D3-BF4B-00C04F79EFBC}") = "Visy.Middleware.LGX.Charter.Orchestrations", "Visy.Middleware.LGX.Charter.Orchestrations\Visy.Middleware.LGX.Charter.Orchestrations.btproj", "{A0C94C0A-C256-424F-84B8-31E9ECAFB07B}"
EndProject
Project("{FAE04EC0-301F-11D3-BF4B-00C04F79EFBC}") = "Visy.Middleware.LGX.Charter.Maps", "Visy.Middleware.LGX.Charter.Maps\Visy.Middleware.LGX.Charter.Maps.btproj", "{B1C3E129-FBBA-453A-BC13-CCB019A04588}"
EndProject
Project("{FAE04EC0-301F-11D3-BF4B-00C04F79EFBC}") = "Visy.Middleware.LGX.Charter.Pipelines", "Visy.Middleware.LGX.Charter.Pipelines\Visy.Middleware.LGX.Charter.Pipelines.btproj", "{AEBBA315-75E7-4999-BE18-24C0010FACEC}"
EndProject
Project("{2150E333-8FDC-42A3-9474-1A3956D46DE8}") = "BindingInfo", "BindingInfo", "{5ED418D3-FBCF-448C-9184-E0A7CA7A56E7}"
	ProjectSection(SolutionItems) = preProject
		BindingInfo\LGX.Charter.BindingInfo.Dev.xml = BindingInfo\LGX.Charter.BindingInfo.Dev.xml
		BindingInfo\LGX.Charter.BindingInfo.Prod.xml = BindingInfo\LGX.Charter.BindingInfo.Prod.xml
	EndProjectSection
EndProject
Global
	GlobalSection(SolutionConfigurationPlatforms) = preSolution
		Debug|Any CPU = Debug|Any CPU
		Release|Any CPU = Release|Any CPU
	EndGlobalSection
	GlobalSection(ProjectConfigurationPlatforms) = postSolution
		{A0C94C0A-C256-424F-84B8-31E9ECAFB07B}.Debug|Any CPU.ActiveCfg = Debug|Any CPU
		{A0C94C0A-C256-424F-84B8-31E9ECAFB07B}.Debug|Any CPU.Build.0 = Debug|Any CPU
		{A0C94C0A-C256-424F-84B8-31E9ECAFB07B}.Debug|Any CPU.Deploy.0 = Debug|Any CPU
		{A0C94C0A-C256-424F-84B8-31E9ECAFB07B}.Release|Any CPU.ActiveCfg = Release|Any CPU
		{A0C94C0A-C256-424F-84B8-31E9ECAFB07B}.Release|Any CPU.Build.0 = Release|Any CPU
		{A0C94C0A-C256-424F-84B8-31E9ECAFB07B}.Release|Any CPU.Deploy.0 = Release|Any CPU
		{B1C3E129-FBBA-453A-BC13-CCB019A04588}.Debug|Any CPU.ActiveCfg = Debug|Any CPU
		{B1C3E129-FBBA-453A-BC13-CCB019A04588}.Debug|Any CPU.Build.0 = Debug|Any CPU
		{B1C3E129-FBBA-453A-BC13-CCB019A04588}.Debug|Any CPU.Deploy.0 = Debug|Any CPU
		{B1C3E129-FBBA-453A-BC13-CCB019A04588}.Release|Any CPU.ActiveCfg = Release|Any CPU
		{B1C3E129-FBBA-453A-BC13-CCB019A04588}.Release|Any CPU.Build.0 = Release|Any CPU
		{B1C3E129-FBBA-453A-BC13-CCB019A04588}.Release|Any CPU.Deploy.0 = Release|Any CPU
		{AEBBA315-75E7-4999-BE18-24C0010FACEC}.Debug|Any CPU.ActiveCfg = Debug|Any CPU
		{AEBBA315-75E7-4999-BE18-24C0010FACEC}.Debug|Any CPU.Build.0 = Debug|Any CPU
		{AEBBA315-75E7-4999-BE18-24C0010FACEC}.Debug|Any CPU.Deploy.0 = Debug|Any CPU
		{AEBBA315-75E7-4999-BE18-24C0010FACEC}.Release|Any CPU.ActiveCfg = Release|Any CPU
		{AEBBA315-75E7-4999-BE18-24C0010FACEC}.Release|Any CPU.Build.0 = Release|Any CPU
		{AEBBA315-75E7-4999-BE18-24C0010FACEC}.Release|Any CPU.Deploy.0 = Release|Any CPU
	EndGlobalSection
	GlobalSection(SolutionProperties) = preSolution
		HideSolutionNode = FALSE
	EndGlobalSection
EndGlobal
